// !$*UTF8*$!
{
	archiveVersion = 1;
	classes = {
	};
	objectVersion = 56;
	objects = {

/* Begin PBXBuildFile section */
		42E84FFC2A13314F005D11FF /* IrohDebuggerApp.swift in Sources */ = {isa = PBXBuildFile; fileRef = 42E84FFB2A13314F005D11FF /* IrohDebuggerApp.swift */; };
		42E84FFE2A13314F005D11FF /* ContentView.swift in Sources */ = {isa = PBXBuildFile; fileRef = 42E84FFD2A13314F005D11FF /* ContentView.swift */; };
		42E850002A133150005D11FF /* Assets.xcassets in Resources */ = {isa = PBXBuildFile; fileRef = 42E84FFF2A133150005D11FF /* Assets.xcassets */; };
		42E850032A133150005D11FF /* Preview Assets.xcassets in Resources */ = {isa = PBXBuildFile; fileRef = 42E850022A133150005D11FF /* Preview Assets.xcassets */; };
		42E8500D2A133150005D11FF /* IrohDebuggerTests.swift in Sources */ = {isa = PBXBuildFile; fileRef = 42E8500C2A133150005D11FF /* IrohDebuggerTests.swift */; };
		42E850172A133150005D11FF /* IrohDebuggerUITests.swift in Sources */ = {isa = PBXBuildFile; fileRef = 42E850162A133150005D11FF /* IrohDebuggerUITests.swift */; };
		42E850192A133150005D11FF /* IrohDebuggerUITestsLaunchTests.swift in Sources */ = {isa = PBXBuildFile; fileRef = 42E850182A133150005D11FF /* IrohDebuggerUITestsLaunchTests.swift */; };
		42E8502D2A13CDB6005D11FF /* Iroh.framework in Frameworks */ = {isa = PBXBuildFile; fileRef = 42E8502C2A13CDB6005D11FF /* Iroh.framework */; };
/* End PBXBuildFile section */

/* Begin PBXContainerItemProxy section */
		42E850092A133150005D11FF /* PBXContainerItemProxy */ = {
			isa = PBXContainerItemProxy;
			containerPortal = 42E84FF02A13314F005D11FF /* Project object */;
			proxyType = 1;
			remoteGlobalIDString = 42E84FF72A13314F005D11FF;
			remoteInfo = IrohDebugger;
		};
		42E850132A133150005D11FF /* PBXContainerItemProxy */ = {
			isa = PBXContainerItemProxy;
			containerPortal = 42E84FF02A13314F005D11FF /* Project object */;
			proxyType = 1;
			remoteGlobalIDString = 42E84FF72A13314F005D11FF;
			remoteInfo = IrohDebugger;
		};
/* End PBXContainerItemProxy section */

/* Begin PBXFileReference section */
		42E84FF82A13314F005D11FF /* IrohDebugger.app */ = {isa = PBXFileReference; explicitFileType = wrapper.application; includeInIndex = 0; path = IrohDebugger.app; sourceTree = BUILT_PRODUCTS_DIR; };
		42E84FFB2A13314F005D11FF /* IrohDebuggerApp.swift */ = {isa = PBXFileReference; lastKnownFileType = sourcecode.swift; path = IrohDebuggerApp.swift; sourceTree = "<group>"; };
		42E84FFD2A13314F005D11FF /* ContentView.swift */ = {isa = PBXFileReference; lastKnownFileType = sourcecode.swift; path = ContentView.swift; sourceTree = "<group>"; };
		42E84FFF2A133150005D11FF /* Assets.xcassets */ = {isa = PBXFileReference; lastKnownFileType = folder.assetcatalog; path = Assets.xcassets; sourceTree = "<group>"; };
		42E850022A133150005D11FF /* Preview Assets.xcassets */ = {isa = PBXFileReference; lastKnownFileType = folder.assetcatalog; path = "Preview Assets.xcassets"; sourceTree = "<group>"; };
		42E850082A133150005D11FF /* IrohDebuggerTests.xctest */ = {isa = PBXFileReference; explicitFileType = wrapper.cfbundle; includeInIndex = 0; path = IrohDebuggerTests.xctest; sourceTree = BUILT_PRODUCTS_DIR; };
		42E8500C2A133150005D11FF /* IrohDebuggerTests.swift */ = {isa = PBXFileReference; lastKnownFileType = sourcecode.swift; path = IrohDebuggerTests.swift; sourceTree = "<group>"; };
		42E850122A133150005D11FF /* IrohDebuggerUITests.xctest */ = {isa = PBXFileReference; explicitFileType = wrapper.cfbundle; includeInIndex = 0; path = IrohDebuggerUITests.xctest; sourceTree = BUILT_PRODUCTS_DIR; };
		42E850162A133150005D11FF /* IrohDebuggerUITests.swift */ = {isa = PBXFileReference; lastKnownFileType = sourcecode.swift; path = IrohDebuggerUITests.swift; sourceTree = "<group>"; };
		42E850182A133150005D11FF /* IrohDebuggerUITestsLaunchTests.swift */ = {isa = PBXFileReference; lastKnownFileType = sourcecode.swift; path = IrohDebuggerUITestsLaunchTests.swift; sourceTree = "<group>"; };
		42E850262A1331B7005D11FF /* iroh.framework */ = {isa = PBXFileReference; explicitFileType = wrapper.framework; path = iroh.framework; sourceTree = BUILT_PRODUCTS_DIR; };
		42E850292A13C3A5005D11FF /* Iroh.framework */ = {isa = PBXFileReference; explicitFileType = wrapper.framework; path = Iroh.framework; sourceTree = BUILT_PRODUCTS_DIR; };
		42E8502C2A13CDB6005D11FF /* Iroh.framework */ = {isa = PBXFileReference; explicitFileType = wrapper.framework; path = Iroh.framework; sourceTree = BUILT_PRODUCTS_DIR; };
/* End PBXFileReference section */

/* Begin PBXFrameworksBuildPhase section */
		42E84FF52A13314F005D11FF /* Frameworks */ = {
			isa = PBXFrameworksBuildPhase;
			buildActionMask = 2147483647;
			files = (
				42E8502D2A13CDB6005D11FF /* Iroh.framework in Frameworks */,
			);
			runOnlyForDeploymentPostprocessing = 0;
		};
		42E850052A133150005D11FF /* Frameworks */ = {
			isa = PBXFrameworksBuildPhase;
			buildActionMask = 2147483647;
			files = (
			);
			runOnlyForDeploymentPostprocessing = 0;
		};
		42E8500F2A133150005D11FF /* Frameworks */ = {
			isa = PBXFrameworksBuildPhase;
			buildActionMask = 2147483647;
			files = (
			);
			runOnlyForDeploymentPostprocessing = 0;
		};
/* End PBXFrameworksBuildPhase section */

/* Begin PBXGroup section */
		42E84FEF2A13314F005D11FF = {
			isa = PBXGroup;
			children = (
				42E84FFA2A13314F005D11FF /* IrohDebugger */,
				42E8500B2A133150005D11FF /* IrohDebuggerTests */,
				42E850152A133150005D11FF /* IrohDebuggerUITests */,
				42E84FF92A13314F005D11FF /* Products */,
				42E850252A1331B6005D11FF /* Frameworks */,
			);
			sourceTree = "<group>";
		};
		42E84FF92A13314F005D11FF /* Products */ = {
			isa = PBXGroup;
			children = (
				42E84FF82A13314F005D11FF /* IrohDebugger.app */,
				42E850082A133150005D11FF /* IrohDebuggerTests.xctest */,
				42E850122A133150005D11FF /* IrohDebuggerUITests.xctest */,
			);
			name = Products;
			sourceTree = "<group>";
		};
		42E84FFA2A13314F005D11FF /* IrohDebugger */ = {
			isa = PBXGroup;
			children = (
				42E84FFB2A13314F005D11FF /* IrohDebuggerApp.swift */,
				42E84FFD2A13314F005D11FF /* ContentView.swift */,
				42E84FFF2A133150005D11FF /* Assets.xcassets */,
				42E850012A133150005D11FF /* Preview Content */,
			);
			path = IrohDebugger;
			sourceTree = "<group>";
		};
		42E850012A133150005D11FF /* Preview Content */ = {
			isa = PBXGroup;
			children = (
				42E850022A133150005D11FF /* Preview Assets.xcassets */,
			);
			path = "Preview Content";
			sourceTree = "<group>";
		};
		42E8500B2A133150005D11FF /* IrohDebuggerTests */ = {
			isa = PBXGroup;
			children = (
				42E8500C2A133150005D11FF /* IrohDebuggerTests.swift */,
			);
			path = IrohDebuggerTests;
			sourceTree = "<group>";
		};
		42E850152A133150005D11FF /* IrohDebuggerUITests */ = {
			isa = PBXGroup;
			children = (
				42E850162A133150005D11FF /* IrohDebuggerUITests.swift */,
				42E850182A133150005D11FF /* IrohDebuggerUITestsLaunchTests.swift */,
			);
			path = IrohDebuggerUITests;
			sourceTree = "<group>";
		};
		42E850252A1331B6005D11FF /* Frameworks */ = {
			isa = PBXGroup;
			children = (
				42E8502C2A13CDB6005D11FF /* Iroh.framework */,
				42E850292A13C3A5005D11FF /* Iroh.framework */,
				42E850262A1331B7005D11FF /* iroh.framework */,
			);
			name = Frameworks;
			sourceTree = "<group>";
		};
/* End PBXGroup section */

/* Begin PBXNativeTarget section */
		42E84FF72A13314F005D11FF /* IrohDebugger */ = {
			isa = PBXNativeTarget;
			buildConfigurationList = 42E8501C2A133150005D11FF /* Build configuration list for PBXNativeTarget "IrohDebugger" */;
			buildPhases = (
				42E84FF42A13314F005D11FF /* Sources */,
				42E84FF52A13314F005D11FF /* Frameworks */,
				42E84FF62A13314F005D11FF /* Resources */,
			);
			buildRules = (
			);
			dependencies = (
			);
			name = IrohDebugger;
			productName = IrohDebugger;
			productReference = 42E84FF82A13314F005D11FF /* IrohDebugger.app */;
			productType = "com.apple.product-type.application";
		};
		42E850072A133150005D11FF /* IrohDebuggerTests */ = {
			isa = PBXNativeTarget;
			buildConfigurationList = 42E8501F2A133150005D11FF /* Build configuration list for PBXNativeTarget "IrohDebuggerTests" */;
			buildPhases = (
				42E850042A133150005D11FF /* Sources */,
				42E850052A133150005D11FF /* Frameworks */,
				42E850062A133150005D11FF /* Resources */,
			);
			buildRules = (
			);
			dependencies = (
				42E8500A2A133150005D11FF /* PBXTargetDependency */,
			);
			name = IrohDebuggerTests;
			productName = IrohDebuggerTests;
			productReference = 42E850082A133150005D11FF /* IrohDebuggerTests.xctest */;
			productType = "com.apple.product-type.bundle.unit-test";
		};
		42E850112A133150005D11FF /* IrohDebuggerUITests */ = {
			isa = PBXNativeTarget;
			buildConfigurationList = 42E850222A133150005D11FF /* Build configuration list for PBXNativeTarget "IrohDebuggerUITests" */;
			buildPhases = (
				42E8500E2A133150005D11FF /* Sources */,
				42E8500F2A133150005D11FF /* Frameworks */,
				42E850102A133150005D11FF /* Resources */,
			);
			buildRules = (
			);
			dependencies = (
				42E850142A133150005D11FF /* PBXTargetDependency */,
			);
			name = IrohDebuggerUITests;
			productName = IrohDebuggerUITests;
			productReference = 42E850122A133150005D11FF /* IrohDebuggerUITests.xctest */;
			productType = "com.apple.product-type.bundle.ui-testing";
		};
/* End PBXNativeTarget section */

/* Begin PBXProject section */
		42E84FF02A13314F005D11FF /* Project object */ = {
			isa = PBXProject;
			attributes = {
				BuildIndependentTargetsInParallel = 1;
				LastSwiftUpdateCheck = 1430;
				LastUpgradeCheck = 1430;
				TargetAttributes = {
					42E84FF72A13314F005D11FF = {
						CreatedOnToolsVersion = 14.3;
					};
					42E850072A133150005D11FF = {
						CreatedOnToolsVersion = 14.3;
						TestTargetID = 42E84FF72A13314F005D11FF;
					};
					42E850112A133150005D11FF = {
						CreatedOnToolsVersion = 14.3;
						TestTargetID = 42E84FF72A13314F005D11FF;
					};
				};
			};
			buildConfigurationList = 42E84FF32A13314F005D11FF /* Build configuration list for PBXProject "IrohDebugger" */;
			compatibilityVersion = "Xcode 14.0";
			developmentRegion = en;
			hasScannedForEncodings = 0;
			knownRegions = (
				en,
				Base,
			);
			mainGroup = 42E84FEF2A13314F005D11FF;
			productRefGroup = 42E84FF92A13314F005D11FF /* Products */;
			projectDirPath = "";
			projectRoot = "";
			targets = (
				42E84FF72A13314F005D11FF /* IrohDebugger */,
				42E850072A133150005D11FF /* IrohDebuggerTests */,
				42E850112A133150005D11FF /* IrohDebuggerUITests */,
			);
		};
/* End PBXProject section */

/* Begin PBXResourcesBuildPhase section */
		42E84FF62A13314F005D11FF /* Resources */ = {
			isa = PBXResourcesBuildPhase;
			buildActionMask = 2147483647;
			files = (
				42E850032A133150005D11FF /* Preview Assets.xcassets in Resources */,
				42E850002A133150005D11FF /* Assets.xcassets in Resources */,
			);
			runOnlyForDeploymentPostprocessing = 0;
		};
		42E850062A133150005D11FF /* Resources */ = {
			isa = PBXResourcesBuildPhase;
			buildActionMask = 2147483647;
			files = (
			);
			runOnlyForDeploymentPostprocessing = 0;
		};
		42E850102A133150005D11FF /* Resources */ = {
			isa = PBXResourcesBuildPhase;
			buildActionMask = 2147483647;
			files = (
			);
			runOnlyForDeploymentPostprocessing = 0;
		};
/* End PBXResourcesBuildPhase section */

/* Begin PBXSourcesBuildPhase section */
		42E84FF42A13314F005D11FF /* Sources */ = {
			isa = PBXSourcesBuildPhase;
			buildActionMask = 2147483647;
			files = (
				42E84FFE2A13314F005D11FF /* ContentView.swift in Sources */,
				42E84FFC2A13314F005D11FF /* IrohDebuggerApp.swift in Sources */,
			);
			runOnlyForDeploymentPostprocessing = 0;
		};
		42E850042A133150005D11FF /* Sources */ = {
			isa = PBXSourcesBuildPhase;
			buildActionMask = 2147483647;
			files = (
				42E8500D2A133150005D11FF /* IrohDebuggerTests.swift in Sources */,
			);
			runOnlyForDeploymentPostprocessing = 0;
		};
		42E8500E2A133150005D11FF /* Sources */ = {
			isa = PBXSourcesBuildPhase;
			buildActionMask = 2147483647;
			files = (
				42E850172A133150005D11FF /* IrohDebuggerUITests.swift in Sources */,
				42E850192A133150005D11FF /* IrohDebuggerUITestsLaunchTests.swift in Sources */,
			);
			runOnlyForDeploymentPostprocessing = 0;
		};
/* End PBXSourcesBuildPhase section */

/* Begin PBXTargetDependency section */
		42E8500A2A133150005D11FF /* PBXTargetDependency */ = {
			isa = PBXTargetDependency;
			target = 42E84FF72A13314F005D11FF /* IrohDebugger */;
			targetProxy = 42E850092A133150005D11FF /* PBXContainerItemProxy */;
		};
		42E850142A133150005D11FF /* PBXTargetDependency */ = {
			isa = PBXTargetDependency;
			target = 42E84FF72A13314F005D11FF /* IrohDebugger */;
			targetProxy = 42E850132A133150005D11FF /* PBXContainerItemProxy */;
		};
/* End PBXTargetDependency section */

/* Begin XCBuildConfiguration section */
		42E8501A2A133150005D11FF /* Debug */ = {
			isa = XCBuildConfiguration;
			buildSettings = {
				ALWAYS_SEARCH_USER_PATHS = NO;
				CLANG_ANALYZER_NONNULL = YES;
				CLANG_ANALYZER_NUMBER_OBJECT_CONVERSION = YES_AGGRESSIVE;
				CLANG_CXX_LANGUAGE_STANDARD = "gnu++20";
				CLANG_ENABLE_MODULES = YES;
				CLANG_ENABLE_OBJC_ARC = YES;
				CLANG_ENABLE_OBJC_WEAK = YES;
				CLANG_WARN_BLOCK_CAPTURE_AUTORELEASING = YES;
				CLANG_WARN_BOOL_CONVERSION = YES;
				CLANG_WARN_COMMA = YES;
				CLANG_WARN_CONSTANT_CONVERSION = YES;
				CLANG_WARN_DEPRECATED_OBJC_IMPLEMENTATIONS = YES;
				CLANG_WARN_DIRECT_OBJC_ISA_USAGE = YES_ERROR;
				CLANG_WARN_DOCUMENTATION_COMMENTS = YES;
				CLANG_WARN_EMPTY_BODY = YES;
				CLANG_WARN_ENUM_CONVERSION = YES;
				CLANG_WARN_INFINITE_RECURSION = YES;
				CLANG_WARN_INT_CONVERSION = YES;
				CLANG_WARN_NON_LITERAL_NULL_CONVERSION = YES;
				CLANG_WARN_OBJC_IMPLICIT_RETAIN_SELF = YES;
				CLANG_WARN_OBJC_LITERAL_CONVERSION = YES;
				CLANG_WARN_OBJC_ROOT_CLASS = YES_ERROR;
				CLANG_WARN_QUOTED_INCLUDE_IN_FRAMEWORK_HEADER = YES;
				CLANG_WARN_RANGE_LOOP_ANALYSIS = YES;
				CLANG_WARN_STRICT_PROTOTYPES = YES;
				CLANG_WARN_SUSPICIOUS_MOVE = YES;
				CLANG_WARN_UNGUARDED_AVAILABILITY = YES_AGGRESSIVE;
				CLANG_WARN_UNREACHABLE_CODE = YES;
				CLANG_WARN__DUPLICATE_METHOD_MATCH = YES;
				COPY_PHASE_STRIP = NO;
				DEBUG_INFORMATION_FORMAT = dwarf;
				ENABLE_STRICT_OBJC_MSGSEND = YES;
				ENABLE_TESTABILITY = YES;
				GCC_C_LANGUAGE_STANDARD = gnu11;
				GCC_DYNAMIC_NO_PIC = NO;
				GCC_NO_COMMON_BLOCKS = YES;
				GCC_OPTIMIZATION_LEVEL = 0;
				GCC_PREPROCESSOR_DEFINITIONS = (
					"DEBUG=1",
					"$(inherited)",
				);
				GCC_WARN_64_TO_32_BIT_CONVERSION = YES;
				GCC_WARN_ABOUT_RETURN_TYPE = YES_ERROR;
				GCC_WARN_UNDECLARED_SELECTOR = YES;
				GCC_WARN_UNINITIALIZED_AUTOS = YES_AGGRESSIVE;
				GCC_WARN_UNUSED_FUNCTION = YES;
				GCC_WARN_UNUSED_VARIABLE = YES;
				IPHONEOS_DEPLOYMENT_TARGET = 16.4;
				MTL_ENABLE_DEBUG_INFO = INCLUDE_SOURCE;
				MTL_FAST_MATH = YES;
				ONLY_ACTIVE_ARCH = YES;
				SDKROOT = iphoneos;
				SWIFT_ACTIVE_COMPILATION_CONDITIONS = DEBUG;
				SWIFT_OPTIMIZATION_LEVEL = "-Onone";
			};
			name = Debug;
		};
		42E8501B2A133150005D11FF /* Release */ = {
			isa = XCBuildConfiguration;
			buildSettings = {
				ALWAYS_SEARCH_USER_PATHS = NO;
				CLANG_ANALYZER_NONNULL = YES;
				CLANG_ANALYZER_NUMBER_OBJECT_CONVERSION = YES_AGGRESSIVE;
				CLANG_CXX_LANGUAGE_STANDARD = "gnu++20";
				CLANG_ENABLE_MODULES = YES;
				CLANG_ENABLE_OBJC_ARC = YES;
				CLANG_ENABLE_OBJC_WEAK = YES;
				CLANG_WARN_BLOCK_CAPTURE_AUTORELEASING = YES;
				CLANG_WARN_BOOL_CONVERSION = YES;
				CLANG_WARN_COMMA = YES;
				CLANG_WARN_CONSTANT_CONVERSION = YES;
				CLANG_WARN_DEPRECATED_OBJC_IMPLEMENTATIONS = YES;
				CLANG_WARN_DIRECT_OBJC_ISA_USAGE = YES_ERROR;
				CLANG_WARN_DOCUMENTATION_COMMENTS = YES;
				CLANG_WARN_EMPTY_BODY = YES;
				CLANG_WARN_ENUM_CONVERSION = YES;
				CLANG_WARN_INFINITE_RECURSION = YES;
				CLANG_WARN_INT_CONVERSION = YES;
				CLANG_WARN_NON_LITERAL_NULL_CONVERSION = YES;
				CLANG_WARN_OBJC_IMPLICIT_RETAIN_SELF = YES;
				CLANG_WARN_OBJC_LITERAL_CONVERSION = YES;
				CLANG_WARN_OBJC_ROOT_CLASS = YES_ERROR;
				CLANG_WARN_QUOTED_INCLUDE_IN_FRAMEWORK_HEADER = YES;
				CLANG_WARN_RANGE_LOOP_ANALYSIS = YES;
				CLANG_WARN_STRICT_PROTOTYPES = YES;
				CLANG_WARN_SUSPICIOUS_MOVE = YES;
				CLANG_WARN_UNGUARDED_AVAILABILITY = YES_AGGRESSIVE;
				CLANG_WARN_UNREACHABLE_CODE = YES;
				CLANG_WARN__DUPLICATE_METHOD_MATCH = YES;
				COPY_PHASE_STRIP = NO;
				DEBUG_INFORMATION_FORMAT = "dwarf-with-dsym";
				ENABLE_NS_ASSERTIONS = NO;
				ENABLE_STRICT_OBJC_MSGSEND = YES;
				GCC_C_LANGUAGE_STANDARD = gnu11;
				GCC_NO_COMMON_BLOCKS = YES;
				GCC_WARN_64_TO_32_BIT_CONVERSION = YES;
				GCC_WARN_ABOUT_RETURN_TYPE = YES_ERROR;
				GCC_WARN_UNDECLARED_SELECTOR = YES;
				GCC_WARN_UNINITIALIZED_AUTOS = YES_AGGRESSIVE;
				GCC_WARN_UNUSED_FUNCTION = YES;
				GCC_WARN_UNUSED_VARIABLE = YES;
				IPHONEOS_DEPLOYMENT_TARGET = 16.4;
				MTL_ENABLE_DEBUG_INFO = NO;
				MTL_FAST_MATH = YES;
				SDKROOT = iphoneos;
				SWIFT_COMPILATION_MODE = wholemodule;
				SWIFT_OPTIMIZATION_LEVEL = "-O";
				VALIDATE_PRODUCT = YES;
			};
			name = Release;
		};
		42E8501D2A133150005D11FF /* Debug */ = {
			isa = XCBuildConfiguration;
			buildSettings = {
				ASSETCATALOG_COMPILER_APPICON_NAME = AppIcon;
				ASSETCATALOG_COMPILER_GLOBAL_ACCENT_COLOR_NAME = AccentColor;
				CODE_SIGN_STYLE = Automatic;
				CURRENT_PROJECT_VERSION = 1;
				DEVELOPMENT_ASSET_PATHS = "\"IrohDebugger/Preview Content\"";
				DEVELOPMENT_TEAM = 5A7G78D7YK;
				ENABLE_PREVIEWS = YES;
				GENERATE_INFOPLIST_FILE = YES;
				INFOPLIST_KEY_UIApplicationSceneManifest_Generation = YES;
				INFOPLIST_KEY_UIApplicationSupportsIndirectInputEvents = YES;
				INFOPLIST_KEY_UILaunchScreen_Generation = YES;
				INFOPLIST_KEY_UISupportedInterfaceOrientations_iPad = "UIInterfaceOrientationPortrait UIInterfaceOrientationPortraitUpsideDown UIInterfaceOrientationLandscapeLeft UIInterfaceOrientationLandscapeRight";
				INFOPLIST_KEY_UISupportedInterfaceOrientations_iPhone = "UIInterfaceOrientationPortrait UIInterfaceOrientationLandscapeLeft UIInterfaceOrientationLandscapeRight";
				LD_RUNPATH_SEARCH_PATHS = (
					"$(inherited)",
					"@executable_path/Frameworks",
				);
				MARKETING_VERSION = 1.0;
				PRODUCT_BUNDLE_IDENTIFIER = computer.iroh.IrohDebugger;
				PRODUCT_NAME = "$(TARGET_NAME)";
				SWIFT_EMIT_LOC_STRINGS = YES;
				SWIFT_VERSION = 5.0;
				TARGETED_DEVICE_FAMILY = "1,2";
			};
			name = Debug;
		};
		42E8501E2A133150005D11FF /* Release */ = {
			isa = XCBuildConfiguration;
			buildSettings = {
				ASSETCATALOG_COMPILER_APPICON_NAME = AppIcon;
				ASSETCATALOG_COMPILER_GLOBAL_ACCENT_COLOR_NAME = AccentColor;
				CODE_SIGN_STYLE = Automatic;
				CURRENT_PROJECT_VERSION = 1;
				DEVELOPMENT_ASSET_PATHS = "\"IrohDebugger/Preview Content\"";
				DEVELOPMENT_TEAM = 5A7G78D7YK;
				ENABLE_PREVIEWS = YES;
				GENERATE_INFOPLIST_FILE = YES;
				INFOPLIST_KEY_UIApplicationSceneManifest_Generation = YES;
				INFOPLIST_KEY_UIApplicationSupportsIndirectInputEvents = YES;
				INFOPLIST_KEY_UILaunchScreen_Generation = YES;
				INFOPLIST_KEY_UISupportedInterfaceOrientations_iPad = "UIInterfaceOrientationPortrait UIInterfaceOrientationPortraitUpsideDown UIInterfaceOrientationLandscapeLeft UIInterfaceOrientationLandscapeRight";
				INFOPLIST_KEY_UISupportedInterfaceOrientations_iPhone = "UIInterfaceOrientationPortrait UIInterfaceOrientationLandscapeLeft UIInterfaceOrientationLandscapeRight";
				LD_RUNPATH_SEARCH_PATHS = (
					"$(inherited)",
					"@executable_path/Frameworks",
				);
				MARKETING_VERSION = 1.0;
				PRODUCT_BUNDLE_IDENTIFIER = computer.iroh.IrohDebugger;
				PRODUCT_NAME = "$(TARGET_NAME)";
				SWIFT_EMIT_LOC_STRINGS = YES;
				SWIFT_VERSION = 5.0;
				TARGETED_DEVICE_FAMILY = "1,2";
			};
			name = Release;
		};
		42E850202A133150005D11FF /* Debug */ = {
			isa = XCBuildConfiguration;
			buildSettings = {
				ALWAYS_EMBED_SWIFT_STANDARD_LIBRARIES = YES;
				BUNDLE_LOADER = "$(TEST_HOST)";
				CODE_SIGN_STYLE = Automatic;
				CURRENT_PROJECT_VERSION = 1;
				DEVELOPMENT_TEAM = 5A7G78D7YK;
				GENERATE_INFOPLIST_FILE = YES;
				IPHONEOS_DEPLOYMENT_TARGET = 16.4;
				MARKETING_VERSION = 1.0;
				PRODUCT_BUNDLE_IDENTIFIER = computer.iroh.IrohDebuggerTests;
				PRODUCT_NAME = "$(TARGET_NAME)";
				SWIFT_EMIT_LOC_STRINGS = NO;
				SWIFT_VERSION = 5.0;
				TARGETED_DEVICE_FAMILY = "1,2";
				TEST_HOST = "$(BUILT_PRODUCTS_DIR)/IrohDebugger.app/$(BUNDLE_EXECUTABLE_FOLDER_PATH)/IrohDebugger";
			};
			name = Debug;
		};
		42E850212A133150005D11FF /* Release */ = {
			isa = XCBuildConfiguration;
			buildSettings = {
				ALWAYS_EMBED_SWIFT_STANDARD_LIBRARIES = YES;
				BUNDLE_LOADER = "$(TEST_HOST)";
				CODE_SIGN_STYLE = Automatic;
				CURRENT_PROJECT_VERSION = 1;
				DEVELOPMENT_TEAM = 5A7G78D7YK;
				GENERATE_INFOPLIST_FILE = YES;
				IPHONEOS_DEPLOYMENT_TARGET = 16.4;
				MARKETING_VERSION = 1.0;
				PRODUCT_BUNDLE_IDENTIFIER = computer.iroh.IrohDebuggerTests;
				PRODUCT_NAME = "$(TARGET_NAME)";
				SWIFT_EMIT_LOC_STRINGS = NO;
				SWIFT_VERSION = 5.0;
				TARGETED_DEVICE_FAMILY = "1,2";
				TEST_HOST = "$(BUILT_PRODUCTS_DIR)/IrohDebugger.app/$(BUNDLE_EXECUTABLE_FOLDER_PATH)/IrohDebugger";
			};
			name = Release;
		};
		42E850232A133150005D11FF /* Debug */ = {
			isa = XCBuildConfiguration;
			buildSettings = {
				ALWAYS_EMBED_SWIFT_STANDARD_LIBRARIES = YES;
				CODE_SIGN_STYLE = Automatic;
				CURRENT_PROJECT_VERSION = 1;
				DEVELOPMENT_TEAM = 5A7G78D7YK;
				GENERATE_INFOPLIST_FILE = YES;
				MARKETING_VERSION = 1.0;
				PRODUCT_BUNDLE_IDENTIFIER = computer.iroh.IrohDebuggerUITests;
				PRODUCT_NAME = "$(TARGET_NAME)";
				SWIFT_EMIT_LOC_STRINGS = NO;
				SWIFT_VERSION = 5.0;
				TARGETED_DEVICE_FAMILY = "1,2";
				TEST_TARGET_NAME = IrohDebugger;
			};
			name = Debug;
		};
		42E850242A133150005D11FF /* Release */ = {
			isa = XCBuildConfiguration;
			buildSettings = {
				ALWAYS_EMBED_SWIFT_STANDARD_LIBRARIES = YES;
				CODE_SIGN_STYLE = Automatic;
				CURRENT_PROJECT_VERSION = 1;
				DEVELOPMENT_TEAM = 5A7G78D7YK;
				GENERATE_INFOPLIST_FILE = YES;
				MARKETING_VERSION = 1.0;
				PRODUCT_BUNDLE_IDENTIFIER = computer.iroh.IrohDebuggerUITests;
				PRODUCT_NAME = "$(TARGET_NAME)";
				SWIFT_EMIT_LOC_STRINGS = NO;
				SWIFT_VERSION = 5.0;
				TARGETED_DEVICE_FAMILY = "1,2";
				TEST_TARGET_NAME = IrohDebugger;
			};
			name = Release;
		};
/* End XCBuildConfiguration section */

/* Begin XCConfigurationList section */
		42E84FF32A13314F005D11FF /* Build configuration list for PBXProject "IrohDebugger" */ = {
			isa = XCConfigurationList;
			buildConfigurations = (
				42E8501A2A133150005D11FF /* Debug */,
				42E8501B2A133150005D11FF /* Release */,
			);
			defaultConfigurationIsVisible = 0;
			defaultConfigurationName = Release;
		};
		42E8501C2A133150005D11FF /* Build configuration list for PBXNativeTarget "IrohDebugger" */ = {
			isa = XCConfigurationList;
			buildConfigurations = (
				42E8501D2A133150005D11FF /* Debug */,
				42E8501E2A133150005D11FF /* Release */,
			);
			defaultConfigurationIsVisible = 0;
			defaultConfigurationName = Release;
		};
		42E8501F2A133150005D11FF /* Build configuration list for PBXNativeTarget "IrohDebuggerTests" */ = {
			isa = XCConfigurationList;
			buildConfigurations = (
				42E850202A133150005D11FF /* Debug */,
				42E850212A133150005D11FF /* Release */,
			);
			defaultConfigurationIsVisible = 0;
			defaultConfigurationName = Release;
		};
		42E850222A133150005D11FF /* Build configuration list for PBXNativeTarget "IrohDebuggerUITests" */ = {
			isa = XCConfigurationList;
			buildConfigurations = (
				42E850232A133150005D11FF /* Debug */,
				42E850242A133150005D11FF /* Release */,
			);
			defaultConfigurationIsVisible = 0;
			defaultConfigurationName = Release;
		};
/* End XCConfigurationList section */
	};
	rootObject = 42E84FF02A13314F005D11FF /* Project object */;
}
