# This file is generated by running "yarn install" inside your project.
# Manual changes might be lost - proceed with caution!

__metadata:
  version: 8
  cacheKey: 10c0

"@emnapi/core@npm:^1.4.3":
  version: 1.4.3
  resolution: "@emnapi/core@npm:1.4.3"
  dependencies:
    "@emnapi/wasi-threads": "npm:1.0.2"
    tslib: "npm:^2.4.0"
  checksum: 10c0/e30101d16d37ef3283538a35cad60e22095aff2403fb9226a35330b932eb6740b81364d525537a94eb4fb51355e48ae9b10d779c0dd1cdcd55d71461fe4b45c7
  languageName: node
  linkType: hard

"@emnapi/runtime@npm:^1.4.3":
  version: 1.4.3
  resolution: "@emnapi/runtime@npm:1.4.3"
  dependencies:
    tslib: "npm:^2.4.0"
  checksum: 10c0/3b7ab72d21cb4e034f07df80165265f85f445ef3f581d1bc87b67e5239428baa00200b68a7d5e37a0425c3a78320b541b07f76c5530f6f6f95336a6294ebf30b
  languageName: node
  linkType: hard

"@emnapi/wasi-threads@npm:1.0.2":
  version: 1.0.2
  resolution: "@emnapi/wasi-threads@npm:1.0.2"
  dependencies:
    tslib: "npm:^2.4.0"
  checksum: 10c0/f0621b1fc715221bd2d8332c0ca922617bcd77cdb3050eae50a124eb8923c54fa425d23982dc8f29d505c8798a62d1049bace8b0686098ff9dd82270e06d772e
  languageName: node
  linkType: hard

"@inquirer/checkbox@npm:^4.1.6":
  version: 4.1.6
  resolution: "@inquirer/checkbox@npm:4.1.6"
  dependencies:
    "@inquirer/core": "npm:^10.1.11"
    "@inquirer/figures": "npm:^1.0.11"
    "@inquirer/type": "npm:^3.0.6"
    ansi-escapes: "npm:^4.3.2"
    yoctocolors-cjs: "npm:^2.1.2"
  peerDependencies:
    "@types/node": ">=18"
  peerDependenciesMeta:
    "@types/node":
      optional: true
  checksum: 10c0/422d0b2ddf625b55ed3f5f72b094d7a26eecc810c50fdea3f395b88c32e07d43ad2a8b718319a9cb00fa637108665845b106f100020e6797a687c510a9211e96
  languageName: node
  linkType: hard

"@inquirer/confirm@npm:^5.1.10":
  version: 5.1.10
  resolution: "@inquirer/confirm@npm:5.1.10"
  dependencies:
    "@inquirer/core": "npm:^10.1.11"
    "@inquirer/type": "npm:^3.0.6"
  peerDependencies:
    "@types/node": ">=18"
  peerDependenciesMeta:
    "@types/node":
      optional: true
  checksum: 10c0/71a1b1c1007b0edd06984c356a9e13764ca917bdbf947a59ce0f55084d36e653daffe56b3806fc9959337aae80ff7b37eeaf01a40746e5f60de86475fdf0502a
  languageName: node
  linkType: hard

"@inquirer/core@npm:^10.1.11":
  version: 10.1.11
  resolution: "@inquirer/core@npm:10.1.11"
  dependencies:
    "@inquirer/figures": "npm:^1.0.11"
    "@inquirer/type": "npm:^3.0.6"
    ansi-escapes: "npm:^4.3.2"
    cli-width: "npm:^4.1.0"
    mute-stream: "npm:^2.0.0"
    signal-exit: "npm:^4.1.0"
    wrap-ansi: "npm:^6.2.0"
    yoctocolors-cjs: "npm:^2.1.2"
  peerDependencies:
    "@types/node": ">=18"
  peerDependenciesMeta:
    "@types/node":
      optional: true
  checksum: 10c0/b71a71d527cf612b675a7b8db815ace31ba9db2df3bf00f4a1c1f4f396e9fb9ba32f4824e26a626191c5c50aaa4b53ed14b4c324714876f345fe630ca2d9432f
  languageName: node
  linkType: hard

"@inquirer/editor@npm:^4.2.11":
  version: 4.2.11
  resolution: "@inquirer/editor@npm:4.2.11"
  dependencies:
    "@inquirer/core": "npm:^10.1.11"
    "@inquirer/type": "npm:^3.0.6"
    external-editor: "npm:^3.1.0"
  peerDependencies:
    "@types/node": ">=18"
  peerDependenciesMeta:
    "@types/node":
      optional: true
  checksum: 10c0/5ba956b83e51223112bb896ebf7e39a87a14f0eb81a49e0453e64aabed80533483f74da80a8855b4adced123a2758cc6c73dac9aa9e4d5a7d80c4eb9b70db935
  languageName: node
  linkType: hard

"@inquirer/expand@npm:^4.0.13":
  version: 4.0.13
  resolution: "@inquirer/expand@npm:4.0.13"
  dependencies:
    "@inquirer/core": "npm:^10.1.11"
    "@inquirer/type": "npm:^3.0.6"
    yoctocolors-cjs: "npm:^2.1.2"
  peerDependencies:
    "@types/node": ">=18"
  peerDependenciesMeta:
    "@types/node":
      optional: true
  checksum: 10c0/b08ce6f7f5d61ce2d4696d18beb3769ab6be31bb139d806497304669d478393d28a91b69a0596e045f6b8a0f83f1da08e1b34a33ca71b23e78d60d32ddc103a6
  languageName: node
  linkType: hard

"@inquirer/figures@npm:^1.0.11":
  version: 1.0.11
  resolution: "@inquirer/figures@npm:1.0.11"
  checksum: 10c0/6270e24eebbe42bbc4e7f8e761e906be66b4896787f31ab3e7484ad271c8edc90bce4ec20e232a5da447aee4fc73803397b2dda8cf645f4f7eea83e773b44e1e
  languageName: node
  linkType: hard

"@inquirer/input@npm:^4.1.10":
  version: 4.1.10
  resolution: "@inquirer/input@npm:4.1.10"
  dependencies:
    "@inquirer/core": "npm:^10.1.11"
    "@inquirer/type": "npm:^3.0.6"
  peerDependencies:
    "@types/node": ">=18"
  peerDependenciesMeta:
    "@types/node":
      optional: true
  checksum: 10c0/75f42ff1a55324d23be6aadb6ad323447c89e9265ce3be069c4c7d10c8ce0520797b52d19eba2334406d29abcc4052309a48a13f021a4d4269e961533d183c81
  languageName: node
  linkType: hard

"@inquirer/number@npm:^3.0.13":
  version: 3.0.13
  resolution: "@inquirer/number@npm:3.0.13"
  dependencies:
    "@inquirer/core": "npm:^10.1.11"
    "@inquirer/type": "npm:^3.0.6"
  peerDependencies:
    "@types/node": ">=18"
  peerDependenciesMeta:
    "@types/node":
      optional: true
  checksum: 10c0/9f0b7a3b3d78e426fbe21c739f318e0ecaa7633ed1b75bb05590c3d74ae447c92413e5c10bcdf1c6ff62e48d14cd01f7fbd29a2ade33fdb633caec8b21d61185
  languageName: node
  linkType: hard

"@inquirer/password@npm:^4.0.13":
  version: 4.0.13
  resolution: "@inquirer/password@npm:4.0.13"
  dependencies:
    "@inquirer/core": "npm:^10.1.11"
    "@inquirer/type": "npm:^3.0.6"
    ansi-escapes: "npm:^4.3.2"
  peerDependencies:
    "@types/node": ">=18"
  peerDependenciesMeta:
    "@types/node":
      optional: true
  checksum: 10c0/dfac1a87418bc51185b0932f6561fc5cf77134afacc9914b94b10d7fc19510e2a7449943ff71b2cdfe06a281ee26aaa565024520d6edf805e751f2543a13e60c
  languageName: node
  linkType: hard

"@inquirer/prompts@npm:^7.4.0":
  version: 7.5.1
  resolution: "@inquirer/prompts@npm:7.5.1"
  dependencies:
    "@inquirer/checkbox": "npm:^4.1.6"
    "@inquirer/confirm": "npm:^5.1.10"
    "@inquirer/editor": "npm:^4.2.11"
    "@inquirer/expand": "npm:^4.0.13"
    "@inquirer/input": "npm:^4.1.10"
    "@inquirer/number": "npm:^3.0.13"
    "@inquirer/password": "npm:^4.0.13"
    "@inquirer/rawlist": "npm:^4.1.1"
    "@inquirer/search": "npm:^3.0.13"
    "@inquirer/select": "npm:^4.2.1"
  peerDependencies:
    "@types/node": ">=18"
  peerDependenciesMeta:
    "@types/node":
      optional: true
  checksum: 10c0/7f9cf44e1caff3eb61939f8abc9906acfec0d955c25e860212dc9e0e7bd6b9fb046415731e2407eb8a0745d282bb73c03587481090720255c4b828d85b830a08
  languageName: node
  linkType: hard

"@inquirer/rawlist@npm:^4.1.1":
  version: 4.1.1
  resolution: "@inquirer/rawlist@npm:4.1.1"
  dependencies:
    "@inquirer/core": "npm:^10.1.11"
    "@inquirer/type": "npm:^3.0.6"
    yoctocolors-cjs: "npm:^2.1.2"
  peerDependencies:
    "@types/node": ">=18"
  peerDependenciesMeta:
    "@types/node":
      optional: true
  checksum: 10c0/14d14650afade03d25c818c7fac70f06ed9e1a58e2c8b966e70b6f55fdef7edd24bde1b25eecc927f82ae167d48c2bfacb1d53386cb988dff174f6b3a7ee4955
  languageName: node
  linkType: hard

"@inquirer/search@npm:^3.0.13":
  version: 3.0.13
  resolution: "@inquirer/search@npm:3.0.13"
  dependencies:
    "@inquirer/core": "npm:^10.1.11"
    "@inquirer/figures": "npm:^1.0.11"
    "@inquirer/type": "npm:^3.0.6"
    yoctocolors-cjs: "npm:^2.1.2"
  peerDependencies:
    "@types/node": ">=18"
  peerDependenciesMeta:
    "@types/node":
      optional: true
  checksum: 10c0/1d57ead9d1f977671ef1726862f82a8690b870a159aa5e4292447b50fb59ca3d9958227d583edc074884d304774bbc92954aada4bb8634dfad638b5e5ae4c446
  languageName: node
  linkType: hard

"@inquirer/select@npm:^4.2.1":
  version: 4.2.1
  resolution: "@inquirer/select@npm:4.2.1"
  dependencies:
    "@inquirer/core": "npm:^10.1.11"
    "@inquirer/figures": "npm:^1.0.11"
    "@inquirer/type": "npm:^3.0.6"
    ansi-escapes: "npm:^4.3.2"
    yoctocolors-cjs: "npm:^2.1.2"
  peerDependencies:
    "@types/node": ">=18"
  peerDependenciesMeta:
    "@types/node":
      optional: true
  checksum: 10c0/2e9c0ae80c872c6a5ea4406f3e8dbf54577fffdb72e3b460d61cffeda00b93b78a9c30a06c21575db533b493b597c0872777b66f0224a2f1611592c6e3bfc7c4
  languageName: node
  linkType: hard

"@inquirer/type@npm:^3.0.6":
  version: 3.0.6
  resolution: "@inquirer/type@npm:3.0.6"
  peerDependencies:
    "@types/node": ">=18"
  peerDependenciesMeta:
    "@types/node":
      optional: true
  checksum: 10c0/92382c1b046559ddb16c53e1353a900a43266566a0d73902e5325433c640b6aaeaf3e34cc5b2a68fd089ff5d8add914d0b9875cdec64f7a09313f9c4420b021d
  languageName: node
  linkType: hard

"@napi-rs/cli@npm:^3.0.0-alpha.80":
  version: 3.0.0-alpha.80
  resolution: "@napi-rs/cli@npm:3.0.0-alpha.80"
  dependencies:
    "@inquirer/prompts": "npm:^7.4.0"
    "@napi-rs/cross-toolchain": "npm:^0.0.19"
    "@napi-rs/wasm-tools": "npm:^0.0.3"
    "@octokit/rest": "npm:^21.1.1"
    clipanion: "npm:^4.0.0-rc.4"
    colorette: "npm:^2.0.20"
    debug: "npm:^4.4.0"
    emnapi: "npm:^1.4.0"
    js-yaml: "npm:^4.1.0"
    lodash-es: "npm:^4.17.21"
    semver: "npm:^7.7.1"
    toml: "npm:^3.0.0"
    typanion: "npm:^3.14.0"
    wasm-sjlj: "npm:^1.0.6"
  peerDependencies:
    "@emnapi/runtime": ^1.1.0
    emnapi: ^1.1.0
  peerDependenciesMeta:
    "@emnapi/runtime":
      optional: true
    emnapi:
      optional: true
  bin:
    napi: ./dist/cli.js
    napi-raw: ./cli.mjs
  checksum: 10c0/f63928f5f4b430983c19727dc3752b8292a695cf05a1c1ed27038e07ae20e15287d422b974ddcf52b5702331026453c327273b737f213c66c71843e692ff2f9b
  languageName: node
  linkType: hard

"@napi-rs/cross-toolchain@npm:^0.0.19":
  version: 0.0.19
  resolution: "@napi-rs/cross-toolchain@npm:0.0.19"
  dependencies:
    "@napi-rs/lzma": "npm:^1.4.1"
    "@napi-rs/tar": "npm:^0.1.4"
    debug: "npm:^4.4.0"
  peerDependencies:
    "@napi-rs/cross-toolchain-arm64-target-aarch64": ^0.0.19
    "@napi-rs/cross-toolchain-arm64-target-armv7": ^0.0.19
    "@napi-rs/cross-toolchain-arm64-target-x86_64": ^0.0.19
    "@napi-rs/cross-toolchain-x64-target-aarch64": ^0.0.19
    "@napi-rs/cross-toolchain-x64-target-armv7": ^0.0.19
    "@napi-rs/cross-toolchain-x64-target-x86_64": ^0.0.19
  peerDependenciesMeta:
    "@napi-rs/cross-toolchain-arm64-target-aarch64":
      optional: true
    "@napi-rs/cross-toolchain-arm64-target-armv7":
      optional: true
    "@napi-rs/cross-toolchain-arm64-target-x86_64":
      optional: true
    "@napi-rs/cross-toolchain-x64-target-aarch64":
      optional: true
    "@napi-rs/cross-toolchain-x64-target-armv7":
      optional: true
    "@napi-rs/cross-toolchain-x64-target-x86_64":
      optional: true
  checksum: 10c0/6084567d9d86a818bf600d354aefa88aebad6bd0d76de3e41b50b652dc47cdb2056e7482a68870665ecc9e74dd67fcf9fbc9c02057cec9aa17510b4adbabb326
  languageName: node
  linkType: hard

"@napi-rs/lzma-android-arm-eabi@npm:1.4.3":
  version: 1.4.3
  resolution: "@napi-rs/lzma-android-arm-eabi@npm:1.4.3"
  conditions: os=android & cpu=arm
  languageName: node
  linkType: hard

"@napi-rs/lzma-android-arm64@npm:1.4.3":
  version: 1.4.3
  resolution: "@napi-rs/lzma-android-arm64@npm:1.4.3"
  conditions: os=android & cpu=arm64
  languageName: node
  linkType: hard

"@napi-rs/lzma-darwin-arm64@npm:1.4.3":
  version: 1.4.3
  resolution: "@napi-rs/lzma-darwin-arm64@npm:1.4.3"
  conditions: os=darwin & cpu=arm64
  languageName: node
  linkType: hard

"@napi-rs/lzma-darwin-x64@npm:1.4.3":
  version: 1.4.3
  resolution: "@napi-rs/lzma-darwin-x64@npm:1.4.3"
  conditions: os=darwin & cpu=x64
  languageName: node
  linkType: hard

"@napi-rs/lzma-freebsd-x64@npm:1.4.3":
  version: 1.4.3
  resolution: "@napi-rs/lzma-freebsd-x64@npm:1.4.3"
  conditions: os=freebsd & cpu=x64
  languageName: node
  linkType: hard

"@napi-rs/lzma-linux-arm-gnueabihf@npm:1.4.3":
  version: 1.4.3
  resolution: "@napi-rs/lzma-linux-arm-gnueabihf@npm:1.4.3"
  conditions: os=linux & cpu=arm
  languageName: node
  linkType: hard

"@napi-rs/lzma-linux-arm64-gnu@npm:1.4.3":
  version: 1.4.3
  resolution: "@napi-rs/lzma-linux-arm64-gnu@npm:1.4.3"
  conditions: os=linux & cpu=arm64 & libc=glibc
  languageName: node
  linkType: hard

"@napi-rs/lzma-linux-arm64-musl@npm:1.4.3":
  version: 1.4.3
  resolution: "@napi-rs/lzma-linux-arm64-musl@npm:1.4.3"
  conditions: os=linux & cpu=arm64 & libc=musl
  languageName: node
  linkType: hard

"@napi-rs/lzma-linux-ppc64-gnu@npm:1.4.3":
  version: 1.4.3
  resolution: "@napi-rs/lzma-linux-ppc64-gnu@npm:1.4.3"
  conditions: os=linux & cpu=ppc64 & libc=glibc
  languageName: node
  linkType: hard

"@napi-rs/lzma-linux-riscv64-gnu@npm:1.4.3":
  version: 1.4.3
  resolution: "@napi-rs/lzma-linux-riscv64-gnu@npm:1.4.3"
  conditions: os=linux & cpu=riscv64 & libc=glibc
  languageName: node
  linkType: hard

"@napi-rs/lzma-linux-s390x-gnu@npm:1.4.3":
  version: 1.4.3
  resolution: "@napi-rs/lzma-linux-s390x-gnu@npm:1.4.3"
  conditions: os=linux & cpu=s390x & libc=glibc
  languageName: node
  linkType: hard

"@napi-rs/lzma-linux-x64-gnu@npm:1.4.3":
  version: 1.4.3
  resolution: "@napi-rs/lzma-linux-x64-gnu@npm:1.4.3"
  conditions: os=linux & cpu=x64 & libc=glibc
  languageName: node
  linkType: hard

"@napi-rs/lzma-linux-x64-musl@npm:1.4.3":
  version: 1.4.3
  resolution: "@napi-rs/lzma-linux-x64-musl@npm:1.4.3"
  conditions: os=linux & cpu=x64 & libc=musl
  languageName: node
  linkType: hard

"@napi-rs/lzma-wasm32-wasi@npm:1.4.3":
  version: 1.4.3
  resolution: "@napi-rs/lzma-wasm32-wasi@npm:1.4.3"
  dependencies:
    "@napi-rs/wasm-runtime": "npm:^0.2.10"
  conditions: cpu=wasm32
  languageName: node
  linkType: hard

"@napi-rs/lzma-win32-arm64-msvc@npm:1.4.3":
  version: 1.4.3
  resolution: "@napi-rs/lzma-win32-arm64-msvc@npm:1.4.3"
  conditions: os=win32 & cpu=arm64
  languageName: node
  linkType: hard

"@napi-rs/lzma-win32-ia32-msvc@npm:1.4.3":
  version: 1.4.3
  resolution: "@napi-rs/lzma-win32-ia32-msvc@npm:1.4.3"
  conditions: os=win32 & cpu=ia32
  languageName: node
  linkType: hard

"@napi-rs/lzma-win32-x64-msvc@npm:1.4.3":
  version: 1.4.3
  resolution: "@napi-rs/lzma-win32-x64-msvc@npm:1.4.3"
  conditions: os=win32 & cpu=x64
  languageName: node
  linkType: hard

"@napi-rs/lzma@npm:^1.4.1":
  version: 1.4.3
  resolution: "@napi-rs/lzma@npm:1.4.3"
  dependencies:
    "@napi-rs/lzma-android-arm-eabi": "npm:1.4.3"
    "@napi-rs/lzma-android-arm64": "npm:1.4.3"
    "@napi-rs/lzma-darwin-arm64": "npm:1.4.3"
    "@napi-rs/lzma-darwin-x64": "npm:1.4.3"
    "@napi-rs/lzma-freebsd-x64": "npm:1.4.3"
    "@napi-rs/lzma-linux-arm-gnueabihf": "npm:1.4.3"
    "@napi-rs/lzma-linux-arm64-gnu": "npm:1.4.3"
    "@napi-rs/lzma-linux-arm64-musl": "npm:1.4.3"
    "@napi-rs/lzma-linux-ppc64-gnu": "npm:1.4.3"
    "@napi-rs/lzma-linux-riscv64-gnu": "npm:1.4.3"
    "@napi-rs/lzma-linux-s390x-gnu": "npm:1.4.3"
    "@napi-rs/lzma-linux-x64-gnu": "npm:1.4.3"
    "@napi-rs/lzma-linux-x64-musl": "npm:1.4.3"
    "@napi-rs/lzma-wasm32-wasi": "npm:1.4.3"
    "@napi-rs/lzma-win32-arm64-msvc": "npm:1.4.3"
    "@napi-rs/lzma-win32-ia32-msvc": "npm:1.4.3"
    "@napi-rs/lzma-win32-x64-msvc": "npm:1.4.3"
  dependenciesMeta:
    "@napi-rs/lzma-android-arm-eabi":
      optional: true
    "@napi-rs/lzma-android-arm64":
      optional: true
    "@napi-rs/lzma-darwin-arm64":
      optional: true
    "@napi-rs/lzma-darwin-x64":
      optional: true
    "@napi-rs/lzma-freebsd-x64":
      optional: true
    "@napi-rs/lzma-linux-arm-gnueabihf":
      optional: true
    "@napi-rs/lzma-linux-arm64-gnu":
      optional: true
    "@napi-rs/lzma-linux-arm64-musl":
      optional: true
    "@napi-rs/lzma-linux-ppc64-gnu":
      optional: true
    "@napi-rs/lzma-linux-riscv64-gnu":
      optional: true
    "@napi-rs/lzma-linux-s390x-gnu":
      optional: true
    "@napi-rs/lzma-linux-x64-gnu":
      optional: true
    "@napi-rs/lzma-linux-x64-musl":
      optional: true
    "@napi-rs/lzma-wasm32-wasi":
      optional: true
    "@napi-rs/lzma-win32-arm64-msvc":
      optional: true
    "@napi-rs/lzma-win32-ia32-msvc":
      optional: true
    "@napi-rs/lzma-win32-x64-msvc":
      optional: true
  checksum: 10c0/7a9453547c1a864a06b899df5d91e8dd46694edd405482a1f952f76c1ed9f907866179410f9e0a64c244bf24ae7ef70c629a6b7cab3cbf80d7ff88c5dc21c8c4
  languageName: node
  linkType: hard

"@napi-rs/tar-android-arm-eabi@npm:0.1.5":
  version: 0.1.5
  resolution: "@napi-rs/tar-android-arm-eabi@npm:0.1.5"
  conditions: os=android & cpu=arm
  languageName: node
  linkType: hard

"@napi-rs/tar-android-arm64@npm:0.1.5":
  version: 0.1.5
  resolution: "@napi-rs/tar-android-arm64@npm:0.1.5"
  conditions: os=android & cpu=arm64
  languageName: node
  linkType: hard

"@napi-rs/tar-darwin-arm64@npm:0.1.5":
  version: 0.1.5
  resolution: "@napi-rs/tar-darwin-arm64@npm:0.1.5"
  conditions: os=darwin & cpu=arm64
  languageName: node
  linkType: hard

"@napi-rs/tar-darwin-x64@npm:0.1.5":
  version: 0.1.5
  resolution: "@napi-rs/tar-darwin-x64@npm:0.1.5"
  conditions: os=darwin & cpu=x64
  languageName: node
  linkType: hard

"@napi-rs/tar-freebsd-x64@npm:0.1.5":
  version: 0.1.5
  resolution: "@napi-rs/tar-freebsd-x64@npm:0.1.5"
  conditions: os=freebsd & cpu=x64
  languageName: node
  linkType: hard

"@napi-rs/tar-linux-arm-gnueabihf@npm:0.1.5":
  version: 0.1.5
  resolution: "@napi-rs/tar-linux-arm-gnueabihf@npm:0.1.5"
  conditions: os=linux & cpu=arm
  languageName: node
  linkType: hard

"@napi-rs/tar-linux-arm64-gnu@npm:0.1.5":
  version: 0.1.5
  resolution: "@napi-rs/tar-linux-arm64-gnu@npm:0.1.5"
  conditions: os=linux & cpu=arm64 & libc=glibc
  languageName: node
  linkType: hard

"@napi-rs/tar-linux-arm64-musl@npm:0.1.5":
  version: 0.1.5
  resolution: "@napi-rs/tar-linux-arm64-musl@npm:0.1.5"
  conditions: os=linux & cpu=arm64 & libc=musl
  languageName: node
  linkType: hard

"@napi-rs/tar-linux-ppc64-gnu@npm:0.1.5":
  version: 0.1.5
  resolution: "@napi-rs/tar-linux-ppc64-gnu@npm:0.1.5"
  conditions: os=linux & cpu=ppc64 & libc=glibc
  languageName: node
  linkType: hard

"@napi-rs/tar-linux-s390x-gnu@npm:0.1.5":
  version: 0.1.5
  resolution: "@napi-rs/tar-linux-s390x-gnu@npm:0.1.5"
  conditions: os=linux & cpu=s390x & libc=glibc
  languageName: node
  linkType: hard

"@napi-rs/tar-linux-x64-gnu@npm:0.1.5":
  version: 0.1.5
  resolution: "@napi-rs/tar-linux-x64-gnu@npm:0.1.5"
  conditions: os=linux & cpu=x64 & libc=glibc
  languageName: node
  linkType: hard

"@napi-rs/tar-linux-x64-musl@npm:0.1.5":
  version: 0.1.5
  resolution: "@napi-rs/tar-linux-x64-musl@npm:0.1.5"
  conditions: os=linux & cpu=x64 & libc=musl
  languageName: node
  linkType: hard

"@napi-rs/tar-wasm32-wasi@npm:0.1.5":
  version: 0.1.5
  resolution: "@napi-rs/tar-wasm32-wasi@npm:0.1.5"
  dependencies:
    "@napi-rs/wasm-runtime": "npm:^0.2.9"
  conditions: cpu=wasm32
  languageName: node
  linkType: hard

"@napi-rs/tar-win32-arm64-msvc@npm:0.1.5":
  version: 0.1.5
  resolution: "@napi-rs/tar-win32-arm64-msvc@npm:0.1.5"
  conditions: os=win32 & cpu=arm64
  languageName: node
  linkType: hard

"@napi-rs/tar-win32-ia32-msvc@npm:0.1.5":
  version: 0.1.5
  resolution: "@napi-rs/tar-win32-ia32-msvc@npm:0.1.5"
  conditions: os=win32 & cpu=ia32
  languageName: node
  linkType: hard

"@napi-rs/tar-win32-x64-msvc@npm:0.1.5":
  version: 0.1.5
  resolution: "@napi-rs/tar-win32-x64-msvc@npm:0.1.5"
  conditions: os=win32 & cpu=x64
  languageName: node
  linkType: hard

"@napi-rs/tar@npm:^0.1.4":
  version: 0.1.5
  resolution: "@napi-rs/tar@npm:0.1.5"
  dependencies:
    "@napi-rs/tar-android-arm-eabi": "npm:0.1.5"
    "@napi-rs/tar-android-arm64": "npm:0.1.5"
    "@napi-rs/tar-darwin-arm64": "npm:0.1.5"
    "@napi-rs/tar-darwin-x64": "npm:0.1.5"
    "@napi-rs/tar-freebsd-x64": "npm:0.1.5"
    "@napi-rs/tar-linux-arm-gnueabihf": "npm:0.1.5"
    "@napi-rs/tar-linux-arm64-gnu": "npm:0.1.5"
    "@napi-rs/tar-linux-arm64-musl": "npm:0.1.5"
    "@napi-rs/tar-linux-ppc64-gnu": "npm:0.1.5"
    "@napi-rs/tar-linux-s390x-gnu": "npm:0.1.5"
    "@napi-rs/tar-linux-x64-gnu": "npm:0.1.5"
    "@napi-rs/tar-linux-x64-musl": "npm:0.1.5"
    "@napi-rs/tar-wasm32-wasi": "npm:0.1.5"
    "@napi-rs/tar-win32-arm64-msvc": "npm:0.1.5"
    "@napi-rs/tar-win32-ia32-msvc": "npm:0.1.5"
    "@napi-rs/tar-win32-x64-msvc": "npm:0.1.5"
  dependenciesMeta:
    "@napi-rs/tar-android-arm-eabi":
      optional: true
    "@napi-rs/tar-android-arm64":
      optional: true
    "@napi-rs/tar-darwin-arm64":
      optional: true
    "@napi-rs/tar-darwin-x64":
      optional: true
    "@napi-rs/tar-freebsd-x64":
      optional: true
    "@napi-rs/tar-linux-arm-gnueabihf":
      optional: true
    "@napi-rs/tar-linux-arm64-gnu":
      optional: true
    "@napi-rs/tar-linux-arm64-musl":
      optional: true
    "@napi-rs/tar-linux-ppc64-gnu":
      optional: true
    "@napi-rs/tar-linux-s390x-gnu":
      optional: true
    "@napi-rs/tar-linux-x64-gnu":
      optional: true
    "@napi-rs/tar-linux-x64-musl":
      optional: true
    "@napi-rs/tar-wasm32-wasi":
      optional: true
    "@napi-rs/tar-win32-arm64-msvc":
      optional: true
    "@napi-rs/tar-win32-ia32-msvc":
      optional: true
    "@napi-rs/tar-win32-x64-msvc":
      optional: true
  checksum: 10c0/49f53a241ff5106739d49d29be7f25d54a421334dc1140806ea412aff6882761706e77f5e66bf1bf8df1a13fd9cd10ae4c2a8552a87a1aee7c3a5b930eb93221
  languageName: node
  linkType: hard

"@napi-rs/wasm-runtime@npm:^0.2.10, @napi-rs/wasm-runtime@npm:^0.2.7, @napi-rs/wasm-runtime@npm:^0.2.9":
  version: 0.2.10
  resolution: "@napi-rs/wasm-runtime@npm:0.2.10"
  dependencies:
    "@emnapi/core": "npm:^1.4.3"
    "@emnapi/runtime": "npm:^1.4.3"
    "@tybys/wasm-util": "npm:^0.9.0"
  checksum: 10c0/4dce9bbb94a8969805574e1b55fdbeb7623348190265d77f6507ba32e535610deeb53a33ba0bb8b05a6520f379d418b92e8a01c5cd7b9486b136d2c0c26be0bd
  languageName: node
  linkType: hard

"@napi-rs/wasm-tools-android-arm-eabi@npm:0.0.3":
  version: 0.0.3
  resolution: "@napi-rs/wasm-tools-android-arm-eabi@npm:0.0.3"
  conditions: os=android & cpu=arm
  languageName: node
  linkType: hard

"@napi-rs/wasm-tools-android-arm64@npm:0.0.3":
  version: 0.0.3
  resolution: "@napi-rs/wasm-tools-android-arm64@npm:0.0.3"
  conditions: os=android & cpu=arm64
  languageName: node
  linkType: hard

"@napi-rs/wasm-tools-darwin-arm64@npm:0.0.3":
  version: 0.0.3
  resolution: "@napi-rs/wasm-tools-darwin-arm64@npm:0.0.3"
  conditions: os=darwin & cpu=arm64
  languageName: node
  linkType: hard

"@napi-rs/wasm-tools-darwin-x64@npm:0.0.3":
  version: 0.0.3
  resolution: "@napi-rs/wasm-tools-darwin-x64@npm:0.0.3"
  conditions: os=darwin & cpu=x64
  languageName: node
  linkType: hard

"@napi-rs/wasm-tools-freebsd-x64@npm:0.0.3":
  version: 0.0.3
  resolution: "@napi-rs/wasm-tools-freebsd-x64@npm:0.0.3"
  conditions: os=freebsd & cpu=x64
  languageName: node
  linkType: hard

"@napi-rs/wasm-tools-linux-arm64-gnu@npm:0.0.3":
  version: 0.0.3
  resolution: "@napi-rs/wasm-tools-linux-arm64-gnu@npm:0.0.3"
  conditions: os=linux & cpu=arm64 & libc=glibc
  languageName: node
  linkType: hard

"@napi-rs/wasm-tools-linux-arm64-musl@npm:0.0.3":
  version: 0.0.3
  resolution: "@napi-rs/wasm-tools-linux-arm64-musl@npm:0.0.3"
  conditions: os=linux & cpu=arm64 & libc=musl
  languageName: node
  linkType: hard

"@napi-rs/wasm-tools-linux-x64-gnu@npm:0.0.3":
  version: 0.0.3
  resolution: "@napi-rs/wasm-tools-linux-x64-gnu@npm:0.0.3"
  conditions: os=linux & cpu=x64 & libc=glibc
  languageName: node
  linkType: hard

"@napi-rs/wasm-tools-linux-x64-musl@npm:0.0.3":
  version: 0.0.3
  resolution: "@napi-rs/wasm-tools-linux-x64-musl@npm:0.0.3"
  conditions: os=linux & cpu=x64 & libc=musl
  languageName: node
  linkType: hard

"@napi-rs/wasm-tools-wasm32-wasi@npm:0.0.3":
  version: 0.0.3
  resolution: "@napi-rs/wasm-tools-wasm32-wasi@npm:0.0.3"
  dependencies:
    "@napi-rs/wasm-runtime": "npm:^0.2.7"
  conditions: cpu=wasm32
  languageName: node
  linkType: hard

"@napi-rs/wasm-tools-win32-arm64-msvc@npm:0.0.3":
  version: 0.0.3
  resolution: "@napi-rs/wasm-tools-win32-arm64-msvc@npm:0.0.3"
  conditions: os=win32 & cpu=arm64
  languageName: node
  linkType: hard

"@napi-rs/wasm-tools-win32-ia32-msvc@npm:0.0.3":
  version: 0.0.3
  resolution: "@napi-rs/wasm-tools-win32-ia32-msvc@npm:0.0.3"
  conditions: os=win32 & cpu=ia32
  languageName: node
  linkType: hard

"@napi-rs/wasm-tools-win32-x64-msvc@npm:0.0.3":
  version: 0.0.3
  resolution: "@napi-rs/wasm-tools-win32-x64-msvc@npm:0.0.3"
  conditions: os=win32 & cpu=x64
  languageName: node
  linkType: hard

"@napi-rs/wasm-tools@npm:^0.0.3":
  version: 0.0.3
  resolution: "@napi-rs/wasm-tools@npm:0.0.3"
  dependencies:
    "@napi-rs/wasm-tools-android-arm-eabi": "npm:0.0.3"
    "@napi-rs/wasm-tools-android-arm64": "npm:0.0.3"
    "@napi-rs/wasm-tools-darwin-arm64": "npm:0.0.3"
    "@napi-rs/wasm-tools-darwin-x64": "npm:0.0.3"
    "@napi-rs/wasm-tools-freebsd-x64": "npm:0.0.3"
    "@napi-rs/wasm-tools-linux-arm64-gnu": "npm:0.0.3"
    "@napi-rs/wasm-tools-linux-arm64-musl": "npm:0.0.3"
    "@napi-rs/wasm-tools-linux-x64-gnu": "npm:0.0.3"
    "@napi-rs/wasm-tools-linux-x64-musl": "npm:0.0.3"
    "@napi-rs/wasm-tools-wasm32-wasi": "npm:0.0.3"
    "@napi-rs/wasm-tools-win32-arm64-msvc": "npm:0.0.3"
    "@napi-rs/wasm-tools-win32-ia32-msvc": "npm:0.0.3"
    "@napi-rs/wasm-tools-win32-x64-msvc": "npm:0.0.3"
  dependenciesMeta:
    "@napi-rs/wasm-tools-android-arm-eabi":
      optional: true
    "@napi-rs/wasm-tools-android-arm64":
      optional: true
    "@napi-rs/wasm-tools-darwin-arm64":
      optional: true
    "@napi-rs/wasm-tools-darwin-x64":
      optional: true
    "@napi-rs/wasm-tools-freebsd-x64":
      optional: true
    "@napi-rs/wasm-tools-linux-arm64-gnu":
      optional: true
    "@napi-rs/wasm-tools-linux-arm64-musl":
      optional: true
    "@napi-rs/wasm-tools-linux-x64-gnu":
      optional: true
    "@napi-rs/wasm-tools-linux-x64-musl":
      optional: true
    "@napi-rs/wasm-tools-wasm32-wasi":
      optional: true
    "@napi-rs/wasm-tools-win32-arm64-msvc":
      optional: true
    "@napi-rs/wasm-tools-win32-ia32-msvc":
      optional: true
    "@napi-rs/wasm-tools-win32-x64-msvc":
      optional: true
  checksum: 10c0/ad0cf8ea9462a2fb6837666d1fdb4797089176ad8e6838f8fca4326f1f222a136380a4ce8e4366efa26febb0e3404ccb1890314f92751b274a93001368f70fcc
  languageName: node
  linkType: hard

"@number0/iroh@workspace:.":
  version: 0.0.0-use.local
  resolution: "@number0/iroh@workspace:."
  dependencies:
    "@napi-rs/cli": "npm:^3.0.0-alpha.80"
  languageName: unknown
  linkType: soft

"@octokit/auth-token@npm:^5.0.0":
  version: 5.1.2
  resolution: "@octokit/auth-token@npm:5.1.2"
  checksum: 10c0/bd4952571d9c559ede1f6ef8f7756900256d19df0180db04da88886a05484c7e6a4397611422e4804465a82addc8c2daa21d0bb4f450403552ee81041a4046d1
  languageName: node
  linkType: hard

"@octokit/core@npm:^6.1.4":
  version: 6.1.5
  resolution: "@octokit/core@npm:6.1.5"
  dependencies:
    "@octokit/auth-token": "npm:^5.0.0"
    "@octokit/graphql": "npm:^8.2.2"
    "@octokit/request": "npm:^9.2.3"
    "@octokit/request-error": "npm:^6.1.8"
    "@octokit/types": "npm:^14.0.0"
    before-after-hook: "npm:^3.0.2"
    universal-user-agent: "npm:^7.0.0"
  checksum: 10c0/c89ea754cc33da740fdd69fadb971b4b65c89971bba4e8ad545d3ea7aba79759ee3e195c3b72e7df78f14b8b1d392bddc56e7c385d48b5272319ea6a0246ac7c
  languageName: node
  linkType: hard

"@octokit/endpoint@npm:^10.1.4":
  version: 10.1.4
  resolution: "@octokit/endpoint@npm:10.1.4"
  dependencies:
    "@octokit/types": "npm:^14.0.0"
    universal-user-agent: "npm:^7.0.2"
  checksum: 10c0/bf7cca71a05dc4751df658588e32642e59c98768e7509521226b997ea4837e2d16efd35c391231c76d888226f4daf80e6a9f347dee01a69f490253654dada581
  languageName: node
  linkType: hard

"@octokit/graphql@npm:^8.2.2":
  version: 8.2.2
  resolution: "@octokit/graphql@npm:8.2.2"
  dependencies:
    "@octokit/request": "npm:^9.2.3"
    "@octokit/types": "npm:^14.0.0"
    universal-user-agent: "npm:^7.0.0"
  checksum: 10c0/29cd5af5ed04e416d28798a11907ab861dc73c0af47f8c9c3f4183d81d2e77d88228643825538acc81e7015f78d891f84107929019a673b06a6b38ccea6a24e0
  languageName: node
  linkType: hard

"@octokit/openapi-types@npm:^24.2.0":
  version: 24.2.0
  resolution: "@octokit/openapi-types@npm:24.2.0"
  checksum: 10c0/8f47918b35e9b7f6109be6f7c8fc3a64ad13a48233112b29e92559e64a564b810eb3ebf81b4cd0af1bb2989d27b9b95cca96e841ec4e23a3f68703cefe62fd9e
  languageName: node
  linkType: hard

"@octokit/openapi-types@npm:^25.0.0":
  version: 25.0.0
  resolution: "@octokit/openapi-types@npm:25.0.0"
  checksum: 10c0/59c9e5998e08cecec155b776c93d8f6f88ab1a812add61cc65f3de8f3744201565545eac308083d18c9fa330a4381a27bcd771a311ac0348d3590a00f333f233
  languageName: node
  linkType: hard

"@octokit/plugin-paginate-rest@npm:^11.4.2":
  version: 11.6.0
  resolution: "@octokit/plugin-paginate-rest@npm:11.6.0"
  dependencies:
    "@octokit/types": "npm:^13.10.0"
  peerDependencies:
    "@octokit/core": ">=6"
  checksum: 10c0/f5c8751a1cd08f972a84d0e0534d1f72c178648c64ec2b57f8d924a04b81cc616338e397fb1400c02d7ffda7b6147835cbdbae07a2673f963217d2d59768daaa
  languageName: node
  linkType: hard

"@octokit/plugin-request-log@npm:^5.3.1":
  version: 5.3.1
  resolution: "@octokit/plugin-request-log@npm:5.3.1"
  peerDependencies:
    "@octokit/core": ">=6"
  checksum: 10c0/2f959934b8285cf39a1d1d0b92ec881b3ae171ae74738225f87b89381afd72a32bc7ea9c04d2dcee74f74ad24c22cce0c5f3e5b4333d531ea67b985e4ee90cb0
  languageName: node
  linkType: hard

"@octokit/plugin-rest-endpoint-methods@npm:^13.3.0":
  version: 13.5.0
  resolution: "@octokit/plugin-rest-endpoint-methods@npm:13.5.0"
  dependencies:
    "@octokit/types": "npm:^13.10.0"
  peerDependencies:
    "@octokit/core": ">=6"
  checksum: 10c0/0dd5fcdc01ac82abeab26fa32fd1c504732918bc70ad8e16924dd4d155dfd4bc8b57f2326c5012276885b9d59be3eb1e8d0b2576f5915a3b3343f26359cdba5e
  languageName: node
  linkType: hard

"@octokit/request-error@npm:^6.1.8":
  version: 6.1.8
  resolution: "@octokit/request-error@npm:6.1.8"
  dependencies:
    "@octokit/types": "npm:^14.0.0"
  checksum: 10c0/02aa5bfebb5b1b9e152558b4a6f4f7dcb149b41538778ffe0fce3395fd0da5c0862311a78e94723435667581b2a58a7cefa458cf7aa19ae2948ae419276f7ee1
  languageName: node
  linkType: hard

"@octokit/request@npm:^9.2.3":
  version: 9.2.3
  resolution: "@octokit/request@npm:9.2.3"
  dependencies:
    "@octokit/endpoint": "npm:^10.1.4"
    "@octokit/request-error": "npm:^6.1.8"
    "@octokit/types": "npm:^14.0.0"
    fast-content-type-parse: "npm:^2.0.0"
    universal-user-agent: "npm:^7.0.2"
  checksum: 10c0/96067fc9a5f30f2faa00f08015309930561c3ea0536b543e1c91c475f965eabc81c48fc27d401681ebdb3f6c1acc5d46eaa69163ab98b0faa08be1c02ea5b684
  languageName: node
  linkType: hard

"@octokit/rest@npm:^21.1.1":
  version: 21.1.1
  resolution: "@octokit/rest@npm:21.1.1"
  dependencies:
    "@octokit/core": "npm:^6.1.4"
    "@octokit/plugin-paginate-rest": "npm:^11.4.2"
    "@octokit/plugin-request-log": "npm:^5.3.1"
    "@octokit/plugin-rest-endpoint-methods": "npm:^13.3.0"
  checksum: 10c0/59e4fe55942e6f94ff6924934418fbfdee516f6df00889f9417add037c2163b45079a600b6c43449bc824641c9f1b9ac6fe9d3b52a5a1ed3e5e12de697171b78
  languageName: node
  linkType: hard

"@octokit/types@npm:^13.10.0":
  version: 13.10.0
  resolution: "@octokit/types@npm:13.10.0"
  dependencies:
    "@octokit/openapi-types": "npm:^24.2.0"
  checksum: 10c0/f66a401b89d653ec28e5c1529abdb7965752db4d9d40fa54c80e900af4c6bf944af6bd0a83f5b4f1eecb72e3d646899dfb27ffcf272ac243552de7e3b97a038d
  languageName: node
  linkType: hard

"@octokit/types@npm:^14.0.0":
  version: 14.0.0
  resolution: "@octokit/types@npm:14.0.0"
  dependencies:
    "@octokit/openapi-types": "npm:^25.0.0"
  checksum: 10c0/c82da635fe99f265dbef7bf954d45a23ca7ce9c6fc9a8478c247b5435799e5d0eab3ff42f085785ee0882b2de293cab0ab831b379c66f41d00b78412df850ba4
  languageName: node
  linkType: hard

"@tybys/wasm-util@npm:^0.9.0":
  version: 0.9.0
  resolution: "@tybys/wasm-util@npm:0.9.0"
  dependencies:
    tslib: "npm:^2.4.0"
  checksum: 10c0/f9fde5c554455019f33af6c8215f1a1435028803dc2a2825b077d812bed4209a1a64444a4ca0ce2ea7e1175c8d88e2f9173a36a33c199e8a5c671aa31de8242d
  languageName: node
  linkType: hard

"ansi-escapes@npm:^4.3.2":
  version: 4.3.2
  resolution: "ansi-escapes@npm:4.3.2"
  dependencies:
    type-fest: "npm:^0.21.3"
  checksum: 10c0/da917be01871525a3dfcf925ae2977bc59e8c513d4423368645634bf5d4ceba5401574eb705c1e92b79f7292af5a656f78c5725a4b0e1cec97c4b413705c1d50
  languageName: node
  linkType: hard

"ansi-regex@npm:^5.0.1":
  version: 5.0.1
  resolution: "ansi-regex@npm:5.0.1"
  checksum: 10c0/9a64bb8627b434ba9327b60c027742e5d17ac69277960d041898596271d992d4d52ba7267a63ca10232e29f6107fc8a835f6ce8d719b88c5f8493f8254813737
  languageName: node
  linkType: hard

"ansi-styles@npm:^4.0.0":
  version: 4.3.0
  resolution: "ansi-styles@npm:4.3.0"
  dependencies:
    color-convert: "npm:^2.0.1"
  checksum: 10c0/895a23929da416f2bd3de7e9cb4eabd340949328ab85ddd6e484a637d8f6820d485f53933446f5291c3b760cbc488beb8e88573dd0f9c7daf83dccc8fe81b041
  languageName: node
  linkType: hard

"argparse@npm:^2.0.1":
  version: 2.0.1
  resolution: "argparse@npm:2.0.1"
  checksum: 10c0/c5640c2d89045371c7cedd6a70212a04e360fd34d6edeae32f6952c63949e3525ea77dbec0289d8213a99bbaeab5abfa860b5c12cf88a2e6cf8106e90dd27a7e
  languageName: node
  linkType: hard

"before-after-hook@npm:^3.0.2":
  version: 3.0.2
  resolution: "before-after-hook@npm:3.0.2"
  checksum: 10c0/dea640f9e88a1085372c9bcc974b7bf379267490693da92ec102a7d8b515dd1e95f00ef575a146b83ca638104c57406c3427d37bdf082f602dde4b56d05bba14
  languageName: node
  linkType: hard

"chardet@npm:^0.7.0":
  version: 0.7.0
  resolution: "chardet@npm:0.7.0"
  checksum: 10c0/96e4731b9ec8050cbb56ab684e8c48d6c33f7826b755802d14e3ebfdc51c57afeece3ea39bc6b09acc359e4363525388b915e16640c1378053820f5e70d0f27d
  languageName: node
  linkType: hard

"cli-width@npm:^4.1.0":
  version: 4.1.0
  resolution: "cli-width@npm:4.1.0"
  checksum: 10c0/1fbd56413578f6117abcaf858903ba1f4ad78370a4032f916745fa2c7e390183a9d9029cf837df320b0fdce8137668e522f60a30a5f3d6529ff3872d265a955f
  languageName: node
  linkType: hard

"clipanion@npm:^4.0.0-rc.4":
  version: 4.0.0-rc.4
  resolution: "clipanion@npm:4.0.0-rc.4"
  dependencies:
    typanion: "npm:^3.8.0"
  peerDependencies:
    typanion: "*"
  checksum: 10c0/047b415b59a5e9777d00690fba563ccc850eca6bf27790a88d1deea3ecc8a89840ae9aed554ff284cc698a9f3f20256e43c25ff4a7c4c90a71e5e7d9dca61dd1
  languageName: node
  linkType: hard

"color-convert@npm:^2.0.1":
  version: 2.0.1
  resolution: "color-convert@npm:2.0.1"
  dependencies:
    color-name: "npm:~1.1.4"
  checksum: 10c0/37e1150172f2e311fe1b2df62c6293a342ee7380da7b9cfdba67ea539909afbd74da27033208d01d6d5cfc65ee7868a22e18d7e7648e004425441c0f8a15a7d7
  languageName: node
  linkType: hard

"color-name@npm:~1.1.4":
  version: 1.1.4
  resolution: "color-name@npm:1.1.4"
  checksum: 10c0/a1a3f914156960902f46f7f56bc62effc6c94e84b2cae157a526b1c1f74b677a47ec602bf68a61abfa2b42d15b7c5651c6dbe72a43af720bc588dff885b10f95
  languageName: node
  linkType: hard

"colorette@npm:^2.0.20":
  version: 2.0.20
  resolution: "colorette@npm:2.0.20"
  checksum: 10c0/e94116ff33b0ff56f3b83b9ace895e5bf87c2a7a47b3401b8c3f3226e050d5ef76cf4072fb3325f9dc24d1698f9b730baf4e05eeaf861d74a1883073f4c98a40
  languageName: node
  linkType: hard

"debug@npm:^4.4.0":
  version: 4.4.1
  resolution: "debug@npm:4.4.1"
  dependencies:
    ms: "npm:^2.1.3"
  peerDependenciesMeta:
    supports-color:
      optional: true
  checksum: 10c0/d2b44bc1afd912b49bb7ebb0d50a860dc93a4dd7d946e8de94abc957bb63726b7dd5aa48c18c2386c379ec024c46692e15ed3ed97d481729f929201e671fcd55
  languageName: node
  linkType: hard

"emnapi@npm:^1.4.0":
  version: 1.4.3
  resolution: "emnapi@npm:1.4.3"
  peerDependencies:
    node-addon-api: ">= 6.1.0"
  peerDependenciesMeta:
    node-addon-api:
      optional: true
  checksum: 10c0/61516ec68c4fd9ece305f4598809bb0ff1f0622f3ef267e619a66a8debdbbe655da82a427e6bae308131cfc1680debf8460b98aaa20f9ed23f36e019f4f35b3e
  languageName: node
  linkType: hard

"emoji-regex@npm:^8.0.0":
  version: 8.0.0
  resolution: "emoji-regex@npm:8.0.0"
  checksum: 10c0/b6053ad39951c4cf338f9092d7bfba448cdfd46fe6a2a034700b149ac9ffbc137e361cbd3c442297f86bed2e5f7576c1b54cc0a6bf8ef5106cc62f496af35010
  languageName: node
  linkType: hard

"external-editor@npm:^3.1.0":
  version: 3.1.0
  resolution: "external-editor@npm:3.1.0"
  dependencies:
    chardet: "npm:^0.7.0"
    iconv-lite: "npm:^0.4.24"
    tmp: "npm:^0.0.33"
  checksum: 10c0/c98f1ba3efdfa3c561db4447ff366a6adb5c1e2581462522c56a18bf90dfe4da382f9cd1feee3e330108c3595a854b218272539f311ba1b3298f841eb0fbf339
  languageName: node
  linkType: hard

"fast-content-type-parse@npm:^2.0.0":
  version: 2.0.1
  resolution: "fast-content-type-parse@npm:2.0.1"
  checksum: 10c0/e5ff87d75a35ae4cf377df1dca46ec49e7abbdc8513689676ecdef548b94900b50e66e516e64470035d79b9f7010ef15d98c24d8ae803a881363cc59e0715e19
  languageName: node
  linkType: hard

"iconv-lite@npm:^0.4.24":
  version: 0.4.24
  resolution: "iconv-lite@npm:0.4.24"
  dependencies:
    safer-buffer: "npm:>= 2.1.2 < 3"
  checksum: 10c0/c6886a24cc00f2a059767440ec1bc00d334a89f250db8e0f7feb4961c8727118457e27c495ba94d082e51d3baca378726cd110aaf7ded8b9bbfd6a44760cf1d4
  languageName: node
  linkType: hard

"is-fullwidth-code-point@npm:^3.0.0":
  version: 3.0.0
  resolution: "is-fullwidth-code-point@npm:3.0.0"
  checksum: 10c0/bb11d825e049f38e04c06373a8d72782eee0205bda9d908cc550ccb3c59b99d750ff9537982e01733c1c94a58e35400661f57042158ff5e8f3e90cf936daf0fc
  languageName: node
  linkType: hard

"js-yaml@npm:^4.1.0":
  version: 4.1.0
  resolution: "js-yaml@npm:4.1.0"
  dependencies:
    argparse: "npm:^2.0.1"
  bin:
    js-yaml: bin/js-yaml.js
  checksum: 10c0/184a24b4eaacfce40ad9074c64fd42ac83cf74d8c8cd137718d456ced75051229e5061b8633c3366b8aada17945a7a356b337828c19da92b51ae62126575018f
  languageName: node
  linkType: hard

"lodash-es@npm:^4.17.21":
  version: 4.17.21
  resolution: "lodash-es@npm:4.17.21"
  checksum: 10c0/fb407355f7e6cd523a9383e76e6b455321f0f153a6c9625e21a8827d10c54c2a2341bd2ae8d034358b60e07325e1330c14c224ff582d04612a46a4f0479ff2f2
  languageName: node
  linkType: hard

"ms@npm:^2.1.3":
  version: 2.1.3
  resolution: "ms@npm:2.1.3"
  checksum: 10c0/d924b57e7312b3b63ad21fc5b3dc0af5e78d61a1fc7cfb5457edaf26326bf62be5307cc87ffb6862ef1c2b33b0233cdb5d4f01c4c958cc0d660948b65a287a48
  languageName: node
  linkType: hard

"mute-stream@npm:^2.0.0":
  version: 2.0.0
  resolution: "mute-stream@npm:2.0.0"
  checksum: 10c0/2cf48a2087175c60c8dcdbc619908b49c07f7adcfc37d29236b0c5c612d6204f789104c98cc44d38acab7b3c96f4a3ec2cfdc4934d0738d876dbefa2a12c69f4
  languageName: node
  linkType: hard

"os-tmpdir@npm:~1.0.2":
  version: 1.0.2
  resolution: "os-tmpdir@npm:1.0.2"
  checksum: 10c0/f438450224f8e2687605a8dd318f0db694b6293c5d835ae509a69e97c8de38b6994645337e5577f5001115470414638978cc49da1cdcc25106dad8738dc69990
  languageName: node
  linkType: hard

"safer-buffer@npm:>= 2.1.2 < 3":
  version: 2.1.2
  resolution: "safer-buffer@npm:2.1.2"
  checksum: 10c0/7e3c8b2e88a1841c9671094bbaeebd94448111dd90a81a1f606f3f67708a6ec57763b3b47f06da09fc6054193e0e6709e77325415dc8422b04497a8070fa02d4
  languageName: node
  linkType: hard

"semver@npm:^7.7.1":
  version: 7.7.2
  resolution: "semver@npm:7.7.2"
  bin:
    semver: bin/semver.js
  checksum: 10c0/aca305edfbf2383c22571cb7714f48cadc7ac95371b4b52362fb8eeffdfbc0de0669368b82b2b15978f8848f01d7114da65697e56cd8c37b0dab8c58e543f9ea
  languageName: node
  linkType: hard

"signal-exit@npm:^4.1.0":
  version: 4.1.0
  resolution: "signal-exit@npm:4.1.0"
  checksum: 10c0/41602dce540e46d599edba9d9860193398d135f7ff72cab629db5171516cfae628d21e7bfccde1bbfdf11c48726bc2a6d1a8fb8701125852fbfda7cf19c6aa83
  languageName: node
  linkType: hard

"string-width@npm:^4.1.0":
  version: 4.2.3
  resolution: "string-width@npm:4.2.3"
  dependencies:
    emoji-regex: "npm:^8.0.0"
    is-fullwidth-code-point: "npm:^3.0.0"
    strip-ansi: "npm:^6.0.1"
  checksum: 10c0/1e525e92e5eae0afd7454086eed9c818ee84374bb80328fc41217ae72ff5f065ef1c9d7f72da41de40c75fa8bb3dee63d92373fd492c84260a552c636392a47b
  languageName: node
  linkType: hard

"strip-ansi@npm:^6.0.0, strip-ansi@npm:^6.0.1":
  version: 6.0.1
  resolution: "strip-ansi@npm:6.0.1"
  dependencies:
    ansi-regex: "npm:^5.0.1"
  checksum: 10c0/1ae5f212a126fe5b167707f716942490e3933085a5ff6c008ab97ab2f272c8025d3aa218b7bd6ab25729ca20cc81cddb252102f8751e13482a5199e873680952
  languageName: node
  linkType: hard

"tmp@npm:^0.0.33":
  version: 0.0.33
  resolution: "tmp@npm:0.0.33"
  dependencies:
    os-tmpdir: "npm:~1.0.2"
  checksum: 10c0/69863947b8c29cabad43fe0ce65cec5bb4b481d15d4b4b21e036b060b3edbf3bc7a5541de1bacb437bb3f7c4538f669752627fdf9b4aaf034cebd172ba373408
  languageName: node
  linkType: hard

"toml@npm:^3.0.0":
  version: 3.0.0
  resolution: "toml@npm:3.0.0"
  checksum: 10c0/8d7ed3e700ca602e5419fca343e1c595eb7aa177745141f0761a5b20874b58ee5c878cd045c408da9d130cb2b611c639912210ba96ce2f78e443569aa8060c18
  languageName: node
  linkType: hard

"tslib@npm:^2.4.0":
  version: 2.8.1
  resolution: "tslib@npm:2.8.1"
  checksum: 10c0/9c4759110a19c53f992d9aae23aac5ced636e99887b51b9e61def52611732872ff7668757d4e4c61f19691e36f4da981cd9485e869b4a7408d689f6bf1f14e62
  languageName: node
  linkType: hard

"typanion@npm:^3.14.0, typanion@npm:^3.8.0":
  version: 3.14.0
  resolution: "typanion@npm:3.14.0"
  checksum: 10c0/8b03b19844e6955bfd906c31dc781bae6d7f1fb3ce4fe24b7501557013d4889ae5cefe671dafe98d87ead0adceb8afcb8bc16df7dc0bd2b7331bac96f3a7cae2
  languageName: node
  linkType: hard

"type-fest@npm:^0.21.3":
  version: 0.21.3
  resolution: "type-fest@npm:0.21.3"
  checksum: 10c0/902bd57bfa30d51d4779b641c2bc403cdf1371fb9c91d3c058b0133694fcfdb817aef07a47f40faf79039eecbaa39ee9d3c532deff244f3a19ce68cea71a61e8
  languageName: node
  linkType: hard

"universal-user-agent@npm:^7.0.0, universal-user-agent@npm:^7.0.2":
  version: 7.0.3
  resolution: "universal-user-agent@npm:7.0.3"
  checksum: 10c0/6043be466a9bb96c0ce82392842d9fddf4c37e296f7bacc2cb25f47123990eb436c82df824644f9c5070a94dbdb117be17f66d54599ab143648ec57ef93dbcc8
  languageName: node
  linkType: hard

"wasm-sjlj@npm:^1.0.6":
  version: 1.0.6
  resolution: "wasm-sjlj@npm:1.0.6"
  checksum: 10c0/e1172736ca02af383e838ce396b6cc7fc8814d7cc313b30b721c513a79140313cebadb094b9e76d13e27cc679cde72df4e660dbdc5033e8cf66cf0bd176024dd
  languageName: node
  linkType: hard

"wrap-ansi@npm:^6.2.0":
  version: 6.2.0
  resolution: "wrap-ansi@npm:6.2.0"
  dependencies:
    ansi-styles: "npm:^4.0.0"
    string-width: "npm:^4.1.0"
    strip-ansi: "npm:^6.0.0"
  checksum: 10c0/baad244e6e33335ea24e86e51868fe6823626e3a3c88d9a6674642afff1d34d9a154c917e74af8d845fd25d170c4ea9cf69a47133c3f3656e1252b3d462d9f6c
  languageName: node
  linkType: hard

"yoctocolors-cjs@npm:^2.1.2":
  version: 2.1.2
  resolution: "yoctocolors-cjs@npm:2.1.2"
  checksum: 10c0/a0e36eb88fea2c7981eab22d1ba45e15d8d268626e6c4143305e2c1628fa17ebfaa40cd306161a8ce04c0a60ee0262058eab12567493d5eb1409780853454c6f
  languageName: node
  linkType: hard
