# This file is generated by running "yarn install" inside your project.
# Manual changes might be lost - proceed with caution!

__metadata:
  version: 8
  cacheKey: 10c0

"@emnapi/core@npm:^1.3.1":
  version: 1.3.1
  resolution: "@emnapi/core@npm:1.3.1"
  dependencies:
    "@emnapi/wasi-threads": "npm:1.0.1"
    tslib: "npm:^2.4.0"
  checksum: 10c0/d3be1044ad704e2c486641bc18908523490f28c7d38bd12d9c1d4ce37d39dae6c4aecd2f2eaf44c6e3bd90eaf04e0591acc440b1b038cdf43cce078a355a0ea0
  languageName: node
  linkType: hard

"@emnapi/runtime@npm:^1.3.1":
  version: 1.3.1
  resolution: "@emnapi/runtime@npm:1.3.1"
  dependencies:
    tslib: "npm:^2.4.0"
  checksum: 10c0/060ffede50f1b619c15083312b80a9e62a5b0c87aa8c1b54854c49766c9d69f8d1d3d87bd963a647071263a320db41b25eaa50b74d6a80dcc763c23dbeaafd6c
  languageName: node
  linkType: hard

"@emnapi/wasi-threads@npm:1.0.1":
  version: 1.0.1
  resolution: "@emnapi/wasi-threads@npm:1.0.1"
  dependencies:
    tslib: "npm:^2.4.0"
  checksum: 10c0/1e0c8036b8d53e9b07cc9acf021705ef6c86ab6b13e1acda7fffaf541a2d3565072afb92597419173ced9ea14f6bf32fce149106e669b5902b825e8b499e5c6c
  languageName: node
  linkType: hard

"@inquirer/checkbox@npm:^4.0.6":
  version: 4.0.6
  resolution: "@inquirer/checkbox@npm:4.0.6"
  dependencies:
    "@inquirer/core": "npm:^10.1.4"
    "@inquirer/figures": "npm:^1.0.9"
    "@inquirer/type": "npm:^3.0.2"
    ansi-escapes: "npm:^4.3.2"
    yoctocolors-cjs: "npm:^2.1.2"
  peerDependencies:
    "@types/node": ">=18"
  checksum: 10c0/919e3c5d652f1ccd9d5e8e9678e63981a968ba4a0dffe9d9409d94a1951b398218f7dfb05e57aefcb3c3c1d61ac2333160e370b0ff4632ada7a92ebe07a2ca72
  languageName: node
  linkType: hard

"@inquirer/confirm@npm:^5.1.3":
  version: 5.1.3
  resolution: "@inquirer/confirm@npm:5.1.3"
  dependencies:
    "@inquirer/core": "npm:^10.1.4"
    "@inquirer/type": "npm:^3.0.2"
  peerDependencies:
    "@types/node": ">=18"
  checksum: 10c0/ddbca429ebb3a8bf1d10928f4ab0c8eedbf3f74f85ed64c6b26a830f0fbbab5fa964b9ef2eb2c57a10b9afc9ca3921a12e4659f5a83069078cd1a7ce3d0d126d
  languageName: node
  linkType: hard

"@inquirer/core@npm:^10.1.4":
  version: 10.1.4
  resolution: "@inquirer/core@npm:10.1.4"
  dependencies:
    "@inquirer/figures": "npm:^1.0.9"
    "@inquirer/type": "npm:^3.0.2"
    ansi-escapes: "npm:^4.3.2"
    cli-width: "npm:^4.1.0"
    mute-stream: "npm:^2.0.0"
    signal-exit: "npm:^4.1.0"
    strip-ansi: "npm:^6.0.1"
    wrap-ansi: "npm:^6.2.0"
    yoctocolors-cjs: "npm:^2.1.2"
  checksum: 10c0/4e6c51713c79a0b22381a08a2d11c37f2d696597d01bdecd7b3482889e53e4ac279c55d663a365798ad52becc37052b571bc3ec85ee8a10054c681d9248b88d3
  languageName: node
  linkType: hard

"@inquirer/editor@npm:^4.2.3":
  version: 4.2.3
  resolution: "@inquirer/editor@npm:4.2.3"
  dependencies:
    "@inquirer/core": "npm:^10.1.4"
    "@inquirer/type": "npm:^3.0.2"
    external-editor: "npm:^3.1.0"
  peerDependencies:
    "@types/node": ">=18"
  checksum: 10c0/0194a660b33e38781c35a6ab531f76beca998e5e30ebc90bb94e2140fd943e0dfcff4f9c650f4f79f74df7dac04c82db254ff8c2d9ef0b55c491523f859a8c2b
  languageName: node
  linkType: hard

"@inquirer/expand@npm:^4.0.6":
  version: 4.0.6
  resolution: "@inquirer/expand@npm:4.0.6"
  dependencies:
    "@inquirer/core": "npm:^10.1.4"
    "@inquirer/type": "npm:^3.0.2"
    yoctocolors-cjs: "npm:^2.1.2"
  peerDependencies:
    "@types/node": ">=18"
  checksum: 10c0/2a4990744edf17528c5cf894b9a7a04f202740fb9e2123fb8ced1e623f5bf9716976b037e1b23e88cfce826a85b6052d49784ac2294644e353767b51a0a2f877
  languageName: node
  linkType: hard

"@inquirer/figures@npm:^1.0.9":
  version: 1.0.9
  resolution: "@inquirer/figures@npm:1.0.9"
  checksum: 10c0/21e1a7c902b2b77f126617b501e0fe0d703fae680a9df472afdae18a3e079756aee85690cef595a14e91d18630118f4a3893aab6832b9232fefc6ab31c804a68
  languageName: node
  linkType: hard

"@inquirer/input@npm:^4.1.3":
  version: 4.1.3
  resolution: "@inquirer/input@npm:4.1.3"
  dependencies:
    "@inquirer/core": "npm:^10.1.4"
    "@inquirer/type": "npm:^3.0.2"
  peerDependencies:
    "@types/node": ">=18"
  checksum: 10c0/251468b9596fcbff286d0817da7408f2a78230c1f84de23361e6362a8a91e5bf4c42c04f4971a8fe751eb0afc4ab1cef0d3766742fd4e693b4b0cbcc72aa8d97
  languageName: node
  linkType: hard

"@inquirer/number@npm:^3.0.6":
  version: 3.0.6
  resolution: "@inquirer/number@npm:3.0.6"
  dependencies:
    "@inquirer/core": "npm:^10.1.4"
    "@inquirer/type": "npm:^3.0.2"
  peerDependencies:
    "@types/node": ">=18"
  checksum: 10c0/26c030735bdc94053dfca50db1e75c7e325b8dcc009f3f9e6f572d89b67d7b23cfb3920ed2fa6fa34c312b5ebb6b86ba5b4e77c277ce463720eba45052c0d253
  languageName: node
  linkType: hard

"@inquirer/password@npm:^4.0.6":
  version: 4.0.6
  resolution: "@inquirer/password@npm:4.0.6"
  dependencies:
    "@inquirer/core": "npm:^10.1.4"
    "@inquirer/type": "npm:^3.0.2"
    ansi-escapes: "npm:^4.3.2"
  peerDependencies:
    "@types/node": ">=18"
  checksum: 10c0/c36f675d350c38156efe255d9b3a052271faff2bfcebf626f5f02092e9110ef8f87a6985e96dd0c2351fa79723d0847bacaa86ae10c1d24526434de96af5503e
  languageName: node
  linkType: hard

"@inquirer/prompts@npm:^7.0.0":
  version: 7.2.3
  resolution: "@inquirer/prompts@npm:7.2.3"
  dependencies:
    "@inquirer/checkbox": "npm:^4.0.6"
    "@inquirer/confirm": "npm:^5.1.3"
    "@inquirer/editor": "npm:^4.2.3"
    "@inquirer/expand": "npm:^4.0.6"
    "@inquirer/input": "npm:^4.1.3"
    "@inquirer/number": "npm:^3.0.6"
    "@inquirer/password": "npm:^4.0.6"
    "@inquirer/rawlist": "npm:^4.0.6"
    "@inquirer/search": "npm:^3.0.6"
    "@inquirer/select": "npm:^4.0.6"
  peerDependencies:
    "@types/node": ">=18"
  checksum: 10c0/52c2e1fd8a4e98bc5fd6a79acf9c7d7e1ecc534013d7c018412a6ed34d15be69a2d10791b539740fed8e538485e359e1cacbec98ca3d04e24c5e9fa9480d7bc6
  languageName: node
  linkType: hard

"@inquirer/rawlist@npm:^4.0.6":
  version: 4.0.6
  resolution: "@inquirer/rawlist@npm:4.0.6"
  dependencies:
    "@inquirer/core": "npm:^10.1.4"
    "@inquirer/type": "npm:^3.0.2"
    yoctocolors-cjs: "npm:^2.1.2"
  peerDependencies:
    "@types/node": ">=18"
  checksum: 10c0/c79f0ddd5cf7eae8db27a7080e277c32809d7bd58619f470d8b1598d1aff36f6aac276535ef35801a1dae97bb3763fd248e1067800e6eccd49276206d6cdb945
  languageName: node
  linkType: hard

"@inquirer/search@npm:^3.0.6":
  version: 3.0.6
  resolution: "@inquirer/search@npm:3.0.6"
  dependencies:
    "@inquirer/core": "npm:^10.1.4"
    "@inquirer/figures": "npm:^1.0.9"
    "@inquirer/type": "npm:^3.0.2"
    yoctocolors-cjs: "npm:^2.1.2"
  peerDependencies:
    "@types/node": ">=18"
  checksum: 10c0/27afe9105b9fd26b5985847f75c82f59156158b6366e35896764cd08ee7bb76e3d9c7110c6ed50ab4d7e13466ea3f0e60492a644e0eb6a0d8c30701b07221ad9
  languageName: node
  linkType: hard

"@inquirer/select@npm:^4.0.6":
  version: 4.0.6
  resolution: "@inquirer/select@npm:4.0.6"
  dependencies:
    "@inquirer/core": "npm:^10.1.4"
    "@inquirer/figures": "npm:^1.0.9"
    "@inquirer/type": "npm:^3.0.2"
    ansi-escapes: "npm:^4.3.2"
    yoctocolors-cjs: "npm:^2.1.2"
  peerDependencies:
    "@types/node": ">=18"
  checksum: 10c0/5346007a5f62ff88f36c219b625d6031ba12fea6849b38aab1d3ed1219387004bf1c3a44aeec47a3988c9aeb1934a8a06509fe9e00f39135fa22113a01e1cc37
  languageName: node
  linkType: hard

"@inquirer/type@npm:^3.0.2":
  version: 3.0.2
  resolution: "@inquirer/type@npm:3.0.2"
  peerDependencies:
    "@types/node": ">=18"
  checksum: 10c0/fe348db2977fff92cad0ade05b36ec40714326fccd4a174be31663f8923729b4276f1736d892a449627d7fb03235ff44e8aac5aa72b09036d993593b813ef313
  languageName: node
  linkType: hard

"@napi-rs/cli@npm:^3.0.0-alpha.64":
  version: 3.0.0-alpha.65
  resolution: "@napi-rs/cli@npm:3.0.0-alpha.65"
  dependencies:
    "@inquirer/prompts": "npm:^7.0.0"
    "@napi-rs/cross-toolchain": "npm:^0.0.16"
    "@napi-rs/wasm-tools": "npm:^0.0.2"
    "@octokit/rest": "npm:^21.0.2"
    clipanion: "npm:^3.2.1"
    colorette: "npm:^2.0.20"
    debug: "npm:^4.3.7"
    emnapi: "npm:^1.3.1"
    js-yaml: "npm:^4.1.0"
    lodash-es: "npm:^4.17.21"
    semver: "npm:^7.6.3"
    toml: "npm:^3.0.0"
    typanion: "npm:^3.14.0"
    wasm-sjlj: "npm:^1.0.5"
  peerDependencies:
    "@emnapi/runtime": ^1.1.0
    emnapi: ^1.1.0
  peerDependenciesMeta:
    "@emnapi/runtime":
      optional: true
    emnapi:
      optional: true
  bin:
    napi: ./dist/cli.js
    napi-raw: ./cli.mjs
  checksum: 10c0/cc8fc7d51fa2c77de86e92e1090bbdd05faa14834a2e841ffd63dc4e962eb7db2a9d595003107566da8deecf026064e7ef6eec1c6e7d9f64310dad93774df651
  languageName: node
  linkType: hard

"@napi-rs/cross-toolchain@npm:^0.0.16":
  version: 0.0.16
  resolution: "@napi-rs/cross-toolchain@npm:0.0.16"
  dependencies:
    "@napi-rs/lzma": "npm:^1.3.1"
    "@napi-rs/tar": "npm:^0.1.1"
    debug: "npm:^4.3.4"
  peerDependencies:
    "@napi-rs/cross-toolchain-arm64-target-aarch64": ^0.0.16
    "@napi-rs/cross-toolchain-arm64-target-armv7": ^0.0.16
    "@napi-rs/cross-toolchain-arm64-target-x86_64": ^0.0.16
    "@napi-rs/cross-toolchain-x64-target-aarch64": ^0.0.16
    "@napi-rs/cross-toolchain-x64-target-armv7": ^0.0.16
    "@napi-rs/cross-toolchain-x64-target-x86_64": ^0.0.16
  peerDependenciesMeta:
    "@napi-rs/cross-toolchain-arm64-target-aarch64":
      optional: true
    "@napi-rs/cross-toolchain-arm64-target-armv7":
      optional: true
    "@napi-rs/cross-toolchain-arm64-target-x86_64":
      optional: true
    "@napi-rs/cross-toolchain-x64-target-aarch64":
      optional: true
    "@napi-rs/cross-toolchain-x64-target-armv7":
      optional: true
    "@napi-rs/cross-toolchain-x64-target-x86_64":
      optional: true
  checksum: 10c0/a0ea9d3a421352ccde68e2ea5849f7b099d1949a0af07c6d703932b3899c176e62fec12e996386c135b5f7fb23bcc2cb1112ec5b64444e7083529fea61ea651a
  languageName: node
  linkType: hard

"@napi-rs/lzma-android-arm-eabi@npm:1.4.1":
  version: 1.4.1
  resolution: "@napi-rs/lzma-android-arm-eabi@npm:1.4.1"
  conditions: os=android & cpu=arm
  languageName: node
  linkType: hard

"@napi-rs/lzma-android-arm64@npm:1.4.1":
  version: 1.4.1
  resolution: "@napi-rs/lzma-android-arm64@npm:1.4.1"
  conditions: os=android & cpu=arm64
  languageName: node
  linkType: hard

"@napi-rs/lzma-darwin-arm64@npm:1.4.1":
  version: 1.4.1
  resolution: "@napi-rs/lzma-darwin-arm64@npm:1.4.1"
  conditions: os=darwin & cpu=arm64
  languageName: node
  linkType: hard

"@napi-rs/lzma-darwin-x64@npm:1.4.1":
  version: 1.4.1
  resolution: "@napi-rs/lzma-darwin-x64@npm:1.4.1"
  conditions: os=darwin & cpu=x64
  languageName: node
  linkType: hard

"@napi-rs/lzma-freebsd-x64@npm:1.4.1":
  version: 1.4.1
  resolution: "@napi-rs/lzma-freebsd-x64@npm:1.4.1"
  conditions: os=freebsd & cpu=x64
  languageName: node
  linkType: hard

"@napi-rs/lzma-linux-arm-gnueabihf@npm:1.4.1":
  version: 1.4.1
  resolution: "@napi-rs/lzma-linux-arm-gnueabihf@npm:1.4.1"
  conditions: os=linux & cpu=arm
  languageName: node
  linkType: hard

"@napi-rs/lzma-linux-arm64-gnu@npm:1.4.1":
  version: 1.4.1
  resolution: "@napi-rs/lzma-linux-arm64-gnu@npm:1.4.1"
  conditions: os=linux & cpu=arm64 & libc=glibc
  languageName: node
  linkType: hard

"@napi-rs/lzma-linux-arm64-musl@npm:1.4.1":
  version: 1.4.1
  resolution: "@napi-rs/lzma-linux-arm64-musl@npm:1.4.1"
  conditions: os=linux & cpu=arm64 & libc=musl
  languageName: node
  linkType: hard

"@napi-rs/lzma-linux-ppc64-gnu@npm:1.4.1":
  version: 1.4.1
  resolution: "@napi-rs/lzma-linux-ppc64-gnu@npm:1.4.1"
  conditions: os=linux & cpu=ppc64 & libc=glibc
  languageName: node
  linkType: hard

"@napi-rs/lzma-linux-riscv64-gnu@npm:1.4.1":
  version: 1.4.1
  resolution: "@napi-rs/lzma-linux-riscv64-gnu@npm:1.4.1"
  conditions: os=linux & cpu=riscv64 & libc=glibc
  languageName: node
  linkType: hard

"@napi-rs/lzma-linux-s390x-gnu@npm:1.4.1":
  version: 1.4.1
  resolution: "@napi-rs/lzma-linux-s390x-gnu@npm:1.4.1"
  conditions: os=linux & cpu=s390x & libc=glibc
  languageName: node
  linkType: hard

"@napi-rs/lzma-linux-x64-gnu@npm:1.4.1":
  version: 1.4.1
  resolution: "@napi-rs/lzma-linux-x64-gnu@npm:1.4.1"
  conditions: os=linux & cpu=x64 & libc=glibc
  languageName: node
  linkType: hard

"@napi-rs/lzma-linux-x64-musl@npm:1.4.1":
  version: 1.4.1
  resolution: "@napi-rs/lzma-linux-x64-musl@npm:1.4.1"
  conditions: os=linux & cpu=x64 & libc=musl
  languageName: node
  linkType: hard

"@napi-rs/lzma-wasm32-wasi@npm:1.4.1":
  version: 1.4.1
  resolution: "@napi-rs/lzma-wasm32-wasi@npm:1.4.1"
  dependencies:
    "@napi-rs/wasm-runtime": "npm:^0.2.4"
  conditions: cpu=wasm32
  languageName: node
  linkType: hard

"@napi-rs/lzma-win32-arm64-msvc@npm:1.4.1":
  version: 1.4.1
  resolution: "@napi-rs/lzma-win32-arm64-msvc@npm:1.4.1"
  conditions: os=win32 & cpu=arm64
  languageName: node
  linkType: hard

"@napi-rs/lzma-win32-ia32-msvc@npm:1.4.1":
  version: 1.4.1
  resolution: "@napi-rs/lzma-win32-ia32-msvc@npm:1.4.1"
  conditions: os=win32 & cpu=ia32
  languageName: node
  linkType: hard

"@napi-rs/lzma-win32-x64-msvc@npm:1.4.1":
  version: 1.4.1
  resolution: "@napi-rs/lzma-win32-x64-msvc@npm:1.4.1"
  conditions: os=win32 & cpu=x64
  languageName: node
  linkType: hard

"@napi-rs/lzma@npm:^1.3.1":
  version: 1.4.1
  resolution: "@napi-rs/lzma@npm:1.4.1"
  dependencies:
    "@napi-rs/lzma-android-arm-eabi": "npm:1.4.1"
    "@napi-rs/lzma-android-arm64": "npm:1.4.1"
    "@napi-rs/lzma-darwin-arm64": "npm:1.4.1"
    "@napi-rs/lzma-darwin-x64": "npm:1.4.1"
    "@napi-rs/lzma-freebsd-x64": "npm:1.4.1"
    "@napi-rs/lzma-linux-arm-gnueabihf": "npm:1.4.1"
    "@napi-rs/lzma-linux-arm64-gnu": "npm:1.4.1"
    "@napi-rs/lzma-linux-arm64-musl": "npm:1.4.1"
    "@napi-rs/lzma-linux-ppc64-gnu": "npm:1.4.1"
    "@napi-rs/lzma-linux-riscv64-gnu": "npm:1.4.1"
    "@napi-rs/lzma-linux-s390x-gnu": "npm:1.4.1"
    "@napi-rs/lzma-linux-x64-gnu": "npm:1.4.1"
    "@napi-rs/lzma-linux-x64-musl": "npm:1.4.1"
    "@napi-rs/lzma-wasm32-wasi": "npm:1.4.1"
    "@napi-rs/lzma-win32-arm64-msvc": "npm:1.4.1"
    "@napi-rs/lzma-win32-ia32-msvc": "npm:1.4.1"
    "@napi-rs/lzma-win32-x64-msvc": "npm:1.4.1"
  dependenciesMeta:
    "@napi-rs/lzma-android-arm-eabi":
      optional: true
    "@napi-rs/lzma-android-arm64":
      optional: true
    "@napi-rs/lzma-darwin-arm64":
      optional: true
    "@napi-rs/lzma-darwin-x64":
      optional: true
    "@napi-rs/lzma-freebsd-x64":
      optional: true
    "@napi-rs/lzma-linux-arm-gnueabihf":
      optional: true
    "@napi-rs/lzma-linux-arm64-gnu":
      optional: true
    "@napi-rs/lzma-linux-arm64-musl":
      optional: true
    "@napi-rs/lzma-linux-ppc64-gnu":
      optional: true
    "@napi-rs/lzma-linux-riscv64-gnu":
      optional: true
    "@napi-rs/lzma-linux-s390x-gnu":
      optional: true
    "@napi-rs/lzma-linux-x64-gnu":
      optional: true
    "@napi-rs/lzma-linux-x64-musl":
      optional: true
    "@napi-rs/lzma-wasm32-wasi":
      optional: true
    "@napi-rs/lzma-win32-arm64-msvc":
      optional: true
    "@napi-rs/lzma-win32-ia32-msvc":
      optional: true
    "@napi-rs/lzma-win32-x64-msvc":
      optional: true
  checksum: 10c0/b50aa8160eef163caed8c8c2e998f2fc677f4e9f9e0aa1e1e8b21b83a1999c7faece12842df41392f6a3a30a655d934dba56f3fdf1c6a7fff996691c878a1ae8
  languageName: node
  linkType: hard

"@napi-rs/tar-android-arm-eabi@npm:0.1.4":
  version: 0.1.4
  resolution: "@napi-rs/tar-android-arm-eabi@npm:0.1.4"
  conditions: os=android & cpu=arm
  languageName: node
  linkType: hard

"@napi-rs/tar-android-arm64@npm:0.1.4":
  version: 0.1.4
  resolution: "@napi-rs/tar-android-arm64@npm:0.1.4"
  conditions: os=android & cpu=arm64
  languageName: node
  linkType: hard

"@napi-rs/tar-darwin-arm64@npm:0.1.4":
  version: 0.1.4
  resolution: "@napi-rs/tar-darwin-arm64@npm:0.1.4"
  conditions: os=darwin & cpu=arm64
  languageName: node
  linkType: hard

"@napi-rs/tar-darwin-x64@npm:0.1.4":
  version: 0.1.4
  resolution: "@napi-rs/tar-darwin-x64@npm:0.1.4"
  conditions: os=darwin & cpu=x64
  languageName: node
  linkType: hard

"@napi-rs/tar-freebsd-x64@npm:0.1.4":
  version: 0.1.4
  resolution: "@napi-rs/tar-freebsd-x64@npm:0.1.4"
  conditions: os=freebsd & cpu=x64
  languageName: node
  linkType: hard

"@napi-rs/tar-linux-arm-gnueabihf@npm:0.1.4":
  version: 0.1.4
  resolution: "@napi-rs/tar-linux-arm-gnueabihf@npm:0.1.4"
  conditions: os=linux & cpu=arm
  languageName: node
  linkType: hard

"@napi-rs/tar-linux-arm64-gnu@npm:0.1.4":
  version: 0.1.4
  resolution: "@napi-rs/tar-linux-arm64-gnu@npm:0.1.4"
  conditions: os=linux & cpu=arm64 & libc=glibc
  languageName: node
  linkType: hard

"@napi-rs/tar-linux-arm64-musl@npm:0.1.4":
  version: 0.1.4
  resolution: "@napi-rs/tar-linux-arm64-musl@npm:0.1.4"
  conditions: os=linux & cpu=arm64 & libc=musl
  languageName: node
  linkType: hard

"@napi-rs/tar-linux-ppc64-gnu@npm:0.1.4":
  version: 0.1.4
  resolution: "@napi-rs/tar-linux-ppc64-gnu@npm:0.1.4"
  conditions: os=linux & cpu=ppc64 & libc=glibc
  languageName: node
  linkType: hard

"@napi-rs/tar-linux-s390x-gnu@npm:0.1.4":
  version: 0.1.4
  resolution: "@napi-rs/tar-linux-s390x-gnu@npm:0.1.4"
  conditions: os=linux & cpu=s390x & libc=glibc
  languageName: node
  linkType: hard

"@napi-rs/tar-linux-x64-gnu@npm:0.1.4":
  version: 0.1.4
  resolution: "@napi-rs/tar-linux-x64-gnu@npm:0.1.4"
  conditions: os=linux & cpu=x64 & libc=glibc
  languageName: node
  linkType: hard

"@napi-rs/tar-linux-x64-musl@npm:0.1.4":
  version: 0.1.4
  resolution: "@napi-rs/tar-linux-x64-musl@npm:0.1.4"
  conditions: os=linux & cpu=x64 & libc=musl
  languageName: node
  linkType: hard

"@napi-rs/tar-wasm32-wasi@npm:0.1.4":
  version: 0.1.4
  resolution: "@napi-rs/tar-wasm32-wasi@npm:0.1.4"
  dependencies:
    "@napi-rs/wasm-runtime": "npm:^0.2.4"
  conditions: cpu=wasm32
  languageName: node
  linkType: hard

"@napi-rs/tar-win32-arm64-msvc@npm:0.1.4":
  version: 0.1.4
  resolution: "@napi-rs/tar-win32-arm64-msvc@npm:0.1.4"
  conditions: os=win32 & cpu=arm64
  languageName: node
  linkType: hard

"@napi-rs/tar-win32-ia32-msvc@npm:0.1.4":
  version: 0.1.4
  resolution: "@napi-rs/tar-win32-ia32-msvc@npm:0.1.4"
  conditions: os=win32 & cpu=ia32
  languageName: node
  linkType: hard

"@napi-rs/tar-win32-x64-msvc@npm:0.1.4":
  version: 0.1.4
  resolution: "@napi-rs/tar-win32-x64-msvc@npm:0.1.4"
  conditions: os=win32 & cpu=x64
  languageName: node
  linkType: hard

"@napi-rs/tar@npm:^0.1.1":
  version: 0.1.4
  resolution: "@napi-rs/tar@npm:0.1.4"
  dependencies:
    "@napi-rs/tar-android-arm-eabi": "npm:0.1.4"
    "@napi-rs/tar-android-arm64": "npm:0.1.4"
    "@napi-rs/tar-darwin-arm64": "npm:0.1.4"
    "@napi-rs/tar-darwin-x64": "npm:0.1.4"
    "@napi-rs/tar-freebsd-x64": "npm:0.1.4"
    "@napi-rs/tar-linux-arm-gnueabihf": "npm:0.1.4"
    "@napi-rs/tar-linux-arm64-gnu": "npm:0.1.4"
    "@napi-rs/tar-linux-arm64-musl": "npm:0.1.4"
    "@napi-rs/tar-linux-ppc64-gnu": "npm:0.1.4"
    "@napi-rs/tar-linux-s390x-gnu": "npm:0.1.4"
    "@napi-rs/tar-linux-x64-gnu": "npm:0.1.4"
    "@napi-rs/tar-linux-x64-musl": "npm:0.1.4"
    "@napi-rs/tar-wasm32-wasi": "npm:0.1.4"
    "@napi-rs/tar-win32-arm64-msvc": "npm:0.1.4"
    "@napi-rs/tar-win32-ia32-msvc": "npm:0.1.4"
    "@napi-rs/tar-win32-x64-msvc": "npm:0.1.4"
  dependenciesMeta:
    "@napi-rs/tar-android-arm-eabi":
      optional: true
    "@napi-rs/tar-android-arm64":
      optional: true
    "@napi-rs/tar-darwin-arm64":
      optional: true
    "@napi-rs/tar-darwin-x64":
      optional: true
    "@napi-rs/tar-freebsd-x64":
      optional: true
    "@napi-rs/tar-linux-arm-gnueabihf":
      optional: true
    "@napi-rs/tar-linux-arm64-gnu":
      optional: true
    "@napi-rs/tar-linux-arm64-musl":
      optional: true
    "@napi-rs/tar-linux-ppc64-gnu":
      optional: true
    "@napi-rs/tar-linux-s390x-gnu":
      optional: true
    "@napi-rs/tar-linux-x64-gnu":
      optional: true
    "@napi-rs/tar-linux-x64-musl":
      optional: true
    "@napi-rs/tar-wasm32-wasi":
      optional: true
    "@napi-rs/tar-win32-arm64-msvc":
      optional: true
    "@napi-rs/tar-win32-ia32-msvc":
      optional: true
    "@napi-rs/tar-win32-x64-msvc":
      optional: true
  checksum: 10c0/9b81dc4bb4f2fe67951bbcf9d7c68737d20cc04904852968837545a1347e3767b83485b00218745e5138f4567711bcf5975860686228279121fd30a88fc333c5
  languageName: node
  linkType: hard

"@napi-rs/wasm-runtime@npm:^0.2.3, @napi-rs/wasm-runtime@npm:^0.2.4":
  version: 0.2.6
  resolution: "@napi-rs/wasm-runtime@npm:0.2.6"
  dependencies:
    "@emnapi/core": "npm:^1.3.1"
    "@emnapi/runtime": "npm:^1.3.1"
    "@tybys/wasm-util": "npm:^0.9.0"
  checksum: 10c0/f921676c1d5c75494bd704c6c0837fd05fe95f5d1cb7373e32987ef5e00c3a1e90b5052352bd4b60ee20c3fe592af2dbba3b0de0c637218c25590828dbc4067e
  languageName: node
  linkType: hard

"@napi-rs/wasm-tools-android-arm-eabi@npm:0.0.2":
  version: 0.0.2
  resolution: "@napi-rs/wasm-tools-android-arm-eabi@npm:0.0.2"
  conditions: os=android & cpu=arm
  languageName: node
  linkType: hard

"@napi-rs/wasm-tools-android-arm64@npm:0.0.2":
  version: 0.0.2
  resolution: "@napi-rs/wasm-tools-android-arm64@npm:0.0.2"
  conditions: os=android & cpu=arm64
  languageName: node
  linkType: hard

"@napi-rs/wasm-tools-darwin-arm64@npm:0.0.2":
  version: 0.0.2
  resolution: "@napi-rs/wasm-tools-darwin-arm64@npm:0.0.2"
  conditions: os=darwin & cpu=arm64
  languageName: node
  linkType: hard

"@napi-rs/wasm-tools-darwin-x64@npm:0.0.2":
  version: 0.0.2
  resolution: "@napi-rs/wasm-tools-darwin-x64@npm:0.0.2"
  conditions: os=darwin & cpu=x64
  languageName: node
  linkType: hard

"@napi-rs/wasm-tools-freebsd-x64@npm:0.0.2":
  version: 0.0.2
  resolution: "@napi-rs/wasm-tools-freebsd-x64@npm:0.0.2"
  conditions: os=freebsd & cpu=x64
  languageName: node
  linkType: hard

"@napi-rs/wasm-tools-linux-arm64-gnu@npm:0.0.2":
  version: 0.0.2
  resolution: "@napi-rs/wasm-tools-linux-arm64-gnu@npm:0.0.2"
  conditions: os=linux & cpu=arm64 & libc=glibc
  languageName: node
  linkType: hard

"@napi-rs/wasm-tools-linux-arm64-musl@npm:0.0.2":
  version: 0.0.2
  resolution: "@napi-rs/wasm-tools-linux-arm64-musl@npm:0.0.2"
  conditions: os=linux & cpu=arm64 & libc=musl
  languageName: node
  linkType: hard

"@napi-rs/wasm-tools-linux-x64-gnu@npm:0.0.2":
  version: 0.0.2
  resolution: "@napi-rs/wasm-tools-linux-x64-gnu@npm:0.0.2"
  conditions: os=linux & cpu=x64 & libc=glibc
  languageName: node
  linkType: hard

"@napi-rs/wasm-tools-linux-x64-musl@npm:0.0.2":
  version: 0.0.2
  resolution: "@napi-rs/wasm-tools-linux-x64-musl@npm:0.0.2"
  conditions: os=linux & cpu=x64 & libc=musl
  languageName: node
  linkType: hard

"@napi-rs/wasm-tools-wasm32-wasi@npm:0.0.2":
  version: 0.0.2
  resolution: "@napi-rs/wasm-tools-wasm32-wasi@npm:0.0.2"
  dependencies:
    "@napi-rs/wasm-runtime": "npm:^0.2.3"
  conditions: cpu=wasm32
  languageName: node
  linkType: hard

"@napi-rs/wasm-tools-win32-arm64-msvc@npm:0.0.2":
  version: 0.0.2
  resolution: "@napi-rs/wasm-tools-win32-arm64-msvc@npm:0.0.2"
  conditions: os=win32 & cpu=arm64
  languageName: node
  linkType: hard

"@napi-rs/wasm-tools-win32-ia32-msvc@npm:0.0.2":
  version: 0.0.2
  resolution: "@napi-rs/wasm-tools-win32-ia32-msvc@npm:0.0.2"
  conditions: os=win32 & cpu=ia32
  languageName: node
  linkType: hard

"@napi-rs/wasm-tools-win32-x64-msvc@npm:0.0.2":
  version: 0.0.2
  resolution: "@napi-rs/wasm-tools-win32-x64-msvc@npm:0.0.2"
  conditions: os=win32 & cpu=x64
  languageName: node
  linkType: hard

"@napi-rs/wasm-tools@npm:^0.0.2":
  version: 0.0.2
  resolution: "@napi-rs/wasm-tools@npm:0.0.2"
  dependencies:
    "@napi-rs/wasm-tools-android-arm-eabi": "npm:0.0.2"
    "@napi-rs/wasm-tools-android-arm64": "npm:0.0.2"
    "@napi-rs/wasm-tools-darwin-arm64": "npm:0.0.2"
    "@napi-rs/wasm-tools-darwin-x64": "npm:0.0.2"
    "@napi-rs/wasm-tools-freebsd-x64": "npm:0.0.2"
    "@napi-rs/wasm-tools-linux-arm64-gnu": "npm:0.0.2"
    "@napi-rs/wasm-tools-linux-arm64-musl": "npm:0.0.2"
    "@napi-rs/wasm-tools-linux-x64-gnu": "npm:0.0.2"
    "@napi-rs/wasm-tools-linux-x64-musl": "npm:0.0.2"
    "@napi-rs/wasm-tools-wasm32-wasi": "npm:0.0.2"
    "@napi-rs/wasm-tools-win32-arm64-msvc": "npm:0.0.2"
    "@napi-rs/wasm-tools-win32-ia32-msvc": "npm:0.0.2"
    "@napi-rs/wasm-tools-win32-x64-msvc": "npm:0.0.2"
  dependenciesMeta:
    "@napi-rs/wasm-tools-android-arm-eabi":
      optional: true
    "@napi-rs/wasm-tools-android-arm64":
      optional: true
    "@napi-rs/wasm-tools-darwin-arm64":
      optional: true
    "@napi-rs/wasm-tools-darwin-x64":
      optional: true
    "@napi-rs/wasm-tools-freebsd-x64":
      optional: true
    "@napi-rs/wasm-tools-linux-arm64-gnu":
      optional: true
    "@napi-rs/wasm-tools-linux-arm64-musl":
      optional: true
    "@napi-rs/wasm-tools-linux-x64-gnu":
      optional: true
    "@napi-rs/wasm-tools-linux-x64-musl":
      optional: true
    "@napi-rs/wasm-tools-wasm32-wasi":
      optional: true
    "@napi-rs/wasm-tools-win32-arm64-msvc":
      optional: true
    "@napi-rs/wasm-tools-win32-ia32-msvc":
      optional: true
    "@napi-rs/wasm-tools-win32-x64-msvc":
      optional: true
  checksum: 10c0/001ee9e9d9ea66f9ac41128d6062d48da1eeed7d53e8fe7d28b8829cfcfb10581151a55a759ee56427cc56b499bfc032c49540fc92c8c008c7a615860159815f
  languageName: node
  linkType: hard

"@number0/iroh@workspace:.":
  version: 0.0.0-use.local
  resolution: "@number0/iroh@workspace:."
  dependencies:
    "@napi-rs/cli": "npm:^3.0.0-alpha.64"
  languageName: unknown
  linkType: soft

"@octokit/auth-token@npm:^5.0.0":
  version: 5.1.1
  resolution: "@octokit/auth-token@npm:5.1.1"
  checksum: 10c0/1e6117c5170de9a5532ffb85e0bda153f4dffdd66871c42de952828eddd9029fe5161a2a8bf20b57f0d45c80f8fb9ddc69aa639e0fa6b776829efb1b0881b154
  languageName: node
  linkType: hard

"@octokit/core@npm:^6.1.3":
  version: 6.1.3
  resolution: "@octokit/core@npm:6.1.3"
  dependencies:
    "@octokit/auth-token": "npm:^5.0.0"
    "@octokit/graphql": "npm:^8.1.2"
    "@octokit/request": "npm:^9.1.4"
    "@octokit/request-error": "npm:^6.1.6"
    "@octokit/types": "npm:^13.6.2"
    before-after-hook: "npm:^3.0.2"
    universal-user-agent: "npm:^7.0.0"
  checksum: 10c0/d02506dfb2771b18d0ee620b92deb75f0458cbf92b975b04c9ad3e50b06813d4c98a598bf1a1cae5757d31166c52a1ef55c30b17f2359f30309731e264ea20d0
  languageName: node
  linkType: hard

"@octokit/endpoint@npm:^10.0.0":
  version: 10.1.2
  resolution: "@octokit/endpoint@npm:10.1.2"
  dependencies:
    "@octokit/types": "npm:^13.6.2"
    universal-user-agent: "npm:^7.0.2"
  checksum: 10c0/36335c46137c401ffaf949a49c268559076600bc4a6a92b9737b748b554c5fa9c7cd275a4ab0d580f4b877bd1ed36095e6132d979c5ab49002b61f0a94ac16e9
  languageName: node
  linkType: hard

"@octokit/graphql@npm:^8.1.2":
  version: 8.1.2
  resolution: "@octokit/graphql@npm:8.1.2"
  dependencies:
    "@octokit/request": "npm:^9.1.4"
    "@octokit/types": "npm:^13.6.2"
    universal-user-agent: "npm:^7.0.0"
  checksum: 10c0/58f08ddbb85e334b5dc07c75ca746781484cb63e0d64edfa8205cd69a2d99c87a9279251a2d24bbdf9a3d45708474eb8d834858cd8f4959da726dbffe96e9e4e
  languageName: node
  linkType: hard

"@octokit/openapi-types@npm:^23.0.1":
  version: 23.0.1
  resolution: "@octokit/openapi-types@npm:23.0.1"
  checksum: 10c0/ab734ceb26343d9f051a59503b8cb5bdc7fec9ca044b60511b227179bec73141dd9144a6b2d68bcd737741881b136c1b7d5392da89ae2e35e39acc489e5eb4c1
  languageName: node
  linkType: hard

"@octokit/plugin-paginate-rest@npm:^11.4.0":
  version: 11.4.0
  resolution: "@octokit/plugin-paginate-rest@npm:11.4.0"
  dependencies:
    "@octokit/types": "npm:^13.7.0"
  peerDependencies:
    "@octokit/core": ">=6"
  checksum: 10c0/b211f2491ddb941dfe6ae0b8fa752c617c74a1bb3086a9e2e23e77430682d30863ed8ccc6180dd12d4f6f0e0c7af4489863dd63804e2cc9f3fab12c1f04f8dd2
  languageName: node
  linkType: hard

"@octokit/plugin-request-log@npm:^5.3.1":
  version: 5.3.1
  resolution: "@octokit/plugin-request-log@npm:5.3.1"
  peerDependencies:
    "@octokit/core": ">=6"
  checksum: 10c0/2f959934b8285cf39a1d1d0b92ec881b3ae171ae74738225f87b89381afd72a32bc7ea9c04d2dcee74f74ad24c22cce0c5f3e5b4333d531ea67b985e4ee90cb0
  languageName: node
  linkType: hard

"@octokit/plugin-rest-endpoint-methods@npm:^13.3.0":
  version: 13.3.0
  resolution: "@octokit/plugin-rest-endpoint-methods@npm:13.3.0"
  dependencies:
    "@octokit/types": "npm:^13.7.0"
  peerDependencies:
    "@octokit/core": ">=6"
  checksum: 10c0/f3c7a69cdc8c3d8d2a1ba492e528fa97e836822357cca57a47f3ecbc2a04f661ea479e9debf44e063e1cdbf4ea1f4c0d5dc8295be9ce3086422c4779eba473d5
  languageName: node
  linkType: hard

"@octokit/request-error@npm:^6.0.1, @octokit/request-error@npm:^6.1.6":
  version: 6.1.6
  resolution: "@octokit/request-error@npm:6.1.6"
  dependencies:
    "@octokit/types": "npm:^13.6.2"
  checksum: 10c0/cbbed77ddd1d40a1bed36224667c2fac4c20ce375a78d4648745ad1fedc8c2b1d01343b5908979d5b6557736245637eb58efc65d0cd1ef047ea6be74b46c47d2
  languageName: node
  linkType: hard

"@octokit/request@npm:^9.1.4":
  version: 9.1.4
  resolution: "@octokit/request@npm:9.1.4"
  dependencies:
    "@octokit/endpoint": "npm:^10.0.0"
    "@octokit/request-error": "npm:^6.0.1"
    "@octokit/types": "npm:^13.6.2"
    fast-content-type-parse: "npm:^2.0.0"
    universal-user-agent: "npm:^7.0.2"
  checksum: 10c0/a5ebfeb1ed185aed5422f5d407153f9c43450051cf99b7da0c4d185926af84efc5ff9b3338a58c7229b4e69b9b4c951045212ef13516433e5e2c21cb1a4cbb54
  languageName: node
  linkType: hard

"@octokit/rest@npm:^21.0.2":
  version: 21.1.0
  resolution: "@octokit/rest@npm:21.1.0"
  dependencies:
    "@octokit/core": "npm:^6.1.3"
    "@octokit/plugin-paginate-rest": "npm:^11.4.0"
    "@octokit/plugin-request-log": "npm:^5.3.1"
    "@octokit/plugin-rest-endpoint-methods": "npm:^13.3.0"
  checksum: 10c0/98d00f5be3e7ccee9486738664650e37be6251face1afc17e4733795a4b986645f33f64602aabf98dbde4c710d1448fb9ea7dfaf0f99824f37deb326aa2a224b
  languageName: node
  linkType: hard

"@octokit/types@npm:^13.6.2, @octokit/types@npm:^13.7.0":
  version: 13.7.0
  resolution: "@octokit/types@npm:13.7.0"
  dependencies:
    "@octokit/openapi-types": "npm:^23.0.1"
  checksum: 10c0/62ed4f00304360cc31e99a9dc97ac4f48075d1d5c09a272f09b1fd3dfcc7a6169b7fab109030319ef121b0cd880c85bdb20363f4992104e07a98bd8323beeeb5
  languageName: node
  linkType: hard

"@tybys/wasm-util@npm:^0.9.0":
  version: 0.9.0
  resolution: "@tybys/wasm-util@npm:0.9.0"
  dependencies:
    tslib: "npm:^2.4.0"
  checksum: 10c0/f9fde5c554455019f33af6c8215f1a1435028803dc2a2825b077d812bed4209a1a64444a4ca0ce2ea7e1175c8d88e2f9173a36a33c199e8a5c671aa31de8242d
  languageName: node
  linkType: hard

"ansi-escapes@npm:^4.3.2":
  version: 4.3.2
  resolution: "ansi-escapes@npm:4.3.2"
  dependencies:
    type-fest: "npm:^0.21.3"
  checksum: 10c0/da917be01871525a3dfcf925ae2977bc59e8c513d4423368645634bf5d4ceba5401574eb705c1e92b79f7292af5a656f78c5725a4b0e1cec97c4b413705c1d50
  languageName: node
  linkType: hard

"ansi-regex@npm:^5.0.1":
  version: 5.0.1
  resolution: "ansi-regex@npm:5.0.1"
  checksum: 10c0/9a64bb8627b434ba9327b60c027742e5d17ac69277960d041898596271d992d4d52ba7267a63ca10232e29f6107fc8a835f6ce8d719b88c5f8493f8254813737
  languageName: node
  linkType: hard

"ansi-styles@npm:^4.0.0":
  version: 4.3.0
  resolution: "ansi-styles@npm:4.3.0"
  dependencies:
    color-convert: "npm:^2.0.1"
  checksum: 10c0/895a23929da416f2bd3de7e9cb4eabd340949328ab85ddd6e484a637d8f6820d485f53933446f5291c3b760cbc488beb8e88573dd0f9c7daf83dccc8fe81b041
  languageName: node
  linkType: hard

"argparse@npm:^2.0.1":
  version: 2.0.1
  resolution: "argparse@npm:2.0.1"
  checksum: 10c0/c5640c2d89045371c7cedd6a70212a04e360fd34d6edeae32f6952c63949e3525ea77dbec0289d8213a99bbaeab5abfa860b5c12cf88a2e6cf8106e90dd27a7e
  languageName: node
  linkType: hard

"before-after-hook@npm:^3.0.2":
  version: 3.0.2
  resolution: "before-after-hook@npm:3.0.2"
  checksum: 10c0/dea640f9e88a1085372c9bcc974b7bf379267490693da92ec102a7d8b515dd1e95f00ef575a146b83ca638104c57406c3427d37bdf082f602dde4b56d05bba14
  languageName: node
  linkType: hard

"chardet@npm:^0.7.0":
  version: 0.7.0
  resolution: "chardet@npm:0.7.0"
  checksum: 10c0/96e4731b9ec8050cbb56ab684e8c48d6c33f7826b755802d14e3ebfdc51c57afeece3ea39bc6b09acc359e4363525388b915e16640c1378053820f5e70d0f27d
  languageName: node
  linkType: hard

"cli-width@npm:^4.1.0":
  version: 4.1.0
  resolution: "cli-width@npm:4.1.0"
  checksum: 10c0/1fbd56413578f6117abcaf858903ba1f4ad78370a4032f916745fa2c7e390183a9d9029cf837df320b0fdce8137668e522f60a30a5f3d6529ff3872d265a955f
  languageName: node
  linkType: hard

"clipanion@npm:^3.2.1":
  version: 3.2.1
  resolution: "clipanion@npm:3.2.1"
  dependencies:
    typanion: "npm:^3.8.0"
  peerDependencies:
    typanion: "*"
  checksum: 10c0/6c148bd01ae645031aeb6e9a1a16f3ce07eb754cd9981c91edcab82b09e063b805ac41e4f36039d07602334b6dbba036b030d1807c12acd7f90778a696b7ac6e
  languageName: node
  linkType: hard

"color-convert@npm:^2.0.1":
  version: 2.0.1
  resolution: "color-convert@npm:2.0.1"
  dependencies:
    color-name: "npm:~1.1.4"
  checksum: 10c0/37e1150172f2e311fe1b2df62c6293a342ee7380da7b9cfdba67ea539909afbd74da27033208d01d6d5cfc65ee7868a22e18d7e7648e004425441c0f8a15a7d7
  languageName: node
  linkType: hard

"color-name@npm:~1.1.4":
  version: 1.1.4
  resolution: "color-name@npm:1.1.4"
  checksum: 10c0/a1a3f914156960902f46f7f56bc62effc6c94e84b2cae157a526b1c1f74b677a47ec602bf68a61abfa2b42d15b7c5651c6dbe72a43af720bc588dff885b10f95
  languageName: node
  linkType: hard

"colorette@npm:^2.0.20":
  version: 2.0.20
  resolution: "colorette@npm:2.0.20"
  checksum: 10c0/e94116ff33b0ff56f3b83b9ace895e5bf87c2a7a47b3401b8c3f3226e050d5ef76cf4072fb3325f9dc24d1698f9b730baf4e05eeaf861d74a1883073f4c98a40
  languageName: node
  linkType: hard

"debug@npm:^4.3.4, debug@npm:^4.3.7":
  version: 4.4.0
  resolution: "debug@npm:4.4.0"
  dependencies:
    ms: "npm:^2.1.3"
  peerDependenciesMeta:
    supports-color:
      optional: true
  checksum: 10c0/db94f1a182bf886f57b4755f85b3a74c39b5114b9377b7ab375dc2cfa3454f09490cc6c30f829df3fc8042bc8b8995f6567ce5cd96f3bc3688bd24027197d9de
  languageName: node
  linkType: hard

"emnapi@npm:^1.3.1":
  version: 1.3.1
  resolution: "emnapi@npm:1.3.1"
  peerDependencies:
    node-addon-api: ">= 6.1.0"
  peerDependenciesMeta:
    node-addon-api:
      optional: true
  checksum: 10c0/db471d8ef056f6735a109367068d27d2f2c45d0cf1edc3efcc360485a585ce71130e43012b4d4936302780edbb68e3a23932fe3715114f2ce4229dc7ee0f5f2c
  languageName: node
  linkType: hard

"emoji-regex@npm:^8.0.0":
  version: 8.0.0
  resolution: "emoji-regex@npm:8.0.0"
  checksum: 10c0/b6053ad39951c4cf338f9092d7bfba448cdfd46fe6a2a034700b149ac9ffbc137e361cbd3c442297f86bed2e5f7576c1b54cc0a6bf8ef5106cc62f496af35010
  languageName: node
  linkType: hard

"external-editor@npm:^3.1.0":
  version: 3.1.0
  resolution: "external-editor@npm:3.1.0"
  dependencies:
    chardet: "npm:^0.7.0"
    iconv-lite: "npm:^0.4.24"
    tmp: "npm:^0.0.33"
  checksum: 10c0/c98f1ba3efdfa3c561db4447ff366a6adb5c1e2581462522c56a18bf90dfe4da382f9cd1feee3e330108c3595a854b218272539f311ba1b3298f841eb0fbf339
  languageName: node
  linkType: hard

"fast-content-type-parse@npm:^2.0.0":
  version: 2.0.1
  resolution: "fast-content-type-parse@npm:2.0.1"
  checksum: 10c0/e5ff87d75a35ae4cf377df1dca46ec49e7abbdc8513689676ecdef548b94900b50e66e516e64470035d79b9f7010ef15d98c24d8ae803a881363cc59e0715e19
  languageName: node
  linkType: hard

"iconv-lite@npm:^0.4.24":
  version: 0.4.24
  resolution: "iconv-lite@npm:0.4.24"
  dependencies:
    safer-buffer: "npm:>= 2.1.2 < 3"
  checksum: 10c0/c6886a24cc00f2a059767440ec1bc00d334a89f250db8e0f7feb4961c8727118457e27c495ba94d082e51d3baca378726cd110aaf7ded8b9bbfd6a44760cf1d4
  languageName: node
  linkType: hard

"is-fullwidth-code-point@npm:^3.0.0":
  version: 3.0.0
  resolution: "is-fullwidth-code-point@npm:3.0.0"
  checksum: 10c0/bb11d825e049f38e04c06373a8d72782eee0205bda9d908cc550ccb3c59b99d750ff9537982e01733c1c94a58e35400661f57042158ff5e8f3e90cf936daf0fc
  languageName: node
  linkType: hard

"js-yaml@npm:^4.1.0":
  version: 4.1.0
  resolution: "js-yaml@npm:4.1.0"
  dependencies:
    argparse: "npm:^2.0.1"
  bin:
    js-yaml: bin/js-yaml.js
  checksum: 10c0/184a24b4eaacfce40ad9074c64fd42ac83cf74d8c8cd137718d456ced75051229e5061b8633c3366b8aada17945a7a356b337828c19da92b51ae62126575018f
  languageName: node
  linkType: hard

"lodash-es@npm:^4.17.21":
  version: 4.17.21
  resolution: "lodash-es@npm:4.17.21"
  checksum: 10c0/fb407355f7e6cd523a9383e76e6b455321f0f153a6c9625e21a8827d10c54c2a2341bd2ae8d034358b60e07325e1330c14c224ff582d04612a46a4f0479ff2f2
  languageName: node
  linkType: hard

"ms@npm:^2.1.3":
  version: 2.1.3
  resolution: "ms@npm:2.1.3"
  checksum: 10c0/d924b57e7312b3b63ad21fc5b3dc0af5e78d61a1fc7cfb5457edaf26326bf62be5307cc87ffb6862ef1c2b33b0233cdb5d4f01c4c958cc0d660948b65a287a48
  languageName: node
  linkType: hard

"mute-stream@npm:^2.0.0":
  version: 2.0.0
  resolution: "mute-stream@npm:2.0.0"
  checksum: 10c0/2cf48a2087175c60c8dcdbc619908b49c07f7adcfc37d29236b0c5c612d6204f789104c98cc44d38acab7b3c96f4a3ec2cfdc4934d0738d876dbefa2a12c69f4
  languageName: node
  linkType: hard

"os-tmpdir@npm:~1.0.2":
  version: 1.0.2
  resolution: "os-tmpdir@npm:1.0.2"
  checksum: 10c0/f438450224f8e2687605a8dd318f0db694b6293c5d835ae509a69e97c8de38b6994645337e5577f5001115470414638978cc49da1cdcc25106dad8738dc69990
  languageName: node
  linkType: hard

"safer-buffer@npm:>= 2.1.2 < 3":
  version: 2.1.2
  resolution: "safer-buffer@npm:2.1.2"
  checksum: 10c0/7e3c8b2e88a1841c9671094bbaeebd94448111dd90a81a1f606f3f67708a6ec57763b3b47f06da09fc6054193e0e6709e77325415dc8422b04497a8070fa02d4
  languageName: node
  linkType: hard

"semver@npm:^7.6.3":
  version: 7.6.3
  resolution: "semver@npm:7.6.3"
  bin:
    semver: bin/semver.js
  checksum: 10c0/88f33e148b210c153873cb08cfe1e281d518aaa9a666d4d148add6560db5cd3c582f3a08ccb91f38d5f379ead256da9931234ed122057f40bb5766e65e58adaf
  languageName: node
  linkType: hard

"signal-exit@npm:^4.1.0":
  version: 4.1.0
  resolution: "signal-exit@npm:4.1.0"
  checksum: 10c0/41602dce540e46d599edba9d9860193398d135f7ff72cab629db5171516cfae628d21e7bfccde1bbfdf11c48726bc2a6d1a8fb8701125852fbfda7cf19c6aa83
  languageName: node
  linkType: hard

"string-width@npm:^4.1.0":
  version: 4.2.3
  resolution: "string-width@npm:4.2.3"
  dependencies:
    emoji-regex: "npm:^8.0.0"
    is-fullwidth-code-point: "npm:^3.0.0"
    strip-ansi: "npm:^6.0.1"
  checksum: 10c0/1e525e92e5eae0afd7454086eed9c818ee84374bb80328fc41217ae72ff5f065ef1c9d7f72da41de40c75fa8bb3dee63d92373fd492c84260a552c636392a47b
  languageName: node
  linkType: hard

"strip-ansi@npm:^6.0.0, strip-ansi@npm:^6.0.1":
  version: 6.0.1
  resolution: "strip-ansi@npm:6.0.1"
  dependencies:
    ansi-regex: "npm:^5.0.1"
  checksum: 10c0/1ae5f212a126fe5b167707f716942490e3933085a5ff6c008ab97ab2f272c8025d3aa218b7bd6ab25729ca20cc81cddb252102f8751e13482a5199e873680952
  languageName: node
  linkType: hard

"tmp@npm:^0.0.33":
  version: 0.0.33
  resolution: "tmp@npm:0.0.33"
  dependencies:
    os-tmpdir: "npm:~1.0.2"
  checksum: 10c0/69863947b8c29cabad43fe0ce65cec5bb4b481d15d4b4b21e036b060b3edbf3bc7a5541de1bacb437bb3f7c4538f669752627fdf9b4aaf034cebd172ba373408
  languageName: node
  linkType: hard

"toml@npm:^3.0.0":
  version: 3.0.0
  resolution: "toml@npm:3.0.0"
  checksum: 10c0/8d7ed3e700ca602e5419fca343e1c595eb7aa177745141f0761a5b20874b58ee5c878cd045c408da9d130cb2b611c639912210ba96ce2f78e443569aa8060c18
  languageName: node
  linkType: hard

"tslib@npm:^2.4.0":
  version: 2.8.1
  resolution: "tslib@npm:2.8.1"
  checksum: 10c0/9c4759110a19c53f992d9aae23aac5ced636e99887b51b9e61def52611732872ff7668757d4e4c61f19691e36f4da981cd9485e869b4a7408d689f6bf1f14e62
  languageName: node
  linkType: hard

"typanion@npm:^3.14.0, typanion@npm:^3.8.0":
  version: 3.14.0
  resolution: "typanion@npm:3.14.0"
  checksum: 10c0/8b03b19844e6955bfd906c31dc781bae6d7f1fb3ce4fe24b7501557013d4889ae5cefe671dafe98d87ead0adceb8afcb8bc16df7dc0bd2b7331bac96f3a7cae2
  languageName: node
  linkType: hard

"type-fest@npm:^0.21.3":
  version: 0.21.3
  resolution: "type-fest@npm:0.21.3"
  checksum: 10c0/902bd57bfa30d51d4779b641c2bc403cdf1371fb9c91d3c058b0133694fcfdb817aef07a47f40faf79039eecbaa39ee9d3c532deff244f3a19ce68cea71a61e8
  languageName: node
  linkType: hard

"universal-user-agent@npm:^7.0.0, universal-user-agent@npm:^7.0.2":
  version: 7.0.2
  resolution: "universal-user-agent@npm:7.0.2"
  checksum: 10c0/e60517ee929813e6b3ac0ceb3c66deccafadc71341edca160279ff046319c684fd7090a60d63aa61cd34a06c2d2acebeb8c2f8d364244ae7bf8ab788e20cd8c8
  languageName: node
  linkType: hard

"wasm-sjlj@npm:^1.0.5":
  version: 1.0.6
  resolution: "wasm-sjlj@npm:1.0.6"
  checksum: 10c0/e1172736ca02af383e838ce396b6cc7fc8814d7cc313b30b721c513a79140313cebadb094b9e76d13e27cc679cde72df4e660dbdc5033e8cf66cf0bd176024dd
  languageName: node
  linkType: hard

"wrap-ansi@npm:^6.2.0":
  version: 6.2.0
  resolution: "wrap-ansi@npm:6.2.0"
  dependencies:
    ansi-styles: "npm:^4.0.0"
    string-width: "npm:^4.1.0"
    strip-ansi: "npm:^6.0.0"
  checksum: 10c0/baad244e6e33335ea24e86e51868fe6823626e3a3c88d9a6674642afff1d34d9a154c917e74af8d845fd25d170c4ea9cf69a47133c3f3656e1252b3d462d9f6c
  languageName: node
  linkType: hard

"yoctocolors-cjs@npm:^2.1.2":
  version: 2.1.2
  resolution: "yoctocolors-cjs@npm:2.1.2"
  checksum: 10c0/a0e36eb88fea2c7981eab22d1ba45e15d8d268626e6c4143305e2c1628fa17ebfaa40cd306161a8ce04c0a60ee0262058eab12567493d5eb1409780853454c6f
  languageName: node
  linkType: hard
