# This file is generated by running "yarn install" inside your project.
# Manual changes might be lost - proceed with caution!

__metadata:
  version: 8
  cacheKey: 10c0

"@gerrit0/mini-shiki@npm:^3.23.0":
  version: 3.23.0
  resolution: "@gerrit0/mini-shiki@npm:3.23.0"
  dependencies:
    "@shikijs/engine-oniguruma": "npm:^3.23.0"
    "@shikijs/langs": "npm:^3.23.0"
    "@shikijs/themes": "npm:^3.23.0"
    "@shikijs/types": "npm:^3.23.0"
    "@shikijs/vscode-textmate": "npm:^10.0.2"
  checksum: 10c0/f9663e0e179edd2d7733207843f1bceda24311ab7b5495d50e0531305129fba8663388784c80645383ac6ae5e3a97c138faefeea8c328e7664da882f4ecb1c3a
  languageName: node
  linkType: hard

"@inquirer/ansi@npm:^2.0.7":
  version: 2.0.7
  resolution: "@inquirer/ansi@npm:2.0.7"
  checksum: 10c0/a574f97a899f0d9346fa26b528b3f4a9ba6dcb9172288efb6b4314d8486470ed53d2f538200f66a25b843c6e0cbf83688c6d5174a8dc6eca853b291b09609c5a
  languageName: node
  linkType: hard

"@inquirer/checkbox@npm:^5.2.1":
  version: 5.2.1
  resolution: "@inquirer/checkbox@npm:5.2.1"
  dependencies:
    "@inquirer/ansi": "npm:^2.0.7"
    "@inquirer/core": "npm:^11.2.1"
    "@inquirer/figures": "npm:^2.0.7"
    "@inquirer/type": "npm:^4.0.7"
  peerDependencies:
    "@types/node": ">=18"
  peerDependenciesMeta:
    "@types/node":
      optional: true
  checksum: 10c0/e3a845156c718fbbec228a0e7fd2a4f10775185615eac1f405b3a2bb2ae607dda6baf178fbd6487db0e12e5e33014536e81acefe65de57cd476a7aeaea6fb35d
  languageName: node
  linkType: hard

"@inquirer/confirm@npm:^6.1.1":
  version: 6.1.1
  resolution: "@inquirer/confirm@npm:6.1.1"
  dependencies:
    "@inquirer/core": "npm:^11.2.1"
    "@inquirer/type": "npm:^4.0.7"
  peerDependencies:
    "@types/node": ">=18"
  peerDependenciesMeta:
    "@types/node":
      optional: true
  checksum: 10c0/4684406161c09327df830b4026f3165b31e13831276d215051586408ed434423263b15686393ce95a4b55058c1b7f9b08aa4b66f5ac930b47523fff75051d36f
  languageName: node
  linkType: hard

"@inquirer/core@npm:^11.2.1":
  version: 11.2.1
  resolution: "@inquirer/core@npm:11.2.1"
  dependencies:
    "@inquirer/ansi": "npm:^2.0.7"
    "@inquirer/figures": "npm:^2.0.7"
    "@inquirer/type": "npm:^4.0.7"
    cli-width: "npm:^4.1.0"
    fast-wrap-ansi: "npm:^0.2.0"
    mute-stream: "npm:^3.0.0"
    signal-exit: "npm:^4.1.0"
  peerDependencies:
    "@types/node": ">=18"
  peerDependenciesMeta:
    "@types/node":
      optional: true
  checksum: 10c0/b5be386cecd9e441ac2f9d3417a6ae1c4658b3ee6cdf5dae791211400f4de158851f81fca2245e2062833716f95366b9e1717770828cb7365e756c16e822f0d2
  languageName: node
  linkType: hard

"@inquirer/editor@npm:^5.2.2":
  version: 5.2.2
  resolution: "@inquirer/editor@npm:5.2.2"
  dependencies:
    "@inquirer/core": "npm:^11.2.1"
    "@inquirer/external-editor": "npm:^3.0.3"
    "@inquirer/type": "npm:^4.0.7"
  peerDependencies:
    "@types/node": ">=18"
  peerDependenciesMeta:
    "@types/node":
      optional: true
  checksum: 10c0/a75e7012aad3ccc3ec84893463ed689924515a6cbaee8e2a475769fb27c12bcf359fcdd5f62e92107fc4be88fd69444c15adf13071982efc140c7015a6604d9a
  languageName: node
  linkType: hard

"@inquirer/expand@npm:^5.1.1":
  version: 5.1.1
  resolution: "@inquirer/expand@npm:5.1.1"
  dependencies:
    "@inquirer/core": "npm:^11.2.1"
    "@inquirer/type": "npm:^4.0.7"
  peerDependencies:
    "@types/node": ">=18"
  peerDependenciesMeta:
    "@types/node":
      optional: true
  checksum: 10c0/4de661a042147759ce351971a4f92010ab66cb76450424e7d8aec5de79b449d14e8751f54f557d0b047180bca2b76707626f4835ee46603c6200139c31b59652
  languageName: node
  linkType: hard

"@inquirer/external-editor@npm:^3.0.3":
  version: 3.0.3
  resolution: "@inquirer/external-editor@npm:3.0.3"
  dependencies:
    chardet: "npm:^2.1.1"
    iconv-lite: "npm:^0.7.2"
  peerDependencies:
    "@types/node": ">=18"
  peerDependenciesMeta:
    "@types/node":
      optional: true
  checksum: 10c0/fc24ddbff15f0874db6498c16d2fe153bb19a670d83605f480486d6ff0ea872ae2f32a548fd555797989db09850fa019a6b5e49a8d40cfee0d7deacad17edc1e
  languageName: node
  linkType: hard

"@inquirer/figures@npm:^2.0.7":
  version: 2.0.7
  resolution: "@inquirer/figures@npm:2.0.7"
  checksum: 10c0/e0573dc9ad25fa3628d5164745e52852d8cd832a9918605b7716df2e37a0005a0aaf40b6d81cef2ca09cb708b200e61b82d1dcd17003f572577e233c19a9ec7b
  languageName: node
  linkType: hard

"@inquirer/input@npm:^5.1.2":
  version: 5.1.2
  resolution: "@inquirer/input@npm:5.1.2"
  dependencies:
    "@inquirer/core": "npm:^11.2.1"
    "@inquirer/type": "npm:^4.0.7"
  peerDependencies:
    "@types/node": ">=18"
  peerDependenciesMeta:
    "@types/node":
      optional: true
  checksum: 10c0/9c3614f8d79fc2bec07a088858a58967a162046c9292b0c6f0c6f63396cf391181cfb54bb636f5b3dce8d23924c24ee4a0310183a493c94190e4750218f3744d
  languageName: node
  linkType: hard

"@inquirer/number@npm:^4.1.1":
  version: 4.1.1
  resolution: "@inquirer/number@npm:4.1.1"
  dependencies:
    "@inquirer/core": "npm:^11.2.1"
    "@inquirer/type": "npm:^4.0.7"
  peerDependencies:
    "@types/node": ">=18"
  peerDependenciesMeta:
    "@types/node":
      optional: true
  checksum: 10c0/06210dd70bf89d35242af43009b5e3f76a5f07d6275a9d842bbed61536032f5f349ecba1c20012975d7b0362deb89746d5903e90f21516da10bfd8c2055829a9
  languageName: node
  linkType: hard

"@inquirer/password@npm:^5.1.1":
  version: 5.1.1
  resolution: "@inquirer/password@npm:5.1.1"
  dependencies:
    "@inquirer/ansi": "npm:^2.0.7"
    "@inquirer/core": "npm:^11.2.1"
    "@inquirer/type": "npm:^4.0.7"
  peerDependencies:
    "@types/node": ">=18"
  peerDependenciesMeta:
    "@types/node":
      optional: true
  checksum: 10c0/e4cb3a53b56743808f83958a8fe85738d721599690a4bc7640eaa07fb8f4765bc6f174e40c16efcc8a5958a7169667e240714a706a36e831f9c7a6822cbe8b55
  languageName: node
  linkType: hard

"@inquirer/prompts@npm:^8.5.2":
  version: 8.5.2
  resolution: "@inquirer/prompts@npm:8.5.2"
  dependencies:
    "@inquirer/checkbox": "npm:^5.2.1"
    "@inquirer/confirm": "npm:^6.1.1"
    "@inquirer/editor": "npm:^5.2.2"
    "@inquirer/expand": "npm:^5.1.1"
    "@inquirer/input": "npm:^5.1.2"
    "@inquirer/number": "npm:^4.1.1"
    "@inquirer/password": "npm:^5.1.1"
    "@inquirer/rawlist": "npm:^5.3.1"
    "@inquirer/search": "npm:^4.2.1"
    "@inquirer/select": "npm:^5.2.1"
  peerDependencies:
    "@types/node": ">=18"
  peerDependenciesMeta:
    "@types/node":
      optional: true
  checksum: 10c0/253b92e31c6a1f8f00a778eda8196bb53fc931723f7db4a03937f38ccd4d07c987766d4f60b9250b5d90bfe30b04747dfa73927a9f6fb886bd48091ccb202535
  languageName: node
  linkType: hard

"@inquirer/rawlist@npm:^5.3.1":
  version: 5.3.1
  resolution: "@inquirer/rawlist@npm:5.3.1"
  dependencies:
    "@inquirer/core": "npm:^11.2.1"
    "@inquirer/type": "npm:^4.0.7"
  peerDependencies:
    "@types/node": ">=18"
  peerDependenciesMeta:
    "@types/node":
      optional: true
  checksum: 10c0/a05eb6a16633bd7b32b3b6b2c1f645e6e28d955475b21ba7222e7e66806b1be15be9f91235b2933e8d27e04fdad81ebfb2d64fc1fc0d4b8d82dcd2718817b2b9
  languageName: node
  linkType: hard

"@inquirer/search@npm:^4.2.1":
  version: 4.2.1
  resolution: "@inquirer/search@npm:4.2.1"
  dependencies:
    "@inquirer/core": "npm:^11.2.1"
    "@inquirer/figures": "npm:^2.0.7"
    "@inquirer/type": "npm:^4.0.7"
  peerDependencies:
    "@types/node": ">=18"
  peerDependenciesMeta:
    "@types/node":
      optional: true
  checksum: 10c0/eae9b2d524aae58266f96987696be22ad62f608661d28763c413f2560094d571a39d72a40630d2470f503ad5e6e50d8c574a653cc028bf79b51104fa91f59a67
  languageName: node
  linkType: hard

"@inquirer/select@npm:^5.2.1":
  version: 5.2.1
  resolution: "@inquirer/select@npm:5.2.1"
  dependencies:
    "@inquirer/ansi": "npm:^2.0.7"
    "@inquirer/core": "npm:^11.2.1"
    "@inquirer/figures": "npm:^2.0.7"
    "@inquirer/type": "npm:^4.0.7"
  peerDependencies:
    "@types/node": ">=18"
  peerDependenciesMeta:
    "@types/node":
      optional: true
  checksum: 10c0/3c6d0151b5a29111254a58eaf8b93bb4c476e68b0751526d8bff61a4bea457bdbe782890ae33977c5d2015f436596b5d32a8bb0677bfdf610f5f5998e65f5a92
  languageName: node
  linkType: hard

"@inquirer/type@npm:^4.0.7":
  version: 4.0.7
  resolution: "@inquirer/type@npm:4.0.7"
  peerDependencies:
    "@types/node": ">=18"
  peerDependenciesMeta:
    "@types/node":
      optional: true
  checksum: 10c0/80678ac1c6e19ce309909e4a54a69adc95697ea3abc2cb92f17b1bc52f4caadbcb4003ae7339fb5a70c0d36d3bde975e1bb4450069662f41c953a0d28695bb70
  languageName: node
  linkType: hard

"@napi-rs/cli@npm:^3.7.2":
  version: 3.7.2
  resolution: "@napi-rs/cli@npm:3.7.2"
  dependencies:
    "@inquirer/prompts": "npm:^8.5.2"
    "@napi-rs/cross-toolchain": "npm:^1.0.3"
    "@napi-rs/wasm-tools": "npm:^1.0.1"
    "@octokit/rest": "npm:^22.0.1"
    clipanion: "npm:^4.0.0-rc.4"
    colorette: "npm:^2.0.20"
    emnapi: "npm:^1.11.1"
    es-toolkit: "npm:^1.47.0"
    js-yaml: "npm:^4.2.0"
    obug: "npm:^2.1.2"
    semver: "npm:^7.8.2"
    typanion: "npm:^3.14.0"
  peerDependencies:
    "@emnapi/runtime": ^1.7.1
  peerDependenciesMeta:
    "@emnapi/runtime":
      optional: true
  bin:
    napi: dist/cli.js
    napi-raw: cli.mjs
  checksum: 10c0/c0ec077d0d2d6cd164e74c8c7a7d8c1075fc0b134ee463b68418f6ffded5a1ef66b3e23a908bb377e02eef7b814bfb3259897e864d1e90000ba2b6af74915b66
  languageName: node
  linkType: hard

"@napi-rs/cross-toolchain@npm:^1.0.3":
  version: 1.0.3
  resolution: "@napi-rs/cross-toolchain@npm:1.0.3"
  dependencies:
    "@napi-rs/lzma": "npm:^1.4.5"
    "@napi-rs/tar": "npm:^1.1.0"
    debug: "npm:^4.4.1"
  peerDependencies:
    "@napi-rs/cross-toolchain-arm64-target-aarch64": ^1.0.3
    "@napi-rs/cross-toolchain-arm64-target-armv7": ^1.0.3
    "@napi-rs/cross-toolchain-arm64-target-ppc64le": ^1.0.3
    "@napi-rs/cross-toolchain-arm64-target-s390x": ^1.0.3
    "@napi-rs/cross-toolchain-arm64-target-x86_64": ^1.0.3
    "@napi-rs/cross-toolchain-x64-target-aarch64": ^1.0.3
    "@napi-rs/cross-toolchain-x64-target-armv7": ^1.0.3
    "@napi-rs/cross-toolchain-x64-target-ppc64le": ^1.0.3
    "@napi-rs/cross-toolchain-x64-target-s390x": ^1.0.3
    "@napi-rs/cross-toolchain-x64-target-x86_64": ^1.0.3
  peerDependenciesMeta:
    "@napi-rs/cross-toolchain-arm64-target-aarch64":
      optional: true
    "@napi-rs/cross-toolchain-arm64-target-armv7":
      optional: true
    "@napi-rs/cross-toolchain-arm64-target-ppc64le":
      optional: true
    "@napi-rs/cross-toolchain-arm64-target-s390x":
      optional: true
    "@napi-rs/cross-toolchain-arm64-target-x86_64":
      optional: true
    "@napi-rs/cross-toolchain-x64-target-aarch64":
      optional: true
    "@napi-rs/cross-toolchain-x64-target-armv7":
      optional: true
    "@napi-rs/cross-toolchain-x64-target-ppc64le":
      optional: true
    "@napi-rs/cross-toolchain-x64-target-s390x":
      optional: true
    "@napi-rs/cross-toolchain-x64-target-x86_64":
      optional: true
  checksum: 10c0/fcc7877c1e47ba6bf4801a4154240d3130703524b1fed17e736126ce58b53960872b9933f8434e3e86b4635e4c7fe881228be0d237210dd96c2087244523750f
  languageName: node
  linkType: hard

"@napi-rs/lzma-android-arm-eabi@npm:1.4.5":
  version: 1.4.5
  resolution: "@napi-rs/lzma-android-arm-eabi@npm:1.4.5"
  conditions: os=android & cpu=arm
  languageName: node
  linkType: hard

"@napi-rs/lzma-android-arm64@npm:1.4.5":
  version: 1.4.5
  resolution: "@napi-rs/lzma-android-arm64@npm:1.4.5"
  conditions: os=android & cpu=arm64
  languageName: node
  linkType: hard

"@napi-rs/lzma-darwin-arm64@npm:1.4.5":
  version: 1.4.5
  resolution: "@napi-rs/lzma-darwin-arm64@npm:1.4.5"
  conditions: os=darwin & cpu=arm64
  languageName: node
  linkType: hard

"@napi-rs/lzma-darwin-x64@npm:1.4.5":
  version: 1.4.5
  resolution: "@napi-rs/lzma-darwin-x64@npm:1.4.5"
  conditions: os=darwin & cpu=x64
  languageName: node
  linkType: hard

"@napi-rs/lzma-freebsd-x64@npm:1.4.5":
  version: 1.4.5
  resolution: "@napi-rs/lzma-freebsd-x64@npm:1.4.5"
  conditions: os=freebsd & cpu=x64
  languageName: node
  linkType: hard

"@napi-rs/lzma-linux-arm-gnueabihf@npm:1.4.5":
  version: 1.4.5
  resolution: "@napi-rs/lzma-linux-arm-gnueabihf@npm:1.4.5"
  conditions: os=linux & cpu=arm
  languageName: node
  linkType: hard

"@napi-rs/lzma-linux-arm64-gnu@npm:1.4.5":
  version: 1.4.5
  resolution: "@napi-rs/lzma-linux-arm64-gnu@npm:1.4.5"
  conditions: os=linux & cpu=arm64 & libc=glibc
  languageName: node
  linkType: hard

"@napi-rs/lzma-linux-arm64-musl@npm:1.4.5":
  version: 1.4.5
  resolution: "@napi-rs/lzma-linux-arm64-musl@npm:1.4.5"
  conditions: os=linux & cpu=arm64 & libc=musl
  languageName: node
  linkType: hard

"@napi-rs/lzma-linux-ppc64-gnu@npm:1.4.5":
  version: 1.4.5
  resolution: "@napi-rs/lzma-linux-ppc64-gnu@npm:1.4.5"
  conditions: os=linux & cpu=ppc64 & libc=glibc
  languageName: node
  linkType: hard

"@napi-rs/lzma-linux-riscv64-gnu@npm:1.4.5":
  version: 1.4.5
  resolution: "@napi-rs/lzma-linux-riscv64-gnu@npm:1.4.5"
  conditions: os=linux & cpu=riscv64 & libc=glibc
  languageName: node
  linkType: hard

"@napi-rs/lzma-linux-s390x-gnu@npm:1.4.5":
  version: 1.4.5
  resolution: "@napi-rs/lzma-linux-s390x-gnu@npm:1.4.5"
  conditions: os=linux & cpu=s390x & libc=glibc
  languageName: node
  linkType: hard

"@napi-rs/lzma-linux-x64-gnu@npm:1.4.5":
  version: 1.4.5
  resolution: "@napi-rs/lzma-linux-x64-gnu@npm:1.4.5"
  conditions: os=linux & cpu=x64 & libc=glibc
  languageName: node
  linkType: hard

"@napi-rs/lzma-linux-x64-musl@npm:1.4.5":
  version: 1.4.5
  resolution: "@napi-rs/lzma-linux-x64-musl@npm:1.4.5"
  conditions: os=linux & cpu=x64 & libc=musl
  languageName: node
  linkType: hard

"@napi-rs/lzma-wasm32-wasi@npm:1.4.5":
  version: 1.4.5
  resolution: "@napi-rs/lzma-wasm32-wasi@npm:1.4.5"
  dependencies:
    "@napi-rs/wasm-runtime": "npm:^1.0.3"
  conditions: cpu=wasm32
  languageName: node
  linkType: hard

"@napi-rs/lzma-win32-arm64-msvc@npm:1.4.5":
  version: 1.4.5
  resolution: "@napi-rs/lzma-win32-arm64-msvc@npm:1.4.5"
  conditions: os=win32 & cpu=arm64
  languageName: node
  linkType: hard

"@napi-rs/lzma-win32-ia32-msvc@npm:1.4.5":
  version: 1.4.5
  resolution: "@napi-rs/lzma-win32-ia32-msvc@npm:1.4.5"
  conditions: os=win32 & cpu=ia32
  languageName: node
  linkType: hard

"@napi-rs/lzma-win32-x64-msvc@npm:1.4.5":
  version: 1.4.5
  resolution: "@napi-rs/lzma-win32-x64-msvc@npm:1.4.5"
  conditions: os=win32 & cpu=x64
  languageName: node
  linkType: hard

"@napi-rs/lzma@npm:^1.4.5":
  version: 1.4.5
  resolution: "@napi-rs/lzma@npm:1.4.5"
  dependencies:
    "@napi-rs/lzma-android-arm-eabi": "npm:1.4.5"
    "@napi-rs/lzma-android-arm64": "npm:1.4.5"
    "@napi-rs/lzma-darwin-arm64": "npm:1.4.5"
    "@napi-rs/lzma-darwin-x64": "npm:1.4.5"
    "@napi-rs/lzma-freebsd-x64": "npm:1.4.5"
    "@napi-rs/lzma-linux-arm-gnueabihf": "npm:1.4.5"
    "@napi-rs/lzma-linux-arm64-gnu": "npm:1.4.5"
    "@napi-rs/lzma-linux-arm64-musl": "npm:1.4.5"
    "@napi-rs/lzma-linux-ppc64-gnu": "npm:1.4.5"
    "@napi-rs/lzma-linux-riscv64-gnu": "npm:1.4.5"
    "@napi-rs/lzma-linux-s390x-gnu": "npm:1.4.5"
    "@napi-rs/lzma-linux-x64-gnu": "npm:1.4.5"
    "@napi-rs/lzma-linux-x64-musl": "npm:1.4.5"
    "@napi-rs/lzma-wasm32-wasi": "npm:1.4.5"
    "@napi-rs/lzma-win32-arm64-msvc": "npm:1.4.5"
    "@napi-rs/lzma-win32-ia32-msvc": "npm:1.4.5"
    "@napi-rs/lzma-win32-x64-msvc": "npm:1.4.5"
  dependenciesMeta:
    "@napi-rs/lzma-android-arm-eabi":
      optional: true
    "@napi-rs/lzma-android-arm64":
      optional: true
    "@napi-rs/lzma-darwin-arm64":
      optional: true
    "@napi-rs/lzma-darwin-x64":
      optional: true
    "@napi-rs/lzma-freebsd-x64":
      optional: true
    "@napi-rs/lzma-linux-arm-gnueabihf":
      optional: true
    "@napi-rs/lzma-linux-arm64-gnu":
      optional: true
    "@napi-rs/lzma-linux-arm64-musl":
      optional: true
    "@napi-rs/lzma-linux-ppc64-gnu":
      optional: true
    "@napi-rs/lzma-linux-riscv64-gnu":
      optional: true
    "@napi-rs/lzma-linux-s390x-gnu":
      optional: true
    "@napi-rs/lzma-linux-x64-gnu":
      optional: true
    "@napi-rs/lzma-linux-x64-musl":
      optional: true
    "@napi-rs/lzma-wasm32-wasi":
      optional: true
    "@napi-rs/lzma-win32-arm64-msvc":
      optional: true
    "@napi-rs/lzma-win32-ia32-msvc":
      optional: true
    "@napi-rs/lzma-win32-x64-msvc":
      optional: true
  checksum: 10c0/df098c99f904b54541e3a34feeb5878c98a4abf1ababf1d301d903b99d98402fff5eda49e1dd103bb4bf44a9217a5e1b17fb30b74044416561f8fe02ca098ee3
  languageName: node
  linkType: hard

"@napi-rs/tar-android-arm-eabi@npm:1.1.0":
  version: 1.1.0
  resolution: "@napi-rs/tar-android-arm-eabi@npm:1.1.0"
  conditions: os=android & cpu=arm
  languageName: node
  linkType: hard

"@napi-rs/tar-android-arm64@npm:1.1.0":
  version: 1.1.0
  resolution: "@napi-rs/tar-android-arm64@npm:1.1.0"
  conditions: os=android & cpu=arm64
  languageName: node
  linkType: hard

"@napi-rs/tar-darwin-arm64@npm:1.1.0":
  version: 1.1.0
  resolution: "@napi-rs/tar-darwin-arm64@npm:1.1.0"
  conditions: os=darwin & cpu=arm64
  languageName: node
  linkType: hard

"@napi-rs/tar-darwin-x64@npm:1.1.0":
  version: 1.1.0
  resolution: "@napi-rs/tar-darwin-x64@npm:1.1.0"
  conditions: os=darwin & cpu=x64
  languageName: node
  linkType: hard

"@napi-rs/tar-freebsd-x64@npm:1.1.0":
  version: 1.1.0
  resolution: "@napi-rs/tar-freebsd-x64@npm:1.1.0"
  conditions: os=freebsd & cpu=x64
  languageName: node
  linkType: hard

"@napi-rs/tar-linux-arm-gnueabihf@npm:1.1.0":
  version: 1.1.0
  resolution: "@napi-rs/tar-linux-arm-gnueabihf@npm:1.1.0"
  conditions: os=linux & cpu=arm
  languageName: node
  linkType: hard

"@napi-rs/tar-linux-arm64-gnu@npm:1.1.0":
  version: 1.1.0
  resolution: "@napi-rs/tar-linux-arm64-gnu@npm:1.1.0"
  conditions: os=linux & cpu=arm64 & libc=glibc
  languageName: node
  linkType: hard

"@napi-rs/tar-linux-arm64-musl@npm:1.1.0":
  version: 1.1.0
  resolution: "@napi-rs/tar-linux-arm64-musl@npm:1.1.0"
  conditions: os=linux & cpu=arm64 & libc=musl
  languageName: node
  linkType: hard

"@napi-rs/tar-linux-ppc64-gnu@npm:1.1.0":
  version: 1.1.0
  resolution: "@napi-rs/tar-linux-ppc64-gnu@npm:1.1.0"
  conditions: os=linux & cpu=ppc64 & libc=glibc
  languageName: node
  linkType: hard

"@napi-rs/tar-linux-s390x-gnu@npm:1.1.0":
  version: 1.1.0
  resolution: "@napi-rs/tar-linux-s390x-gnu@npm:1.1.0"
  conditions: os=linux & cpu=s390x & libc=glibc
  languageName: node
  linkType: hard

"@napi-rs/tar-linux-x64-gnu@npm:1.1.0":
  version: 1.1.0
  resolution: "@napi-rs/tar-linux-x64-gnu@npm:1.1.0"
  conditions: os=linux & cpu=x64 & libc=glibc
  languageName: node
  linkType: hard

"@napi-rs/tar-linux-x64-musl@npm:1.1.0":
  version: 1.1.0
  resolution: "@napi-rs/tar-linux-x64-musl@npm:1.1.0"
  conditions: os=linux & cpu=x64 & libc=musl
  languageName: node
  linkType: hard

"@napi-rs/tar-wasm32-wasi@npm:1.1.0":
  version: 1.1.0
  resolution: "@napi-rs/tar-wasm32-wasi@npm:1.1.0"
  dependencies:
    "@napi-rs/wasm-runtime": "npm:^1.0.3"
  conditions: cpu=wasm32
  languageName: node
  linkType: hard

"@napi-rs/tar-win32-arm64-msvc@npm:1.1.0":
  version: 1.1.0
  resolution: "@napi-rs/tar-win32-arm64-msvc@npm:1.1.0"
  conditions: os=win32 & cpu=arm64
  languageName: node
  linkType: hard

"@napi-rs/tar-win32-ia32-msvc@npm:1.1.0":
  version: 1.1.0
  resolution: "@napi-rs/tar-win32-ia32-msvc@npm:1.1.0"
  conditions: os=win32 & cpu=ia32
  languageName: node
  linkType: hard

"@napi-rs/tar-win32-x64-msvc@npm:1.1.0":
  version: 1.1.0
  resolution: "@napi-rs/tar-win32-x64-msvc@npm:1.1.0"
  conditions: os=win32 & cpu=x64
  languageName: node
  linkType: hard

"@napi-rs/tar@npm:^1.1.0":
  version: 1.1.0
  resolution: "@napi-rs/tar@npm:1.1.0"
  dependencies:
    "@napi-rs/tar-android-arm-eabi": "npm:1.1.0"
    "@napi-rs/tar-android-arm64": "npm:1.1.0"
    "@napi-rs/tar-darwin-arm64": "npm:1.1.0"
    "@napi-rs/tar-darwin-x64": "npm:1.1.0"
    "@napi-rs/tar-freebsd-x64": "npm:1.1.0"
    "@napi-rs/tar-linux-arm-gnueabihf": "npm:1.1.0"
    "@napi-rs/tar-linux-arm64-gnu": "npm:1.1.0"
    "@napi-rs/tar-linux-arm64-musl": "npm:1.1.0"
    "@napi-rs/tar-linux-ppc64-gnu": "npm:1.1.0"
    "@napi-rs/tar-linux-s390x-gnu": "npm:1.1.0"
    "@napi-rs/tar-linux-x64-gnu": "npm:1.1.0"
    "@napi-rs/tar-linux-x64-musl": "npm:1.1.0"
    "@napi-rs/tar-wasm32-wasi": "npm:1.1.0"
    "@napi-rs/tar-win32-arm64-msvc": "npm:1.1.0"
    "@napi-rs/tar-win32-ia32-msvc": "npm:1.1.0"
    "@napi-rs/tar-win32-x64-msvc": "npm:1.1.0"
  dependenciesMeta:
    "@napi-rs/tar-android-arm-eabi":
      optional: true
    "@napi-rs/tar-android-arm64":
      optional: true
    "@napi-rs/tar-darwin-arm64":
      optional: true
    "@napi-rs/tar-darwin-x64":
      optional: true
    "@napi-rs/tar-freebsd-x64":
      optional: true
    "@napi-rs/tar-linux-arm-gnueabihf":
      optional: true
    "@napi-rs/tar-linux-arm64-gnu":
      optional: true
    "@napi-rs/tar-linux-arm64-musl":
      optional: true
    "@napi-rs/tar-linux-ppc64-gnu":
      optional: true
    "@napi-rs/tar-linux-s390x-gnu":
      optional: true
    "@napi-rs/tar-linux-x64-gnu":
      optional: true
    "@napi-rs/tar-linux-x64-musl":
      optional: true
    "@napi-rs/tar-wasm32-wasi":
      optional: true
    "@napi-rs/tar-win32-arm64-msvc":
      optional: true
    "@napi-rs/tar-win32-ia32-msvc":
      optional: true
    "@napi-rs/tar-win32-x64-msvc":
      optional: true
  checksum: 10c0/88a0ab081eacfa235266f14a0bc408b7581058b1f7e18b118c6f8e7012cca0dd91c5baf5de84e1d2eb8070386a7380aa4d8dedfc6f81e24ae9d0287ff50ae153
  languageName: node
  linkType: hard

"@napi-rs/wasm-runtime@npm:^1.0.3":
  version: 1.1.4
  resolution: "@napi-rs/wasm-runtime@npm:1.1.4"
  dependencies:
    "@tybys/wasm-util": "npm:^0.10.1"
  peerDependencies:
    "@emnapi/core": ^1.7.1
    "@emnapi/runtime": ^1.7.1
  checksum: 10c0/2e88e1955258949ccf2d18c79975821ad38071b465ef126a5e14110977b97868867b016c1ad046e963cccc42c0bd9db6c8ff5fd1ebb61b87bb3487f339041658
  languageName: node
  linkType: hard

"@napi-rs/wasm-tools-android-arm-eabi@npm:1.0.1":
  version: 1.0.1
  resolution: "@napi-rs/wasm-tools-android-arm-eabi@npm:1.0.1"
  conditions: os=android & cpu=arm
  languageName: node
  linkType: hard

"@napi-rs/wasm-tools-android-arm64@npm:1.0.1":
  version: 1.0.1
  resolution: "@napi-rs/wasm-tools-android-arm64@npm:1.0.1"
  conditions: os=android & cpu=arm64
  languageName: node
  linkType: hard

"@napi-rs/wasm-tools-darwin-arm64@npm:1.0.1":
  version: 1.0.1
  resolution: "@napi-rs/wasm-tools-darwin-arm64@npm:1.0.1"
  conditions: os=darwin & cpu=arm64
  languageName: node
  linkType: hard

"@napi-rs/wasm-tools-darwin-x64@npm:1.0.1":
  version: 1.0.1
  resolution: "@napi-rs/wasm-tools-darwin-x64@npm:1.0.1"
  conditions: os=darwin & cpu=x64
  languageName: node
  linkType: hard

"@napi-rs/wasm-tools-freebsd-x64@npm:1.0.1":
  version: 1.0.1
  resolution: "@napi-rs/wasm-tools-freebsd-x64@npm:1.0.1"
  conditions: os=freebsd & cpu=x64
  languageName: node
  linkType: hard

"@napi-rs/wasm-tools-linux-arm64-gnu@npm:1.0.1":
  version: 1.0.1
  resolution: "@napi-rs/wasm-tools-linux-arm64-gnu@npm:1.0.1"
  conditions: os=linux & cpu=arm64 & libc=glibc
  languageName: node
  linkType: hard

"@napi-rs/wasm-tools-linux-arm64-musl@npm:1.0.1":
  version: 1.0.1
  resolution: "@napi-rs/wasm-tools-linux-arm64-musl@npm:1.0.1"
  conditions: os=linux & cpu=arm64 & libc=musl
  languageName: node
  linkType: hard

"@napi-rs/wasm-tools-linux-x64-gnu@npm:1.0.1":
  version: 1.0.1
  resolution: "@napi-rs/wasm-tools-linux-x64-gnu@npm:1.0.1"
  conditions: os=linux & cpu=x64 & libc=glibc
  languageName: node
  linkType: hard

"@napi-rs/wasm-tools-linux-x64-musl@npm:1.0.1":
  version: 1.0.1
  resolution: "@napi-rs/wasm-tools-linux-x64-musl@npm:1.0.1"
  conditions: os=linux & cpu=x64 & libc=musl
  languageName: node
  linkType: hard

"@napi-rs/wasm-tools-wasm32-wasi@npm:1.0.1":
  version: 1.0.1
  resolution: "@napi-rs/wasm-tools-wasm32-wasi@npm:1.0.1"
  dependencies:
    "@napi-rs/wasm-runtime": "npm:^1.0.3"
  conditions: cpu=wasm32
  languageName: node
  linkType: hard

"@napi-rs/wasm-tools-win32-arm64-msvc@npm:1.0.1":
  version: 1.0.1
  resolution: "@napi-rs/wasm-tools-win32-arm64-msvc@npm:1.0.1"
  conditions: os=win32 & cpu=arm64
  languageName: node
  linkType: hard

"@napi-rs/wasm-tools-win32-ia32-msvc@npm:1.0.1":
  version: 1.0.1
  resolution: "@napi-rs/wasm-tools-win32-ia32-msvc@npm:1.0.1"
  conditions: os=win32 & cpu=ia32
  languageName: node
  linkType: hard

"@napi-rs/wasm-tools-win32-x64-msvc@npm:1.0.1":
  version: 1.0.1
  resolution: "@napi-rs/wasm-tools-win32-x64-msvc@npm:1.0.1"
  conditions: os=win32 & cpu=x64
  languageName: node
  linkType: hard

"@napi-rs/wasm-tools@npm:^1.0.1":
  version: 1.0.1
  resolution: "@napi-rs/wasm-tools@npm:1.0.1"
  dependencies:
    "@napi-rs/wasm-tools-android-arm-eabi": "npm:1.0.1"
    "@napi-rs/wasm-tools-android-arm64": "npm:1.0.1"
    "@napi-rs/wasm-tools-darwin-arm64": "npm:1.0.1"
    "@napi-rs/wasm-tools-darwin-x64": "npm:1.0.1"
    "@napi-rs/wasm-tools-freebsd-x64": "npm:1.0.1"
    "@napi-rs/wasm-tools-linux-arm64-gnu": "npm:1.0.1"
    "@napi-rs/wasm-tools-linux-arm64-musl": "npm:1.0.1"
    "@napi-rs/wasm-tools-linux-x64-gnu": "npm:1.0.1"
    "@napi-rs/wasm-tools-linux-x64-musl": "npm:1.0.1"
    "@napi-rs/wasm-tools-wasm32-wasi": "npm:1.0.1"
    "@napi-rs/wasm-tools-win32-arm64-msvc": "npm:1.0.1"
    "@napi-rs/wasm-tools-win32-ia32-msvc": "npm:1.0.1"
    "@napi-rs/wasm-tools-win32-x64-msvc": "npm:1.0.1"
  dependenciesMeta:
    "@napi-rs/wasm-tools-android-arm-eabi":
      optional: true
    "@napi-rs/wasm-tools-android-arm64":
      optional: true
    "@napi-rs/wasm-tools-darwin-arm64":
      optional: true
    "@napi-rs/wasm-tools-darwin-x64":
      optional: true
    "@napi-rs/wasm-tools-freebsd-x64":
      optional: true
    "@napi-rs/wasm-tools-linux-arm64-gnu":
      optional: true
    "@napi-rs/wasm-tools-linux-arm64-musl":
      optional: true
    "@napi-rs/wasm-tools-linux-x64-gnu":
      optional: true
    "@napi-rs/wasm-tools-linux-x64-musl":
      optional: true
    "@napi-rs/wasm-tools-wasm32-wasi":
      optional: true
    "@napi-rs/wasm-tools-win32-arm64-msvc":
      optional: true
    "@napi-rs/wasm-tools-win32-ia32-msvc":
      optional: true
    "@napi-rs/wasm-tools-win32-x64-msvc":
      optional: true
  checksum: 10c0/bee9258e0b16a2415acc57d9aa281fa50402b38f631aea28e3a8ecd16415cdfffade63313bca777e85c3a73b80cce899ac3dd35eba9104951d7da1eb28913122
  languageName: node
  linkType: hard

"@number0/iroh-android-arm-eabi@npm:1.0.0":
  version: 1.0.0
  resolution: "@number0/iroh-android-arm-eabi@npm:1.0.0"
  conditions: os=android & cpu=arm
  languageName: node
  linkType: hard

"@number0/iroh-android-arm64@npm:1.0.0":
  version: 1.0.0
  resolution: "@number0/iroh-android-arm64@npm:1.0.0"
  conditions: os=android & cpu=arm64
  languageName: node
  linkType: hard

"@number0/iroh-darwin-arm64@npm:1.0.0":
  version: 1.0.0
  resolution: "@number0/iroh-darwin-arm64@npm:1.0.0"
  conditions: os=darwin & cpu=arm64
  languageName: node
  linkType: hard

"@number0/iroh-linux-arm-gnueabihf@npm:1.0.0":
  version: 1.0.0
  resolution: "@number0/iroh-linux-arm-gnueabihf@npm:1.0.0"
  conditions: os=linux & cpu=arm
  languageName: node
  linkType: hard

"@number0/iroh-linux-arm-musleabihf@npm:1.0.0":
  version: 1.0.0
  resolution: "@number0/iroh-linux-arm-musleabihf@npm:1.0.0"
  conditions: os=linux & cpu=arm
  languageName: node
  linkType: hard

"@number0/iroh-linux-arm64-gnu@npm:1.0.0":
  version: 1.0.0
  resolution: "@number0/iroh-linux-arm64-gnu@npm:1.0.0"
  conditions: os=linux & cpu=arm64 & libc=glibc
  languageName: node
  linkType: hard

"@number0/iroh-linux-arm64-musl@npm:1.0.0":
  version: 1.0.0
  resolution: "@number0/iroh-linux-arm64-musl@npm:1.0.0"
  conditions: os=linux & cpu=arm64 & libc=musl
  languageName: node
  linkType: hard

"@number0/iroh-linux-x64-gnu@npm:1.0.0":
  version: 1.0.0
  resolution: "@number0/iroh-linux-x64-gnu@npm:1.0.0"
  conditions: os=linux & cpu=x64 & libc=glibc
  languageName: node
  linkType: hard

"@number0/iroh-linux-x64-musl@npm:1.0.0":
  version: 1.0.0
  resolution: "@number0/iroh-linux-x64-musl@npm:1.0.0"
  conditions: os=linux & cpu=x64 & libc=musl
  languageName: node
  linkType: hard

"@number0/iroh-win32-arm64-msvc@npm:1.0.0":
  version: 1.0.0
  resolution: "@number0/iroh-win32-arm64-msvc@npm:1.0.0"
  conditions: os=win32 & cpu=arm64
  languageName: node
  linkType: hard

"@number0/iroh-win32-x64-msvc@npm:1.0.0":
  version: 1.0.0
  resolution: "@number0/iroh-win32-x64-msvc@npm:1.0.0"
  conditions: os=win32 & cpu=x64
  languageName: node
  linkType: hard

"@number0/iroh@workspace:.":
  version: 0.0.0-use.local
  resolution: "@number0/iroh@workspace:."
  dependencies:
    "@napi-rs/cli": "npm:^3.7.2"
    "@number0/iroh-android-arm-eabi": "npm:1.0.0"
    "@number0/iroh-android-arm64": "npm:1.0.0"
    "@number0/iroh-darwin-arm64": "npm:1.0.0"
    "@number0/iroh-linux-arm-gnueabihf": "npm:1.0.0"
    "@number0/iroh-linux-arm-musleabihf": "npm:1.0.0"
    "@number0/iroh-linux-arm64-gnu": "npm:1.0.0"
    "@number0/iroh-linux-arm64-musl": "npm:1.0.0"
    "@number0/iroh-linux-x64-gnu": "npm:1.0.0"
    "@number0/iroh-linux-x64-musl": "npm:1.0.0"
    "@number0/iroh-win32-arm64-msvc": "npm:1.0.0"
    "@number0/iroh-win32-x64-msvc": "npm:1.0.0"
    typedoc: "npm:^0.28.20"
    typescript: "npm:~5.8.3"
  dependenciesMeta:
    "@number0/iroh-android-arm-eabi":
      optional: true
    "@number0/iroh-android-arm64":
      optional: true
    "@number0/iroh-darwin-arm64":
      optional: true
    "@number0/iroh-linux-arm-gnueabihf":
      optional: true
    "@number0/iroh-linux-arm-musleabihf":
      optional: true
    "@number0/iroh-linux-arm64-gnu":
      optional: true
    "@number0/iroh-linux-arm64-musl":
      optional: true
    "@number0/iroh-linux-x64-gnu":
      optional: true
    "@number0/iroh-linux-x64-musl":
      optional: true
    "@number0/iroh-win32-arm64-msvc":
      optional: true
    "@number0/iroh-win32-x64-msvc":
      optional: true
  languageName: unknown
  linkType: soft

"@octokit/auth-token@npm:^6.0.0":
  version: 6.0.0
  resolution: "@octokit/auth-token@npm:6.0.0"
  checksum: 10c0/32ecc904c5f6f4e5d090bfcc679d70318690c0a0b5040cd9a25811ad9dcd44c33f2cf96b6dbee1cd56cf58fde28fb1819c01b58718aa5c971f79c822357cb5c0
  languageName: node
  linkType: hard

"@octokit/core@npm:^7.0.6":
  version: 7.0.6
  resolution: "@octokit/core@npm:7.0.6"
  dependencies:
    "@octokit/auth-token": "npm:^6.0.0"
    "@octokit/graphql": "npm:^9.0.3"
    "@octokit/request": "npm:^10.0.6"
    "@octokit/request-error": "npm:^7.0.2"
    "@octokit/types": "npm:^16.0.0"
    before-after-hook: "npm:^4.0.0"
    universal-user-agent: "npm:^7.0.0"
  checksum: 10c0/95a328ff7c7223d9eb4aa778c63171828514ae0e0f588d33beb81a4dc03bbeae055382f6060ce23c979ab46272409942ff2cf3172109999e48429c47055b1fbe
  languageName: node
  linkType: hard

"@octokit/endpoint@npm:^11.0.3":
  version: 11.0.3
  resolution: "@octokit/endpoint@npm:11.0.3"
  dependencies:
    "@octokit/types": "npm:^16.0.0"
    universal-user-agent: "npm:^7.0.2"
  checksum: 10c0/3f9b67e6923ece5009aebb0dcbae5837fb574bc422561424049a43ead7fea6f132234edb72239d6ec067cf734937a608e4081af81c109de2cb754528f0d00520
  languageName: node
  linkType: hard

"@octokit/graphql@npm:^9.0.3":
  version: 9.0.3
  resolution: "@octokit/graphql@npm:9.0.3"
  dependencies:
    "@octokit/request": "npm:^10.0.6"
    "@octokit/types": "npm:^16.0.0"
    universal-user-agent: "npm:^7.0.0"
  checksum: 10c0/58588d3fb2834f64244fa5376ca7922a30117b001b621e141fab0d52806370803ab0c046ac99b120fa5f45b770f52a815157fb6ffc147fc6c1da4047c1f1af49
  languageName: node
  linkType: hard

"@octokit/openapi-types@npm:^27.0.0":
  version: 27.0.0
  resolution: "@octokit/openapi-types@npm:27.0.0"
  checksum: 10c0/602d1de033da180a2e982cdbd3646bd5b2e16ecf36b9955a0f23e37ae9e6cb086abb48ff2ae6f2de000fce03e8ae9051794611ae4a95a8f5f6fb63276e7b8e31
  languageName: node
  linkType: hard

"@octokit/plugin-paginate-rest@npm:^14.0.0":
  version: 14.0.0
  resolution: "@octokit/plugin-paginate-rest@npm:14.0.0"
  dependencies:
    "@octokit/types": "npm:^16.0.0"
  peerDependencies:
    "@octokit/core": ">=6"
  checksum: 10c0/841d79d4ccfe18fc809a4a67529b75c1dcdda13399bf4bf5b48ce7559c8b4b2cd422e3204bad4cbdea31c0cf0943521067415268e5bcfc615a3b813e058cad6b
  languageName: node
  linkType: hard

"@octokit/plugin-request-log@npm:^6.0.0":
  version: 6.0.0
  resolution: "@octokit/plugin-request-log@npm:6.0.0"
  peerDependencies:
    "@octokit/core": ">=6"
  checksum: 10c0/40e46ad0c77235742d0bf698ab4e17df1ae06e0d7824ffc5867ed71e27de860875adb73d89629b823fe8647459a8f262c26ed1aa6ee374873fa94095f37df0bb
  languageName: node
  linkType: hard

"@octokit/plugin-rest-endpoint-methods@npm:^17.0.0":
  version: 17.0.0
  resolution: "@octokit/plugin-rest-endpoint-methods@npm:17.0.0"
  dependencies:
    "@octokit/types": "npm:^16.0.0"
  peerDependencies:
    "@octokit/core": ">=6"
  checksum: 10c0/cf9984d7cf6a36ff7ff1b86078ae45fe246e3df10fcef0bccf20c8cfd27bf5e7d98dcb9cf5a7b56332b9c6fa30be28d159c2987d272a4758f77056903d94402f
  languageName: node
  linkType: hard

"@octokit/request-error@npm:^7.0.2":
  version: 7.1.0
  resolution: "@octokit/request-error@npm:7.1.0"
  dependencies:
    "@octokit/types": "npm:^16.0.0"
  checksum: 10c0/62b90a54545c36a30b5ffdda42e302c751be184d85b68ffc7f1242c51d7ca54dbd185b7d0027b491991776923a910c85c9c51269fe0d86111bac187507a5abc4
  languageName: node
  linkType: hard

"@octokit/request@npm:^10.0.6":
  version: 10.0.9
  resolution: "@octokit/request@npm:10.0.9"
  dependencies:
    "@octokit/endpoint": "npm:^11.0.3"
    "@octokit/request-error": "npm:^7.0.2"
    "@octokit/types": "npm:^16.0.0"
    content-type: "npm:^2.0.0"
    fast-content-type-parse: "npm:^3.0.0"
    json-with-bigint: "npm:^3.5.3"
    universal-user-agent: "npm:^7.0.2"
  checksum: 10c0/2a642870202117c8cf0021b7c01a92e18acdec4826c103f7749a942537a265251e033c0ac5178807f0c63b9759e149ce9701015454167d4c1627d30218ddf9f2
  languageName: node
  linkType: hard

"@octokit/rest@npm:^22.0.1":
  version: 22.0.1
  resolution: "@octokit/rest@npm:22.0.1"
  dependencies:
    "@octokit/core": "npm:^7.0.6"
    "@octokit/plugin-paginate-rest": "npm:^14.0.0"
    "@octokit/plugin-request-log": "npm:^6.0.0"
    "@octokit/plugin-rest-endpoint-methods": "npm:^17.0.0"
  checksum: 10c0/f3abd84e887cc837973214ce70720a9bba53f5575f40601c6122aa25206e9055d859c0388437f0a137f6cd0e4ff405e1b46b903475b0db32a17bada0c6513d5b
  languageName: node
  linkType: hard

"@octokit/types@npm:^16.0.0":
  version: 16.0.0
  resolution: "@octokit/types@npm:16.0.0"
  dependencies:
    "@octokit/openapi-types": "npm:^27.0.0"
  checksum: 10c0/b8d41098ba6fc194d13d641f9441347e3a3b96c0efabac0e14f57319340a2d4d1c8676e4cb37ab3062c5c323c617e790b0126916e9bf7b201b0cced0826f8ae2
  languageName: node
  linkType: hard

"@shikijs/engine-oniguruma@npm:^3.23.0":
  version: 3.23.0
  resolution: "@shikijs/engine-oniguruma@npm:3.23.0"
  dependencies:
    "@shikijs/types": "npm:3.23.0"
    "@shikijs/vscode-textmate": "npm:^10.0.2"
  checksum: 10c0/40dbda7aef55d5946c45b8cfe56f484eadb611f9f7c9eb77ff21f0dfce2bcc775686a61eda9e06401ddd71195945a522293f51d6522fce49244b1a6b9c0f61f7
  languageName: node
  linkType: hard

"@shikijs/langs@npm:^3.23.0":
  version: 3.23.0
  resolution: "@shikijs/langs@npm:3.23.0"
  dependencies:
    "@shikijs/types": "npm:3.23.0"
  checksum: 10c0/513b90cfee0fa167d2063b7fbc2318b303a604f2e1fa156aa8b4659b49792401531a74acf68de622ecfff15738e1947a46cfe92a32fcd6a4ee5e70bcf1d06c66
  languageName: node
  linkType: hard

"@shikijs/themes@npm:^3.23.0":
  version: 3.23.0
  resolution: "@shikijs/themes@npm:3.23.0"
  dependencies:
    "@shikijs/types": "npm:3.23.0"
  checksum: 10c0/5c99036d4a765765018f9106a354ebe5ccac204c69f00e3cda265828d493f005412659213f6574fa0e187c7d4437b3327bd6dad2e2146b2c472d2bf493d790dd
  languageName: node
  linkType: hard

"@shikijs/types@npm:3.23.0, @shikijs/types@npm:^3.23.0":
  version: 3.23.0
  resolution: "@shikijs/types@npm:3.23.0"
  dependencies:
    "@shikijs/vscode-textmate": "npm:^10.0.2"
    "@types/hast": "npm:^3.0.4"
  checksum: 10c0/bd0d1593f830a6b4e55c77871ec1b95cc44855d6e0e26282a948a3c58827237826e4110af27eb4d3231361f1e182c4410434a1dc15ec40aea988dc92dc97e9d6
  languageName: node
  linkType: hard

"@shikijs/vscode-textmate@npm:^10.0.2":
  version: 10.0.2
  resolution: "@shikijs/vscode-textmate@npm:10.0.2"
  checksum: 10c0/36b682d691088ec244de292dc8f91b808f95c89466af421cf84cbab92230f03c8348649c14b3251991b10ce632b0c715e416e992dd5f28ff3221dc2693fd9462
  languageName: node
  linkType: hard

"@tybys/wasm-util@npm:^0.10.1":
  version: 0.10.2
  resolution: "@tybys/wasm-util@npm:0.10.2"
  dependencies:
    tslib: "npm:^2.4.0"
  checksum: 10c0/26165bcd1fd7269f42d7fbe3de318f854a8968de8397e89fc9a423bb3e2da35a52150f382e6323b3367595beb16d9800a6f35971a5599daf76da1742ec3afc25
  languageName: node
  linkType: hard

"@types/hast@npm:^3.0.4":
  version: 3.0.4
  resolution: "@types/hast@npm:3.0.4"
  dependencies:
    "@types/unist": "npm:*"
  checksum: 10c0/3249781a511b38f1d330fd1e3344eed3c4e7ea8eff82e835d35da78e637480d36fad37a78be5a7aed8465d237ad0446abc1150859d0fde395354ea634decf9f7
  languageName: node
  linkType: hard

"@types/unist@npm:*":
  version: 3.0.3
  resolution: "@types/unist@npm:3.0.3"
  checksum: 10c0/2b1e4adcab78388e088fcc3c0ae8700f76619dbcb4741d7d201f87e2cb346bfc29a89003cfea2d76c996e1061452e14fcd737e8b25aacf949c1f2d6b2bc3dd60
  languageName: node
  linkType: hard

"argparse@npm:^2.0.1":
  version: 2.0.1
  resolution: "argparse@npm:2.0.1"
  checksum: 10c0/c5640c2d89045371c7cedd6a70212a04e360fd34d6edeae32f6952c63949e3525ea77dbec0289d8213a99bbaeab5abfa860b5c12cf88a2e6cf8106e90dd27a7e
  languageName: node
  linkType: hard

"balanced-match@npm:^4.0.2":
  version: 4.0.4
  resolution: "balanced-match@npm:4.0.4"
  checksum: 10c0/07e86102a3eb2ee2a6a1a89164f29d0dbaebd28f2ca3f5ca786f36b8b23d9e417eb3be45a4acf754f837be5ac0a2317de90d3fcb7f4f4dc95720a1f36b26a17b
  languageName: node
  linkType: hard

"before-after-hook@npm:^4.0.0":
  version: 4.0.0
  resolution: "before-after-hook@npm:4.0.0"
  checksum: 10c0/9f8ae8d1b06142bcfb9ef6625226b5e50348bb11210f266660eddcf9734e0db6f9afc4cb48397ee3f5ac0a3728f3ae401cdeea88413f7bed748a71db84657be2
  languageName: node
  linkType: hard

"brace-expansion@npm:^5.0.5":
  version: 5.0.7
  resolution: "brace-expansion@npm:5.0.7"
  dependencies:
    balanced-match: "npm:^4.0.2"
  checksum: 10c0/4769109c3c082de178e449a371bcad50d51ab468f644bce2dd9188efe0cf0a080ed102105d7fc8577382cedc45bad7e6443a91bf3d8102264ee8cf927dbaf205
  languageName: node
  linkType: hard

"chardet@npm:^2.1.1":
  version: 2.1.1
  resolution: "chardet@npm:2.1.1"
  checksum: 10c0/d8391dd412338442b3de0d3a488aa9327f8bcf74b62b8723d6bd0b85c4084d50b731320e0a7c710edb1d44de75969995d2784b80e4c13b004a6c7a0db4c6e793
  languageName: node
  linkType: hard

"cli-width@npm:^4.1.0":
  version: 4.1.0
  resolution: "cli-width@npm:4.1.0"
  checksum: 10c0/1fbd56413578f6117abcaf858903ba1f4ad78370a4032f916745fa2c7e390183a9d9029cf837df320b0fdce8137668e522f60a30a5f3d6529ff3872d265a955f
  languageName: node
  linkType: hard

"clipanion@npm:^4.0.0-rc.4":
  version: 4.0.0-rc.4
  resolution: "clipanion@npm:4.0.0-rc.4"
  dependencies:
    typanion: "npm:^3.8.0"
  peerDependencies:
    typanion: "*"
  checksum: 10c0/047b415b59a5e9777d00690fba563ccc850eca6bf27790a88d1deea3ecc8a89840ae9aed554ff284cc698a9f3f20256e43c25ff4a7c4c90a71e5e7d9dca61dd1
  languageName: node
  linkType: hard

"colorette@npm:^2.0.20":
  version: 2.0.20
  resolution: "colorette@npm:2.0.20"
  checksum: 10c0/e94116ff33b0ff56f3b83b9ace895e5bf87c2a7a47b3401b8c3f3226e050d5ef76cf4072fb3325f9dc24d1698f9b730baf4e05eeaf861d74a1883073f4c98a40
  languageName: node
  linkType: hard

"content-type@npm:^2.0.0":
  version: 2.0.0
  resolution: "content-type@npm:2.0.0"
  checksum: 10c0/491539fff707d7594b0ca4fabcc084bef2a31ffa754ff0a4f80c4377e3963cff0394317f9271c24087596c97fa675bc123d61fa34ffe65b4904e7d3d3098de72
  languageName: node
  linkType: hard

"debug@npm:^4.4.1":
  version: 4.4.3
  resolution: "debug@npm:4.4.3"
  dependencies:
    ms: "npm:^2.1.3"
  peerDependenciesMeta:
    supports-color:
      optional: true
  checksum: 10c0/d79136ec6c83ecbefd0f6a5593da6a9c91ec4d7ddc4b54c883d6e71ec9accb5f67a1a5e96d00a328196b5b5c86d365e98d8a3a70856aaf16b4e7b1985e67f5a6
  languageName: node
  linkType: hard

"emnapi@npm:^1.11.1":
  version: 1.11.2
  resolution: "emnapi@npm:1.11.2"
  peerDependencies:
    node-addon-api: ">= 6.1.0"
  peerDependenciesMeta:
    node-addon-api:
      optional: true
  checksum: 10c0/4cdb0eb1f4905f8d176b22dd1b10e3f1ded78048f7dae554230a0af81ddb6935b6698e8d5930c4285b49296ed73d22dcfce4b5540b51bcfcb8e77db44be052bc
  languageName: node
  linkType: hard

"entities@npm:^4.5.0":
  version: 4.5.0
  resolution: "entities@npm:4.5.0"
  checksum: 10c0/5b039739f7621f5d1ad996715e53d964035f75ad3b9a4d38c6b3804bb226e282ffeae2443624d8fdd9c47d8e926ae9ac009c54671243f0c3294c26af7cc85250
  languageName: node
  linkType: hard

"es-toolkit@npm:^1.47.0":
  version: 1.49.0
  resolution: "es-toolkit@npm:1.49.0"
  dependenciesMeta:
    "@trivago/prettier-plugin-sort-imports@4.3.0":
      unplugged: true
    prettier-plugin-sort-re-exports@0.0.1:
      unplugged: true
    vitepress-plugin-sandpack@1.1.4:
      unplugged: true
  checksum: 10c0/ab0864bb0c5c494ed09043d53a74b58a0ab9df1b89b9b54bce72a63de2869152d7d65e489dc89ab671f0fea243728922c8a8f8c873f1b2a53350a23360b3e2df
  languageName: node
  linkType: hard

"fast-content-type-parse@npm:^3.0.0":
  version: 3.0.0
  resolution: "fast-content-type-parse@npm:3.0.0"
  checksum: 10c0/06251880c83b7118af3a5e66e8bcee60d44f48b39396fc60acc2b4630bd5f3e77552b999b5c8e943d45a818854360e5e97164c374ec4b562b4df96a2cdf2e188
  languageName: node
  linkType: hard

"fast-string-truncated-width@npm:^3.0.2":
  version: 3.0.3
  resolution: "fast-string-truncated-width@npm:3.0.3"
  checksum: 10c0/043b8663397d14a3880ce4f3407bcda60b40db9bbeafe62863a35d1f9c69ea17c8da3fcd72de235553e6c9cd053128cde9e24ca0d4a7463208f48db3cd23d981
  languageName: node
  linkType: hard

"fast-string-width@npm:^3.0.2":
  version: 3.0.2
  resolution: "fast-string-width@npm:3.0.2"
  dependencies:
    fast-string-truncated-width: "npm:^3.0.2"
  checksum: 10c0/c8822d175315bb353ebe782b65214ac53b13e3bf704e03b132ea7bdfa8de6a636375b3ab7a4097545393d109381c37c4f387c72a462c90b61412dbc4632f39a7
  languageName: node
  linkType: hard

"fast-wrap-ansi@npm:^0.2.0":
  version: 0.2.0
  resolution: "fast-wrap-ansi@npm:0.2.0"
  dependencies:
    fast-string-width: "npm:^3.0.2"
  checksum: 10c0/c0eb6debee565c5dbb9132dddff5c4d4aba5eb02185ae4dab285acd6186018cffca04264e92f373cbf592a9bcd1c33d65dba036030a8f3baeff1169969a1b59b
  languageName: node
  linkType: hard

"iconv-lite@npm:^0.7.2":
  version: 0.7.2
  resolution: "iconv-lite@npm:0.7.2"
  dependencies:
    safer-buffer: "npm:>= 2.1.2 < 3.0.0"
  checksum: 10c0/3c228920f3bd307f56bf8363706a776f4a060eb042f131cd23855ceca962951b264d0997ab38a1ad340e1c5df8499ed26e1f4f0db6b2a2ad9befaff22f14b722
  languageName: node
  linkType: hard

"js-yaml@npm:^4.2.0":
  version: 4.3.0
  resolution: "js-yaml@npm:4.3.0"
  dependencies:
    argparse: "npm:^2.0.1"
  bin:
    js-yaml: bin/js-yaml.js
  checksum: 10c0/058b30473d6915ca5b4feb11e2f7d4d97242f98d00a798ed48dd90b46b7c640398afe9128c5db22c5300f8c6528fe2a174b9a93f351a70ebc28c6203938d8bff
  languageName: node
  linkType: hard

"json-with-bigint@npm:^3.5.3":
  version: 3.5.8
  resolution: "json-with-bigint@npm:3.5.8"
  checksum: 10c0/a0c4e37626d74a9a493539f9f9a94855933fa15ea2f028859a787229a42c5f11803db6f94f1ce7b1d89756c1e80a7c1f11006bac266ec7ce819b75701765ca0a
  languageName: node
  linkType: hard

"linkify-it@npm:^5.0.2":
  version: 5.0.2
  resolution: "linkify-it@npm:5.0.2"
  dependencies:
    uc.micro: "npm:^2.0.0"
  checksum: 10c0/dd70b1735a13d41a2cff0a058ac3771166038f23f6aff004dd53873cf985c64b107902fe0b544a5b3d1ff6e63249cf9c648fb3ae9f285481db48f56887adb0d6
  languageName: node
  linkType: hard

"lunr@npm:^2.3.9":
  version: 2.3.9
  resolution: "lunr@npm:2.3.9"
  checksum: 10c0/77d7dbb4fbd602aac161e2b50887d8eda28c0fa3b799159cee380fbb311f1e614219126ecbbd2c3a9c685f1720a8109b3c1ca85cc893c39b6c9cc6a62a1d8a8b
  languageName: node
  linkType: hard

"markdown-it@npm:^14.3.0":
  version: 14.3.0
  resolution: "markdown-it@npm:14.3.0"
  dependencies:
    argparse: "npm:^2.0.1"
    entities: "npm:^4.5.0"
    linkify-it: "npm:^5.0.2"
    mdurl: "npm:^2.0.0"
    punycode.js: "npm:^2.3.1"
    uc.micro: "npm:^2.1.0"
  bin:
    markdown-it: bin/markdown-it.mjs
  checksum: 10c0/b2dea908968109d6e9088ac972254bca842157d85d2e6838d0eb263cd8106e7e6a72663b138366cc98f57441d9f3f2ebfb842bf7b2f9e1c13187ebe70e0af8f9
  languageName: node
  linkType: hard

"mdurl@npm:^2.0.0":
  version: 2.0.0
  resolution: "mdurl@npm:2.0.0"
  checksum: 10c0/633db522272f75ce4788440669137c77540d74a83e9015666a9557a152c02e245b192edc20bc90ae953bbab727503994a53b236b4d9c99bdaee594d0e7dd2ce0
  languageName: node
  linkType: hard

"minimatch@npm:^10.2.5":
  version: 10.2.5
  resolution: "minimatch@npm:10.2.5"
  dependencies:
    brace-expansion: "npm:^5.0.5"
  checksum: 10c0/6bb058bd6324104b9ec2f763476a35386d05079c1f5fe4fbf1f324a25237cd4534d6813ecd71f48208f4e635c1221899bef94c3c89f7df55698fe373aaae20fd
  languageName: node
  linkType: hard

"ms@npm:^2.1.3":
  version: 2.1.3
  resolution: "ms@npm:2.1.3"
  checksum: 10c0/d924b57e7312b3b63ad21fc5b3dc0af5e78d61a1fc7cfb5457edaf26326bf62be5307cc87ffb6862ef1c2b33b0233cdb5d4f01c4c958cc0d660948b65a287a48
  languageName: node
  linkType: hard

"mute-stream@npm:^3.0.0":
  version: 3.0.0
  resolution: "mute-stream@npm:3.0.0"
  checksum: 10c0/12cdb36a101694c7a6b296632e6d93a30b74401873cf7507c88861441a090c71c77a58f213acadad03bc0c8fa186639dec99d68a14497773a8744320c136e701
  languageName: node
  linkType: hard

"obug@npm:^2.1.2":
  version: 2.1.3
  resolution: "obug@npm:2.1.3"
  checksum: 10c0/cb8187fed0a5fc8445507c950e89f3c1bd43895658c398b5803f6b7804dfa0c562975ecce1e67f3d9247d521452a5bfade9e0e951cc0326b7444272f7c24d25f
  languageName: node
  linkType: hard

"punycode.js@npm:^2.3.1":
  version: 2.3.1
  resolution: "punycode.js@npm:2.3.1"
  checksum: 10c0/1d12c1c0e06127fa5db56bd7fdf698daf9a78104456a6b67326877afc21feaa821257b171539caedd2f0524027fa38e67b13dd094159c8d70b6d26d2bea4dfdb
  languageName: node
  linkType: hard

"safer-buffer@npm:>= 2.1.2 < 3.0.0":
  version: 2.1.2
  resolution: "safer-buffer@npm:2.1.2"
  checksum: 10c0/7e3c8b2e88a1841c9671094bbaeebd94448111dd90a81a1f606f3f67708a6ec57763b3b47f06da09fc6054193e0e6709e77325415dc8422b04497a8070fa02d4
  languageName: node
  linkType: hard

"semver@npm:^7.8.2":
  version: 7.8.5
  resolution: "semver@npm:7.8.5"
  bin:
    semver: bin/semver.js
  checksum: 10c0/b1f3127a5be8125a94f37188b361c212466c292c6910adce3ec106cff5dc211ccaedc4739c11bb70fda59d6fc1f040a9bca289f4e093451521a2372e5231fe0c
  languageName: node
  linkType: hard

"signal-exit@npm:^4.1.0":
  version: 4.1.0
  resolution: "signal-exit@npm:4.1.0"
  checksum: 10c0/41602dce540e46d599edba9d9860193398d135f7ff72cab629db5171516cfae628d21e7bfccde1bbfdf11c48726bc2a6d1a8fb8701125852fbfda7cf19c6aa83
  languageName: node
  linkType: hard

"tslib@npm:^2.4.0":
  version: 2.8.1
  resolution: "tslib@npm:2.8.1"
  checksum: 10c0/9c4759110a19c53f992d9aae23aac5ced636e99887b51b9e61def52611732872ff7668757d4e4c61f19691e36f4da981cd9485e869b4a7408d689f6bf1f14e62
  languageName: node
  linkType: hard

"typanion@npm:^3.14.0, typanion@npm:^3.8.0":
  version: 3.14.0
  resolution: "typanion@npm:3.14.0"
  checksum: 10c0/8b03b19844e6955bfd906c31dc781bae6d7f1fb3ce4fe24b7501557013d4889ae5cefe671dafe98d87ead0adceb8afcb8bc16df7dc0bd2b7331bac96f3a7cae2
  languageName: node
  linkType: hard

"typedoc@npm:^0.28.20":
  version: 0.28.20
  resolution: "typedoc@npm:0.28.20"
  dependencies:
    "@gerrit0/mini-shiki": "npm:^3.23.0"
    lunr: "npm:^2.3.9"
    markdown-it: "npm:^14.3.0"
    minimatch: "npm:^10.2.5"
    yaml: "npm:^2.9.0"
  peerDependencies:
    typescript: 5.0.x || 5.1.x || 5.2.x || 5.3.x || 5.4.x || 5.5.x || 5.6.x || 5.7.x || 5.8.x || 5.9.x || 6.0.x
  bin:
    typedoc: bin/typedoc
  checksum: 10c0/4949c92da174145f903deeb887dd0c91349a1bbc1e1288f6d36270a3107a0c862fe5159d0454a88b77edfdf88812a08ae77d969cf1dc1124eaff0848f066f223
  languageName: node
  linkType: hard

"typescript@npm:~5.8.3":
  version: 5.8.3
  resolution: "typescript@npm:5.8.3"
  bin:
    tsc: bin/tsc
    tsserver: bin/tsserver
  checksum: 10c0/5f8bb01196e542e64d44db3d16ee0e4063ce4f3e3966df6005f2588e86d91c03e1fb131c2581baf0fb65ee79669eea6e161cd448178986587e9f6844446dbb48
  languageName: node
  linkType: hard

"typescript@patch:typescript@npm%3A~5.8.3#optional!builtin<compat/typescript>":
  version: 5.8.3
  resolution: "typescript@patch:typescript@npm%3A5.8.3#optional!builtin<compat/typescript>::version=5.8.3&hash=74658d"
  bin:
    tsc: bin/tsc
    tsserver: bin/tsserver
  checksum: 10c0/92ea03509e06598948559ddcdd8a4ae5a7ab475766d5589f1b796f5731b3d631a4c7ddfb86a3bd44d58d10102b132cd4b4994dda9b63e6273c66d77d6a271dbd
  languageName: node
  linkType: hard

"uc.micro@npm:^2.0.0, uc.micro@npm:^2.1.0":
  version: 2.1.0
  resolution: "uc.micro@npm:2.1.0"
  checksum: 10c0/8862eddb412dda76f15db8ad1c640ccc2f47cdf8252a4a30be908d535602c8d33f9855dfcccb8b8837855c1ce1eaa563f7fa7ebe3c98fd0794351aab9b9c55fa
  languageName: node
  linkType: hard

"universal-user-agent@npm:^7.0.0, universal-user-agent@npm:^7.0.2":
  version: 7.0.3
  resolution: "universal-user-agent@npm:7.0.3"
  checksum: 10c0/6043be466a9bb96c0ce82392842d9fddf4c37e296f7bacc2cb25f47123990eb436c82df824644f9c5070a94dbdb117be17f66d54599ab143648ec57ef93dbcc8
  languageName: node
  linkType: hard

"yaml@npm:^2.9.0":
  version: 2.9.0
  resolution: "yaml@npm:2.9.0"
  bin:
    yaml: bin.mjs
  checksum: 10c0/f340718df45e97a9551b9bf9dac61c80050bc464513b710debfb5067c380c8472e3b67809cffacb4ab5ffb5e66ef9310816c88b05f371cec60abfedd8c88e0a2
  languageName: node
  linkType: hard
